
Microsoft Visual Studio Solution File, Format Version 12.00
# Visual Studio 15
VisualStudioVersion = 15.0.27130.2024
MinimumVisualStudioVersion = 10.0.40219.1
Project("{FAE04EC0-301F-11D3-BF4B-00C04F79EFBC}") = "SVG.Forms.Plugin.Abstractions", "SVG\SVG.Forms.Plugin.Abstractions\SVG.Forms.Plugin.Abstractions.csproj", "{14C534B6-1984-41A9-A384-D3A5508588E3}"
EndProject
Project("{FAE04EC0-301F-11D3-BF4B-00C04F79EFBC}") = "SVG.Forms.Plugin.iOS", "SVG\SVG.Forms.Plugin.iOS\SVG.Forms.Plugin.iOS.csproj", "{D525F236-6A2D-4010-B1CC-4A4B8581C90B}"
EndProject
Project("{FAE04EC0-301F-11D3-BF4B-00C04F79EFBC}") = "SVG.Forms.Plugin.Android", "SVG\SVG.Forms.Plugin.Android\SVG.Forms.Plugin.Android.csproj", "{AD2D2DB4-E781-4CF1-9B62-3AAD264F196D}"
EndProject
Project("{2150E333-8FDC-42A3-9474-1A3956D46DE8}") = "SampleApps", "SampleApps", "{69D62C9F-0FC1-47BA-80B1-92628ECD3622}"
EndProject
Project("{FAE04EC0-301F-11D3-BF4B-00C04F79EFBC}") = "SampleApp", "SampleApp\SampleApp\SampleApp.csproj", "{EBD9C7E2-C5C5-47E3-A7F0-6A6BC41FCC12}"
EndProject
Project("{FAE04EC0-301F-11D3-BF4B-00C04F79EFBC}") = "SampleApp.iOS", "SampleApp\SampleApp.iOS\SampleApp.iOS.csproj", "{63BFB494-492C-42D1-A66C-68FAED7EB5C6}"
EndProject
Project("{FAE04EC0-301F-11D3-BF4B-00C04F79EFBC}") = "SampleApp.Droid", "SampleApp\SampleApp.Droid\SampleApp.Droid.csproj", "{937453F4-4FEC-45C9-8964-38971D0F3726}"
EndProject
Project("{FAE04EC0-301F-11D3-BF4B-00C04F79EFBC}") = "SampleApp.Uwp", "SampleApp\SampleApp.Uwp\SampleApp.Uwp.csproj", "{D449F804-69BD-43D1-A324-22C080095D2F}"
EndProject
Project("{FAE04EC0-301F-11D3-BF4B-00C04F79EFBC}") = "SVG.Forms.Plugin.Uwp", "SVG\SVG.Forms.Plugin.Uwp\SVG.Forms.Plugin.Uwp.csproj", "{5CB46451-348C-4DBE-8BB6-ED13D31473BE}"
EndProject
Global
	GlobalSection(SolutionConfigurationPlatforms) = preSolution
		Ad-Hoc|Android = Ad-Hoc|Android
		Ad-Hoc|Any CPU = Ad-Hoc|Any CPU
		Ad-Hoc|ARM = Ad-Hoc|ARM
		Ad-Hoc|iPhone = Ad-Hoc|iPhone
		Ad-Hoc|iPhoneSimulator = Ad-Hoc|iPhoneSimulator
		Ad-Hoc|Nuget = Ad-Hoc|Nuget
		Ad-Hoc|WinPhone = Ad-Hoc|WinPhone
		Ad-Hoc|x64 = Ad-Hoc|x64
		Ad-Hoc|x86 = Ad-Hoc|x86
		AppStore|Android = AppStore|Android
		AppStore|Any CPU = AppStore|Any CPU
		AppStore|ARM = AppStore|ARM
		AppStore|iPhone = AppStore|iPhone
		AppStore|iPhoneSimulator = AppStore|iPhoneSimulator
		AppStore|Nuget = AppStore|Nuget
		AppStore|WinPhone = AppStore|WinPhone
		AppStore|x64 = AppStore|x64
		AppStore|x86 = AppStore|x86
		Debug|Android = Debug|Android
		Debug|Any CPU = Debug|Any CPU
		Debug|ARM = Debug|ARM
		Debug|iPhone = Debug|iPhone
		Debug|iPhoneSimulator = Debug|iPhoneSimulator
		Debug|Nuget = Debug|Nuget
		Debug|WinPhone = Debug|WinPhone
		Debug|x64 = Debug|x64
		Debug|x86 = Debug|x86
		Release|Android = Release|Android
		Release|Any CPU = Release|Any CPU
		Release|ARM = Release|ARM
		Release|iPhone = Release|iPhone
		Release|iPhoneSimulator = Release|iPhoneSimulator
		Release|Nuget = Release|Nuget
		Release|WinPhone = Release|WinPhone
		Release|x64 = Release|x64
		Release|x86 = Release|x86
	EndGlobalSection
	GlobalSection(ProjectConfigurationPlatforms) = postSolution
		{14C534B6-1984-41A9-A384-D3A5508588E3}.Ad-Hoc|Android.ActiveCfg = Release|Any CPU
		{14C534B6-1984-41A9-A384-D3A5508588E3}.Ad-Hoc|Android.Build.0 = Release|Any CPU
		{14C534B6-1984-41A9-A384-D3A5508588E3}.Ad-Hoc|Any CPU.ActiveCfg = Debug|Any CPU
		{14C534B6-1984-41A9-A384-D3A5508588E3}.Ad-Hoc|Any CPU.Build.0 = Debug|Any CPU
		{14C534B6-1984-41A9-A384-D3A5508588E3}.Ad-Hoc|ARM.ActiveCfg = Debug|Any CPU
		{14C534B6-1984-41A9-A384-D3A5508588E3}.Ad-Hoc|ARM.Build.0 = Debug|Any CPU
		{14C534B6-1984-41A9-A384-D3A5508588E3}.Ad-Hoc|iPhone.ActiveCfg = Release|Any CPU
		{14C534B6-1984-41A9-A384-D3A5508588E3}.Ad-Hoc|iPhone.Build.0 = Release|Any CPU
		{14C534B6-1984-41A9-A384-D3A5508588E3}.Ad-Hoc|iPhoneSimulator.ActiveCfg = Release|Any CPU
		{14C534B6-1984-41A9-A384-D3A5508588E3}.Ad-Hoc|iPhoneSimulator.Build.0 = Release|Any CPU
		{14C534B6-1984-41A9-A384-D3A5508588E3}.Ad-Hoc|Nuget.ActiveCfg = Release|Any CPU
		{14C534B6-1984-41A9-A384-D3A5508588E3}.Ad-Hoc|Nuget.Build.0 = Release|Any CPU
		{14C534B6-1984-41A9-A384-D3A5508588E3}.Ad-Hoc|WinPhone.ActiveCfg = Release|Any CPU
		{14C534B6-1984-41A9-A384-D3A5508588E3}.Ad-Hoc|WinPhone.Build.0 = Release|Any CPU
		{14C534B6-1984-41A9-A384-D3A5508588E3}.Ad-Hoc|x64.ActiveCfg = Debug|Any CPU
		{14C534B6-1984-41A9-A384-D3A5508588E3}.Ad-Hoc|x64.Build.0 = Debug|Any CPU
		{14C534B6-1984-41A9-A384-D3A5508588E3}.Ad-Hoc|x86.ActiveCfg = Debug|Any CPU
		{14C534B6-1984-41A9-A384-D3A5508588E3}.Ad-Hoc|x86.Build.0 = Debug|Any CPU
		{14C534B6-1984-41A9-A384-D3A5508588E3}.AppStore|Android.ActiveCfg = Release|Any CPU
		{14C534B6-1984-41A9-A384-D3A5508588E3}.AppStore|Android.Build.0 = Release|Any CPU
		{14C534B6-1984-41A9-A384-D3A5508588E3}.AppStore|Any CPU.ActiveCfg = Debug|Any CPU
		{14C534B6-1984-41A9-A384-D3A5508588E3}.AppStore|Any CPU.Build.0 = Debug|Any CPU
		{14C534B6-1984-41A9-A384-D3A5508588E3}.AppStore|ARM.ActiveCfg = Debug|Any CPU
		{14C534B6-1984-41A9-A384-D3A5508588E3}.AppStore|ARM.Build.0 = Debug|Any CPU
		{14C534B6-1984-41A9-A384-D3A5508588E3}.AppStore|iPhone.ActiveCfg = Release|Any CPU
		{14C534B6-1984-41A9-A384-D3A5508588E3}.AppStore|iPhone.Build.0 = Release|Any CPU
		{14C534B6-1984-41A9-A384-D3A5508588E3}.AppStore|iPhoneSimulator.ActiveCfg = Release|Any CPU
		{14C534B6-1984-41A9-A384-D3A5508588E3}.AppStore|iPhoneSimulator.Build.0 = Release|Any CPU
		{14C534B6-1984-41A9-A384-D3A5508588E3}.AppStore|Nuget.ActiveCfg = Release|Any CPU
		{14C534B6-1984-41A9-A384-D3A5508588E3}.AppStore|Nuget.Build.0 = Release|Any CPU
		{14C534B6-1984-41A9-A384-D3A5508588E3}.AppStore|WinPhone.ActiveCfg = Release|Any CPU
		{14C534B6-1984-41A9-A384-D3A5508588E3}.AppStore|WinPhone.Build.0 = Release|Any CPU
		{14C534B6-1984-41A9-A384-D3A5508588E3}.AppStore|x64.ActiveCfg = Debug|Any CPU
		{14C534B6-1984-41A9-A384-D3A5508588E3}.AppStore|x64.Build.0 = Debug|Any CPU
		{14C534B6-1984-41A9-A384-D3A5508588E3}.AppStore|x86.ActiveCfg = Debug|Any CPU
		{14C534B6-1984-41A9-A384-D3A5508588E3}.AppStore|x86.Build.0 = Debug|Any CPU
		{14C534B6-1984-41A9-A384-D3A5508588E3}.Debug|Android.ActiveCfg = Debug|Any CPU
		{14C534B6-1984-41A9-A384-D3A5508588E3}.Debug|Android.Build.0 = Debug|Any CPU
		{14C534B6-1984-41A9-A384-D3A5508588E3}.Debug|Any CPU.ActiveCfg = Debug|Any CPU
		{14C534B6-1984-41A9-A384-D3A5508588E3}.Debug|Any CPU.Build.0 = Debug|Any CPU
		{14C534B6-1984-41A9-A384-D3A5508588E3}.Debug|ARM.ActiveCfg = Debug|Any CPU
		{14C534B6-1984-41A9-A384-D3A5508588E3}.Debug|ARM.Build.0 = Debug|Any CPU
		{14C534B6-1984-41A9-A384-D3A5508588E3}.Debug|iPhone.ActiveCfg = Debug|Any CPU
		{14C534B6-1984-41A9-A384-D3A5508588E3}.Debug|iPhone.Build.0 = Debug|Any CPU
		{14C534B6-1984-41A9-A384-D3A5508588E3}.Debug|iPhoneSimulator.ActiveCfg = Debug|Any CPU
		{14C534B6-1984-41A9-A384-D3A5508588E3}.Debug|iPhoneSimulator.Build.0 = Debug|Any CPU
		{14C534B6-1984-41A9-A384-D3A5508588E3}.Debug|Nuget.ActiveCfg = Debug|Any CPU
		{14C534B6-1984-41A9-A384-D3A5508588E3}.Debug|Nuget.Build.0 = Debug|Any CPU
		{14C534B6-1984-41A9-A384-D3A5508588E3}.Debug|WinPhone.ActiveCfg = Debug|Any CPU
		{14C534B6-1984-41A9-A384-D3A5508588E3}.Debug|WinPhone.Build.0 = Debug|Any CPU
		{14C534B6-1984-41A9-A384-D3A5508588E3}.Debug|x64.ActiveCfg = Debug|Any CPU
		{14C534B6-1984-41A9-A384-D3A5508588E3}.Debug|x64.Build.0 = Debug|Any CPU
		{14C534B6-1984-41A9-A384-D3A5508588E3}.Debug|x86.ActiveCfg = Debug|Any CPU
		{14C534B6-1984-41A9-A384-D3A5508588E3}.Debug|x86.Build.0 = Debug|Any CPU
		{14C534B6-1984-41A9-A384-D3A5508588E3}.Release|Android.ActiveCfg = Release|Any CPU
		{14C534B6-1984-41A9-A384-D3A5508588E3}.Release|Android.Build.0 = Release|Any CPU
		{14C534B6-1984-41A9-A384-D3A5508588E3}.Release|Any CPU.ActiveCfg = Release|Any CPU
		{14C534B6-1984-41A9-A384-D3A5508588E3}.Release|Any CPU.Build.0 = Release|Any CPU
		{14C534B6-1984-41A9-A384-D3A5508588E3}.Release|ARM.ActiveCfg = Release|Any CPU
		{14C534B6-1984-41A9-A384-D3A5508588E3}.Release|ARM.Build.0 = Release|Any CPU
		{14C534B6-1984-41A9-A384-D3A5508588E3}.Release|iPhone.ActiveCfg = Release|Any CPU
		{14C534B6-1984-41A9-A384-D3A5508588E3}.Release|iPhone.Build.0 = Release|Any CPU
		{14C534B6-1984-41A9-A384-D3A5508588E3}.Release|iPhoneSimulator.ActiveCfg = Release|Any CPU
		{14C534B6-1984-41A9-A384-D3A5508588E3}.Release|iPhoneSimulator.Build.0 = Release|Any CPU
		{14C534B6-1984-41A9-A384-D3A5508588E3}.Release|Nuget.ActiveCfg = Release|Any CPU
		{14C534B6-1984-41A9-A384-D3A5508588E3}.Release|Nuget.Build.0 = Release|Any CPU
		{14C534B6-1984-41A9-A384-D3A5508588E3}.Release|WinPhone.ActiveCfg = Release|Any CPU
		{14C534B6-1984-41A9-A384-D3A5508588E3}.Release|WinPhone.Build.0 = Release|Any CPU
		{14C534B6-1984-41A9-A384-D3A5508588E3}.Release|x64.ActiveCfg = Release|Any CPU
		{14C534B6-1984-41A9-A384-D3A5508588E3}.Release|x64.Build.0 = Release|Any CPU
		{14C534B6-1984-41A9-A384-D3A5508588E3}.Release|x86.ActiveCfg = Release|Any CPU
		{14C534B6-1984-41A9-A384-D3A5508588E3}.Release|x86.Build.0 = Release|Any CPU
		{D525F236-6A2D-4010-B1CC-4A4B8581C90B}.Ad-Hoc|Android.ActiveCfg = Release|Any CPU
		{D525F236-6A2D-4010-B1CC-4A4B8581C90B}.Ad-Hoc|Android.Build.0 = Release|Any CPU
		{D525F236-6A2D-4010-B1CC-4A4B8581C90B}.Ad-Hoc|Any CPU.ActiveCfg = Debug|Any CPU
		{D525F236-6A2D-4010-B1CC-4A4B8581C90B}.Ad-Hoc|Any CPU.Build.0 = Debug|Any CPU
		{D525F236-6A2D-4010-B1CC-4A4B8581C90B}.Ad-Hoc|ARM.ActiveCfg = Debug|Any CPU
		{D525F236-6A2D-4010-B1CC-4A4B8581C90B}.Ad-Hoc|ARM.Build.0 = Debug|Any CPU
		{D525F236-6A2D-4010-B1CC-4A4B8581C90B}.Ad-Hoc|iPhone.ActiveCfg = Release|Any CPU
		{D525F236-6A2D-4010-B1CC-4A4B8581C90B}.Ad-Hoc|iPhone.Build.0 = Release|Any CPU
		{D525F236-6A2D-4010-B1CC-4A4B8581C90B}.Ad-Hoc|iPhoneSimulator.ActiveCfg = Release|Any CPU
		{D525F236-6A2D-4010-B1CC-4A4B8581C90B}.Ad-Hoc|iPhoneSimulator.Build.0 = Release|Any CPU
		{D525F236-6A2D-4010-B1CC-4A4B8581C90B}.Ad-Hoc|Nuget.ActiveCfg = Release|Any CPU
		{D525F236-6A2D-4010-B1CC-4A4B8581C90B}.Ad-Hoc|Nuget.Build.0 = Release|Any CPU
		{D525F236-6A2D-4010-B1CC-4A4B8581C90B}.Ad-Hoc|WinPhone.ActiveCfg = Release|Any CPU
		{D525F236-6A2D-4010-B1CC-4A4B8581C90B}.Ad-Hoc|x64.ActiveCfg = Debug|Any CPU
		{D525F236-6A2D-4010-B1CC-4A4B8581C90B}.Ad-Hoc|x64.Build.0 = Debug|Any CPU
		{D525F236-6A2D-4010-B1CC-4A4B8581C90B}.Ad-Hoc|x86.ActiveCfg = Debug|Any CPU
		{D525F236-6A2D-4010-B1CC-4A4B8581C90B}.Ad-Hoc|x86.Build.0 = Debug|Any CPU
		{D525F236-6A2D-4010-B1CC-4A4B8581C90B}.AppStore|Android.ActiveCfg = Release|Any CPU
		{D525F236-6A2D-4010-B1CC-4A4B8581C90B}.AppStore|Android.Build.0 = Release|Any CPU
		{D525F236-6A2D-4010-B1CC-4A4B8581C90B}.AppStore|Any CPU.ActiveCfg = Debug|Any CPU
		{D525F236-6A2D-4010-B1CC-4A4B8581C90B}.AppStore|Any CPU.Build.0 = Debug|Any CPU
		{D525F236-6A2D-4010-B1CC-4A4B8581C90B}.AppStore|ARM.ActiveCfg = Debug|Any CPU
		{D525F236-6A2D-4010-B1CC-4A4B8581C90B}.AppStore|ARM.Build.0 = Debug|Any CPU
		{D525F236-6A2D-4010-B1CC-4A4B8581C90B}.AppStore|iPhone.ActiveCfg = Release|Any CPU
		{D525F236-6A2D-4010-B1CC-4A4B8581C90B}.AppStore|iPhone.Build.0 = Release|Any CPU
		{D525F236-6A2D-4010-B1CC-4A4B8581C90B}.AppStore|iPhoneSimulator.ActiveCfg = Release|Any CPU
		{D525F236-6A2D-4010-B1CC-4A4B8581C90B}.AppStore|iPhoneSimulator.Build.0 = Release|Any CPU
		{D525F236-6A2D-4010-B1CC-4A4B8581C90B}.AppStore|Nuget.ActiveCfg = Release|Any CPU
		{D525F236-6A2D-4010-B1CC-4A4B8581C90B}.AppStore|Nuget.Build.0 = Release|Any CPU
		{D525F236-6A2D-4010-B1CC-4A4B8581C90B}.AppStore|WinPhone.ActiveCfg = Release|Any CPU
		{D525F236-6A2D-4010-B1CC-4A4B8581C90B}.AppStore|WinPhone.Build.0 = Release|Any CPU
		{D525F236-6A2D-4010-B1CC-4A4B8581C90B}.AppStore|x64.ActiveCfg = Debug|Any CPU
		{D525F236-6A2D-4010-B1CC-4A4B8581C90B}.AppStore|x64.Build.0 = Debug|Any CPU
		{D525F236-6A2D-4010-B1CC-4A4B8581C90B}.AppStore|x86.ActiveCfg = Debug|Any CPU
		{D525F236-6A2D-4010-B1CC-4A4B8581C90B}.AppStore|x86.Build.0 = Debug|Any CPU
		{D525F236-6A2D-4010-B1CC-4A4B8581C90B}.Debug|Android.ActiveCfg = Debug|Any CPU
		{D525F236-6A2D-4010-B1CC-4A4B8581C90B}.Debug|Any CPU.ActiveCfg = Debug|Any CPU
		{D525F236-6A2D-4010-B1CC-4A4B8581C90B}.Debug|Any CPU.Build.0 = Debug|Any CPU
		{D525F236-6A2D-4010-B1CC-4A4B8581C90B}.Debug|ARM.ActiveCfg = Debug|Any CPU
		{D525F236-6A2D-4010-B1CC-4A4B8581C90B}.Debug|ARM.Build.0 = Debug|Any CPU
		{D525F236-6A2D-4010-B1CC-4A4B8581C90B}.Debug|iPhone.ActiveCfg = Debug|Any CPU
		{D525F236-6A2D-4010-B1CC-4A4B8581C90B}.Debug|iPhone.Build.0 = Debug|Any CPU
		{D525F236-6A2D-4010-B1CC-4A4B8581C90B}.Debug|iPhoneSimulator.ActiveCfg = Debug|Any CPU
		{D525F236-6A2D-4010-B1CC-4A4B8581C90B}.Debug|iPhoneSimulator.Build.0 = Debug|Any CPU
		{D525F236-6A2D-4010-B1CC-4A4B8581C90B}.Debug|Nuget.ActiveCfg = Debug|Any CPU
		{D525F236-6A2D-4010-B1CC-4A4B8581C90B}.Debug|Nuget.Build.0 = Debug|Any CPU
		{D525F236-6A2D-4010-B1CC-4A4B8581C90B}.Debug|WinPhone.ActiveCfg = Debug|Any CPU
		{D525F236-6A2D-4010-B1CC-4A4B8581C90B}.Debug|x64.ActiveCfg = Debug|Any CPU
		{D525F236-6A2D-4010-B1CC-4A4B8581C90B}.Debug|x64.Build.0 = Debug|Any CPU
		{D525F236-6A2D-4010-B1CC-4A4B8581C90B}.Debug|x86.ActiveCfg = Debug|Any CPU
		{D525F236-6A2D-4010-B1CC-4A4B8581C90B}.Debug|x86.Build.0 = Debug|Any CPU
		{D525F236-6A2D-4010-B1CC-4A4B8581C90B}.Release|Android.ActiveCfg = Release|Any CPU
		{D525F236-6A2D-4010-B1CC-4A4B8581C90B}.Release|Android.Build.0 = Release|Any CPU
		{D525F236-6A2D-4010-B1CC-4A4B8581C90B}.Release|Any CPU.ActiveCfg = Release|Any CPU
		{D525F236-6A2D-4010-B1CC-4A4B8581C90B}.Release|Any CPU.Build.0 = Release|Any CPU
		{D525F236-6A2D-4010-B1CC-4A4B8581C90B}.Release|ARM.ActiveCfg = Release|Any CPU
		{D525F236-6A2D-4010-B1CC-4A4B8581C90B}.Release|ARM.Build.0 = Release|Any CPU
		{D525F236-6A2D-4010-B1CC-4A4B8581C90B}.Release|iPhone.ActiveCfg = Release|Any CPU
		{D525F236-6A2D-4010-B1CC-4A4B8581C90B}.Release|iPhone.Build.0 = Release|Any CPU
		{D525F236-6A2D-4010-B1CC-4A4B8581C90B}.Release|iPhoneSimulator.ActiveCfg = Release|Any CPU
		{D525F236-6A2D-4010-B1CC-4A4B8581C90B}.Release|iPhoneSimulator.Build.0 = Release|Any CPU
		{D525F236-6A2D-4010-B1CC-4A4B8581C90B}.Release|Nuget.ActiveCfg = Release|Any CPU
		{D525F236-6A2D-4010-B1CC-4A4B8581C90B}.Release|Nuget.Build.0 = Release|Any CPU
		{D525F236-6A2D-4010-B1CC-4A4B8581C90B}.Release|WinPhone.ActiveCfg = Release|Any CPU
		{D525F236-6A2D-4010-B1CC-4A4B8581C90B}.Release|x64.ActiveCfg = Release|Any CPU
		{D525F236-6A2D-4010-B1CC-4A4B8581C90B}.Release|x64.Build.0 = Release|Any CPU
		{D525F236-6A2D-4010-B1CC-4A4B8581C90B}.Release|x86.ActiveCfg = Release|Any CPU
		{D525F236-6A2D-4010-B1CC-4A4B8581C90B}.Release|x86.Build.0 = Release|Any CPU
		{AD2D2DB4-E781-4CF1-9B62-3AAD264F196D}.Ad-Hoc|Android.ActiveCfg = Release|Any CPU
		{AD2D2DB4-E781-4CF1-9B62-3AAD264F196D}.Ad-Hoc|Android.Build.0 = Release|Any CPU
		{AD2D2DB4-E781-4CF1-9B62-3AAD264F196D}.Ad-Hoc|Any CPU.ActiveCfg = Debug|Any CPU
		{AD2D2DB4-E781-4CF1-9B62-3AAD264F196D}.Ad-Hoc|Any CPU.Build.0 = Debug|Any CPU
		{AD2D2DB4-E781-4CF1-9B62-3AAD264F196D}.Ad-Hoc|ARM.ActiveCfg = Debug|Any CPU
		{AD2D2DB4-E781-4CF1-9B62-3AAD264F196D}.Ad-Hoc|ARM.Build.0 = Debug|Any CPU
		{AD2D2DB4-E781-4CF1-9B62-3AAD264F196D}.Ad-Hoc|iPhone.ActiveCfg = Release|Any CPU
		{AD2D2DB4-E781-4CF1-9B62-3AAD264F196D}.Ad-Hoc|iPhone.Build.0 = Release|Any CPU
		{AD2D2DB4-E781-4CF1-9B62-3AAD264F196D}.Ad-Hoc|iPhoneSimulator.ActiveCfg = Release|Any CPU
		{AD2D2DB4-E781-4CF1-9B62-3AAD264F196D}.Ad-Hoc|iPhoneSimulator.Build.0 = Release|Any CPU
		{AD2D2DB4-E781-4CF1-9B62-3AAD264F196D}.Ad-Hoc|Nuget.ActiveCfg = Release|Any CPU
		{AD2D2DB4-E781-4CF1-9B62-3AAD264F196D}.Ad-Hoc|Nuget.Build.0 = Release|Any CPU
		{AD2D2DB4-E781-4CF1-9B62-3AAD264F196D}.Ad-Hoc|WinPhone.ActiveCfg = Release|Any CPU
		{AD2D2DB4-E781-4CF1-9B62-3AAD264F196D}.Ad-Hoc|x64.ActiveCfg = Debug|Any CPU
		{AD2D2DB4-E781-4CF1-9B62-3AAD264F196D}.Ad-Hoc|x64.Build.0 = Debug|Any CPU
		{AD2D2DB4-E781-4CF1-9B62-3AAD264F196D}.Ad-Hoc|x86.ActiveCfg = Debug|Any CPU
		{AD2D2DB4-E781-4CF1-9B62-3AAD264F196D}.Ad-Hoc|x86.Build.0 = Debug|Any CPU
		{AD2D2DB4-E781-4CF1-9B62-3AAD264F196D}.AppStore|Android.ActiveCfg = Release|Any CPU
		{AD2D2DB4-E781-4CF1-9B62-3AAD264F196D}.AppStore|Android.Build.0 = Release|Any CPU
		{AD2D2DB4-E781-4CF1-9B62-3AAD264F196D}.AppStore|Any CPU.ActiveCfg = Debug|Any CPU
		{AD2D2DB4-E781-4CF1-9B62-3AAD264F196D}.AppStore|Any CPU.Build.0 = Debug|Any CPU
		{AD2D2DB4-E781-4CF1-9B62-3AAD264F196D}.AppStore|ARM.ActiveCfg = Debug|Any CPU
		{AD2D2DB4-E781-4CF1-9B62-3AAD264F196D}.AppStore|ARM.Build.0 = Debug|Any CPU
		{AD2D2DB4-E781-4CF1-9B62-3AAD264F196D}.AppStore|iPhone.ActiveCfg = Release|Any CPU
		{AD2D2DB4-E781-4CF1-9B62-3AAD264F196D}.AppStore|iPhone.Build.0 = Release|Any CPU
		{AD2D2DB4-E781-4CF1-9B62-3AAD264F196D}.AppStore|iPhoneSimulator.ActiveCfg = Release|Any CPU
		{AD2D2DB4-E781-4CF1-9B62-3AAD264F196D}.AppStore|iPhoneSimulator.Build.0 = Release|Any CPU
		{AD2D2DB4-E781-4CF1-9B62-3AAD264F196D}.AppStore|Nuget.ActiveCfg = Release|Any CPU
		{AD2D2DB4-E781-4CF1-9B62-3AAD264F196D}.AppStore|Nuget.Build.0 = Release|Any CPU
		{AD2D2DB4-E781-4CF1-9B62-3AAD264F196D}.AppStore|WinPhone.ActiveCfg = Release|Any CPU
		{AD2D2DB4-E781-4CF1-9B62-3AAD264F196D}.AppStore|WinPhone.Build.0 = Release|Any CPU
		{AD2D2DB4-E781-4CF1-9B62-3AAD264F196D}.AppStore|x64.ActiveCfg = Debug|Any CPU
		{AD2D2DB4-E781-4CF1-9B62-3AAD264F196D}.AppStore|x64.Build.0 = Debug|Any CPU
		{AD2D2DB4-E781-4CF1-9B62-3AAD264F196D}.AppStore|x86.ActiveCfg = Debug|Any CPU
		{AD2D2DB4-E781-4CF1-9B62-3AAD264F196D}.AppStore|x86.Build.0 = Debug|Any CPU
		{AD2D2DB4-E781-4CF1-9B62-3AAD264F196D}.Debug|Android.ActiveCfg = Debug|Any CPU
		{AD2D2DB4-E781-4CF1-9B62-3AAD264F196D}.Debug|Android.Build.0 = Debug|Any CPU
		{AD2D2DB4-E781-4CF1-9B62-3AAD264F196D}.Debug|Any CPU.ActiveCfg = Debug|Any CPU
		{AD2D2DB4-E781-4CF1-9B62-3AAD264F196D}.Debug|Any CPU.Build.0 = Debug|Any CPU
		{AD2D2DB4-E781-4CF1-9B62-3AAD264F196D}.Debug|ARM.ActiveCfg = Debug|Any CPU
		{AD2D2DB4-E781-4CF1-9B62-3AAD264F196D}.Debug|ARM.Build.0 = Debug|Any CPU
		{AD2D2DB4-E781-4CF1-9B62-3AAD264F196D}.Debug|iPhone.ActiveCfg = Debug|Any CPU
		{AD2D2DB4-E781-4CF1-9B62-3AAD264F196D}.Debug|iPhoneSimulator.ActiveCfg = Debug|Any CPU
		{AD2D2DB4-E781-4CF1-9B62-3AAD264F196D}.Debug|Nuget.ActiveCfg = Debug|Any CPU
		{AD2D2DB4-E781-4CF1-9B62-3AAD264F196D}.Debug|Nuget.Build.0 = Debug|Any CPU
		{AD2D2DB4-E781-4CF1-9B62-3AAD264F196D}.Debug|WinPhone.ActiveCfg = Debug|Any CPU
		{AD2D2DB4-E781-4CF1-9B62-3AAD264F196D}.Debug|x64.ActiveCfg = Debug|Any CPU
		{AD2D2DB4-E781-4CF1-9B62-3AAD264F196D}.Debug|x64.Build.0 = Debug|Any CPU
		{AD2D2DB4-E781-4CF1-9B62-3AAD264F196D}.Debug|x86.ActiveCfg = Debug|Any CPU
		{AD2D2DB4-E781-4CF1-9B62-3AAD264F196D}.Debug|x86.Build.0 = Debug|Any CPU
		{AD2D2DB4-E781-4CF1-9B62-3AAD264F196D}.Release|Android.ActiveCfg = Release|Any CPU
		{AD2D2DB4-E781-4CF1-9B62-3AAD264F196D}.Release|Android.Build.0 = Release|Any CPU
		{AD2D2DB4-E781-4CF1-9B62-3AAD264F196D}.Release|Any CPU.ActiveCfg = Release|Any CPU
		{AD2D2DB4-E781-4CF1-9B62-3AAD264F196D}.Release|Any CPU.Build.0 = Release|Any CPU
		{AD2D2DB4-E781-4CF1-9B62-3AAD264F196D}.Release|ARM.ActiveCfg = Release|Any CPU
		{AD2D2DB4-E781-4CF1-9B62-3AAD264F196D}.Release|ARM.Build.0 = Release|Any CPU
		{AD2D2DB4-E781-4CF1-9B62-3AAD264F196D}.Release|iPhone.ActiveCfg = Release|Any CPU
		{AD2D2DB4-E781-4CF1-9B62-3AAD264F196D}.Release|iPhone.Build.0 = Release|Any CPU
		{AD2D2DB4-E781-4CF1-9B62-3AAD264F196D}.Release|iPhoneSimulator.ActiveCfg = Release|Any CPU
		{AD2D2DB4-E781-4CF1-9B62-3AAD264F196D}.Release|iPhoneSimulator.Build.0 = Release|Any CPU
		{AD2D2DB4-E781-4CF1-9B62-3AAD264F196D}.Release|Nuget.ActiveCfg = Release|Any CPU
		{AD2D2DB4-E781-4CF1-9B62-3AAD264F196D}.Release|Nuget.Build.0 = Release|Any CPU
		{AD2D2DB4-E781-4CF1-9B62-3AAD264F196D}.Release|WinPhone.ActiveCfg = Release|Any CPU
		{AD2D2DB4-E781-4CF1-9B62-3AAD264F196D}.Release|x64.ActiveCfg = Release|Any CPU
		{AD2D2DB4-E781-4CF1-9B62-3AAD264F196D}.Release|x64.Build.0 = Release|Any CPU
		{AD2D2DB4-E781-4CF1-9B62-3AAD264F196D}.Release|x86.ActiveCfg = Release|Any CPU
		{AD2D2DB4-E781-4CF1-9B62-3AAD264F196D}.Release|x86.Build.0 = Release|Any CPU
		{EBD9C7E2-C5C5-47E3-A7F0-6A6BC41FCC12}.Ad-Hoc|Android.ActiveCfg = Release|Any CPU
		{EBD9C7E2-C5C5-47E3-A7F0-6A6BC41FCC12}.Ad-Hoc|Android.Build.0 = Release|Any CPU
		{EBD9C7E2-C5C5-47E3-A7F0-6A6BC41FCC12}.Ad-Hoc|Any CPU.ActiveCfg = Debug|Any CPU
		{EBD9C7E2-C5C5-47E3-A7F0-6A6BC41FCC12}.Ad-Hoc|Any CPU.Build.0 = Debug|Any CPU
		{EBD9C7E2-C5C5-47E3-A7F0-6A6BC41FCC12}.Ad-Hoc|ARM.ActiveCfg = Debug|Any CPU
		{EBD9C7E2-C5C5-47E3-A7F0-6A6BC41FCC12}.Ad-Hoc|ARM.Build.0 = Debug|Any CPU
		{EBD9C7E2-C5C5-47E3-A7F0-6A6BC41FCC12}.Ad-Hoc|iPhone.ActiveCfg = Release|Any CPU
		{EBD9C7E2-C5C5-47E3-A7F0-6A6BC41FCC12}.Ad-Hoc|iPhone.Build.0 = Release|Any CPU
		{EBD9C7E2-C5C5-47E3-A7F0-6A6BC41FCC12}.Ad-Hoc|iPhoneSimulator.ActiveCfg = Release|Any CPU
		{EBD9C7E2-C5C5-47E3-A7F0-6A6BC41FCC12}.Ad-Hoc|iPhoneSimulator.Build.0 = Release|Any CPU
		{EBD9C7E2-C5C5-47E3-A7F0-6A6BC41FCC12}.Ad-Hoc|Nuget.ActiveCfg = Release|Any CPU
		{EBD9C7E2-C5C5-47E3-A7F0-6A6BC41FCC12}.Ad-Hoc|Nuget.Build.0 = Release|Any CPU
		{EBD9C7E2-C5C5-47E3-A7F0-6A6BC41FCC12}.Ad-Hoc|WinPhone.ActiveCfg = Release|Any CPU
		{EBD9C7E2-C5C5-47E3-A7F0-6A6BC41FCC12}.Ad-Hoc|WinPhone.Build.0 = Release|Any CPU
		{EBD9C7E2-C5C5-47E3-A7F0-6A6BC41FCC12}.Ad-Hoc|x64.ActiveCfg = Debug|Any CPU
		{EBD9C7E2-C5C5-47E3-A7F0-6A6BC41FCC12}.Ad-Hoc|x64.Build.0 = Debug|Any CPU
		{EBD9C7E2-C5C5-47E3-A7F0-6A6BC41FCC12}.Ad-Hoc|x86.ActiveCfg = Debug|Any CPU
		{EBD9C7E2-C5C5-47E3-A7F0-6A6BC41FCC12}.Ad-Hoc|x86.Build.0 = Debug|Any CPU
		{EBD9C7E2-C5C5-47E3-A7F0-6A6BC41FCC12}.AppStore|Android.ActiveCfg = Release|Any CPU
		{EBD9C7E2-C5C5-47E3-A7F0-6A6BC41FCC12}.AppStore|Android.Build.0 = Release|Any CPU
		{EBD9C7E2-C5C5-47E3-A7F0-6A6BC41FCC12}.AppStore|Any CPU.ActiveCfg = Debug|Any CPU
		{EBD9C7E2-C5C5-47E3-A7F0-6A6BC41FCC12}.AppStore|Any CPU.Build.0 = Debug|Any CPU
		{EBD9C7E2-C5C5-47E3-A7F0-6A6BC41FCC12}.AppStore|ARM.ActiveCfg = Debug|Any CPU
		{EBD9C7E2-C5C5-47E3-A7F0-6A6BC41FCC12}.AppStore|ARM.Build.0 = Debug|Any CPU
		{EBD9C7E2-C5C5-47E3-A7F0-6A6BC41FCC12}.AppStore|iPhone.ActiveCfg = Release|Any CPU
		{EBD9C7E2-C5C5-47E3-A7F0-6A6BC41FCC12}.AppStore|iPhone.Build.0 = Release|Any CPU
		{EBD9C7E2-C5C5-47E3-A7F0-6A6BC41FCC12}.AppStore|iPhoneSimulator.ActiveCfg = Release|Any CPU
		{EBD9C7E2-C5C5-47E3-A7F0-6A6BC41FCC12}.AppStore|iPhoneSimulator.Build.0 = Release|Any CPU
		{EBD9C7E2-C5C5-47E3-A7F0-6A6BC41FCC12}.AppStore|Nuget.ActiveCfg = Release|Any CPU
		{EBD9C7E2-C5C5-47E3-A7F0-6A6BC41FCC12}.AppStore|Nuget.Build.0 = Release|Any CPU
		{EBD9C7E2-C5C5-47E3-A7F0-6A6BC41FCC12}.AppStore|WinPhone.ActiveCfg = Release|Any CPU
		{EBD9C7E2-C5C5-47E3-A7F0-6A6BC41FCC12}.AppStore|WinPhone.Build.0 = Release|Any CPU
		{EBD9C7E2-C5C5-47E3-A7F0-6A6BC41FCC12}.AppStore|x64.ActiveCfg = Debug|Any CPU
		{EBD9C7E2-C5C5-47E3-A7F0-6A6BC41FCC12}.AppStore|x64.Build.0 = Debug|Any CPU
		{EBD9C7E2-C5C5-47E3-A7F0-6A6BC41FCC12}.AppStore|x86.ActiveCfg = Debug|Any CPU
		{EBD9C7E2-C5C5-47E3-A7F0-6A6BC41FCC12}.AppStore|x86.Build.0 = Debug|Any CPU
		{EBD9C7E2-C5C5-47E3-A7F0-6A6BC41FCC12}.Debug|Android.ActiveCfg = Debug|Any CPU
		{EBD9C7E2-C5C5-47E3-A7F0-6A6BC41FCC12}.Debug|Android.Build.0 = Debug|Any CPU
		{EBD9C7E2-C5C5-47E3-A7F0-6A6BC41FCC12}.Debug|Any CPU.ActiveCfg = Debug|Any CPU
		{EBD9C7E2-C5C5-47E3-A7F0-6A6BC41FCC12}.Debug|Any CPU.Build.0 = Debug|Any CPU
		{EBD9C7E2-C5C5-47E3-A7F0-6A6BC41FCC12}.Debug|ARM.ActiveCfg = Debug|Any CPU
		{EBD9C7E2-C5C5-47E3-A7F0-6A6BC41FCC12}.Debug|ARM.Build.0 = Debug|Any CPU
		{EBD9C7E2-C5C5-47E3-A7F0-6A6BC41FCC12}.Debug|iPhone.ActiveCfg = Debug|Any CPU
		{EBD9C7E2-C5C5-47E3-A7F0-6A6BC41FCC12}.Debug|iPhone.Build.0 = Debug|Any CPU
		{EBD9C7E2-C5C5-47E3-A7F0-6A6BC41FCC12}.Debug|iPhoneSimulator.ActiveCfg = Debug|Any CPU
		{EBD9C7E2-C5C5-47E3-A7F0-6A6BC41FCC12}.Debug|iPhoneSimulator.Build.0 = Debug|Any CPU
		{EBD9C7E2-C5C5-47E3-A7F0-6A6BC41FCC12}.Debug|Nuget.ActiveCfg = Debug|Any CPU
		{EBD9C7E2-C5C5-47E3-A7F0-6A6BC41FCC12}.Debug|WinPhone.ActiveCfg = Debug|Any CPU
		{EBD9C7E2-C5C5-47E3-A7F0-6A6BC41FCC12}.Debug|WinPhone.Build.0 = Debug|Any CPU
		{EBD9C7E2-C5C5-47E3-A7F0-6A6BC41FCC12}.Debug|x64.ActiveCfg = Debug|Any CPU
		{EBD9C7E2-C5C5-47E3-A7F0-6A6BC41FCC12}.Debug|x64.Build.0 = Debug|Any CPU
		{EBD9C7E2-C5C5-47E3-A7F0-6A6BC41FCC12}.Debug|x86.ActiveCfg = Debug|Any CPU
		{EBD9C7E2-C5C5-47E3-A7F0-6A6BC41FCC12}.Debug|x86.Build.0 = Debug|Any CPU
		{EBD9C7E2-C5C5-47E3-A7F0-6A6BC41FCC12}.Release|Android.ActiveCfg = Release|Any CPU
		{EBD9C7E2-C5C5-47E3-A7F0-6A6BC41FCC12}.Release|Android.Build.0 = Release|Any CPU
		{EBD9C7E2-C5C5-47E3-A7F0-6A6BC41FCC12}.Release|Any CPU.ActiveCfg = Release|Any CPU
		{EBD9C7E2-C5C5-47E3-A7F0-6A6BC41FCC12}.Release|Any CPU.Build.0 = Release|Any CPU
		{EBD9C7E2-C5C5-47E3-A7F0-6A6BC41FCC12}.Release|ARM.ActiveCfg = Release|Any CPU
		{EBD9C7E2-C5C5-47E3-A7F0-6A6BC41FCC12}.Release|ARM.Build.0 = Release|Any CPU
		{EBD9C7E2-C5C5-47E3-A7F0-6A6BC41FCC12}.Release|iPhone.ActiveCfg = Release|Any CPU
		{EBD9C7E2-C5C5-47E3-A7F0-6A6BC41FCC12}.Release|iPhone.Build.0 = Release|Any CPU
		{EBD9C7E2-C5C5-47E3-A7F0-6A6BC41FCC12}.Release|iPhoneSimulator.ActiveCfg = Release|Any CPU
		{EBD9C7E2-C5C5-47E3-A7F0-6A6BC41FCC12}.Release|iPhoneSimulator.Build.0 = Release|Any CPU
		{EBD9C7E2-C5C5-47E3-A7F0-6A6BC41FCC12}.Release|Nuget.ActiveCfg = Release|Any CPU
		{EBD9C7E2-C5C5-47E3-A7F0-6A6BC41FCC12}.Release|WinPhone.ActiveCfg = Release|Any CPU
		{EBD9C7E2-C5C5-47E3-A7F0-6A6BC41FCC12}.Release|WinPhone.Build.0 = Release|Any CPU
		{EBD9C7E2-C5C5-47E3-A7F0-6A6BC41FCC12}.Release|x64.ActiveCfg = Release|Any CPU
		{EBD9C7E2-C5C5-47E3-A7F0-6A6BC41FCC12}.Release|x64.Build.0 = Release|Any CPU
		{EBD9C7E2-C5C5-47E3-A7F0-6A6BC41FCC12}.Release|x86.ActiveCfg = Release|Any CPU
		{EBD9C7E2-C5C5-47E3-A7F0-6A6BC41FCC12}.Release|x86.Build.0 = Release|Any CPU
		{63BFB494-492C-42D1-A66C-68FAED7EB5C6}.Ad-Hoc|Android.ActiveCfg = Ad-Hoc|iPhone
		{63BFB494-492C-42D1-A66C-68FAED7EB5C6}.Ad-Hoc|Any CPU.ActiveCfg = Ad-Hoc|iPhoneSimulator
		{63BFB494-492C-42D1-A66C-68FAED7EB5C6}.Ad-Hoc|ARM.ActiveCfg = Ad-Hoc|iPhoneSimulator
		{63BFB494-492C-42D1-A66C-68FAED7EB5C6}.Ad-Hoc|iPhone.ActiveCfg = Ad-Hoc|iPhone
		{63BFB494-492C-42D1-A66C-68FAED7EB5C6}.Ad-Hoc|iPhone.Build.0 = Ad-Hoc|iPhone
		{63BFB494-492C-42D1-A66C-68FAED7EB5C6}.Ad-Hoc|iPhoneSimulator.ActiveCfg = Ad-Hoc|iPhoneSimulator
		{63BFB494-492C-42D1-A66C-68FAED7EB5C6}.Ad-Hoc|iPhoneSimulator.Build.0 = Ad-Hoc|iPhoneSimulator
		{63BFB494-492C-42D1-A66C-68FAED7EB5C6}.Ad-Hoc|Nuget.ActiveCfg = Ad-Hoc|iPhone
		{63BFB494-492C-42D1-A66C-68FAED7EB5C6}.Ad-Hoc|WinPhone.ActiveCfg = Ad-Hoc|iPhone
		{63BFB494-492C-42D1-A66C-68FAED7EB5C6}.Ad-Hoc|x64.ActiveCfg = Ad-Hoc|iPhoneSimulator
		{63BFB494-492C-42D1-A66C-68FAED7EB5C6}.Ad-Hoc|x86.ActiveCfg = Ad-Hoc|iPhoneSimulator
		{63BFB494-492C-42D1-A66C-68FAED7EB5C6}.AppStore|Android.ActiveCfg = AppStore|iPhone
		{63BFB494-492C-42D1-A66C-68FAED7EB5C6}.AppStore|Any CPU.ActiveCfg = AppStore|iPhoneSimulator
		{63BFB494-492C-42D1-A66C-68FAED7EB5C6}.AppStore|ARM.ActiveCfg = AppStore|iPhoneSimulator
		{63BFB494-492C-42D1-A66C-68FAED7EB5C6}.AppStore|iPhone.ActiveCfg = AppStore|iPhone
		{63BFB494-492C-42D1-A66C-68FAED7EB5C6}.AppStore|iPhone.Build.0 = AppStore|iPhone
		{63BFB494-492C-42D1-A66C-68FAED7EB5C6}.AppStore|iPhoneSimulator.ActiveCfg = AppStore|iPhoneSimulator
		{63BFB494-492C-42D1-A66C-68FAED7EB5C6}.AppStore|iPhoneSimulator.Build.0 = AppStore|iPhoneSimulator
		{63BFB494-492C-42D1-A66C-68FAED7EB5C6}.AppStore|Nuget.ActiveCfg = AppStore|iPhone
		{63BFB494-492C-42D1-A66C-68FAED7EB5C6}.AppStore|WinPhone.ActiveCfg = AppStore|iPhone
		{63BFB494-492C-42D1-A66C-68FAED7EB5C6}.AppStore|x64.ActiveCfg = AppStore|iPhoneSimulator
		{63BFB494-492C-42D1-A66C-68FAED7EB5C6}.AppStore|x86.ActiveCfg = AppStore|iPhoneSimulator
		{63BFB494-492C-42D1-A66C-68FAED7EB5C6}.Debug|Android.ActiveCfg = Debug|iPhone
		{63BFB494-492C-42D1-A66C-68FAED7EB5C6}.Debug|Any CPU.ActiveCfg = Debug|iPhoneSimulator
		{63BFB494-492C-42D1-A66C-68FAED7EB5C6}.Debug|ARM.ActiveCfg = Debug|iPhoneSimulator
		{63BFB494-492C-42D1-A66C-68FAED7EB5C6}.Debug|iPhone.ActiveCfg = Debug|iPhone
		{63BFB494-492C-42D1-A66C-68FAED7EB5C6}.Debug|iPhone.Build.0 = Debug|iPhone
		{63BFB494-492C-42D1-A66C-68FAED7EB5C6}.Debug|iPhoneSimulator.ActiveCfg = Debug|iPhoneSimulator
		{63BFB494-492C-42D1-A66C-68FAED7EB5C6}.Debug|iPhoneSimulator.Build.0 = Debug|iPhoneSimulator
		{63BFB494-492C-42D1-A66C-68FAED7EB5C6}.Debug|Nuget.ActiveCfg = Debug|iPhone
		{63BFB494-492C-42D1-A66C-68FAED7EB5C6}.Debug|WinPhone.ActiveCfg = Debug|iPhone
		{63BFB494-492C-42D1-A66C-68FAED7EB5C6}.Debug|x64.ActiveCfg = Debug|iPhoneSimulator
		{63BFB494-492C-42D1-A66C-68FAED7EB5C6}.Debug|x86.ActiveCfg = Debug|iPhoneSimulator
		{63BFB494-492C-42D1-A66C-68FAED7EB5C6}.Release|Android.ActiveCfg = Release|iPhone
		{63BFB494-492C-42D1-A66C-68FAED7EB5C6}.Release|Any CPU.ActiveCfg = Release|iPhoneSimulator
		{63BFB494-492C-42D1-A66C-68FAED7EB5C6}.Release|ARM.ActiveCfg = Release|iPhoneSimulator
		{63BFB494-492C-42D1-A66C-68FAED7EB5C6}.Release|iPhone.ActiveCfg = Release|iPhone
		{63BFB494-492C-42D1-A66C-68FAED7EB5C6}.Release|iPhone.Build.0 = Release|iPhone
		{63BFB494-492C-42D1-A66C-68FAED7EB5C6}.Release|iPhoneSimulator.ActiveCfg = Release|iPhoneSimulator
		{63BFB494-492C-42D1-A66C-68FAED7EB5C6}.Release|iPhoneSimulator.Build.0 = Release|iPhoneSimulator
		{63BFB494-492C-42D1-A66C-68FAED7EB5C6}.Release|Nuget.ActiveCfg = Release|iPhone
		{63BFB494-492C-42D1-A66C-68FAED7EB5C6}.Release|WinPhone.ActiveCfg = Release|iPhone
		{63BFB494-492C-42D1-A66C-68FAED7EB5C6}.Release|x64.ActiveCfg = Release|iPhoneSimulator
		{63BFB494-492C-42D1-A66C-68FAED7EB5C6}.Release|x86.ActiveCfg = Release|iPhoneSimulator
		{937453F4-4FEC-45C9-8964-38971D0F3726}.Ad-Hoc|Android.ActiveCfg = Release|Any CPU
		{937453F4-4FEC-45C9-8964-38971D0F3726}.Ad-Hoc|Android.Build.0 = Release|Any CPU
		{937453F4-4FEC-45C9-8964-38971D0F3726}.Ad-Hoc|Android.Deploy.0 = Release|Any CPU
		{937453F4-4FEC-45C9-8964-38971D0F3726}.Ad-Hoc|Any CPU.ActiveCfg = Debug|Any CPU
		{937453F4-4FEC-45C9-8964-38971D0F3726}.Ad-Hoc|Any CPU.Build.0 = Debug|Any CPU
		{937453F4-4FEC-45C9-8964-38971D0F3726}.Ad-Hoc|Any CPU.Deploy.0 = Debug|Any CPU
		{937453F4-4FEC-45C9-8964-38971D0F3726}.Ad-Hoc|ARM.ActiveCfg = Debug|Any CPU
		{937453F4-4FEC-45C9-8964-38971D0F3726}.Ad-Hoc|ARM.Build.0 = Debug|Any CPU
		{937453F4-4FEC-45C9-8964-38971D0F3726}.Ad-Hoc|ARM.Deploy.0 = Debug|Any CPU
		{937453F4-4FEC-45C9-8964-38971D0F3726}.Ad-Hoc|iPhone.ActiveCfg = Release|Any CPU
		{937453F4-4FEC-45C9-8964-38971D0F3726}.Ad-Hoc|iPhone.Build.0 = Release|Any CPU
		{937453F4-4FEC-45C9-8964-38971D0F3726}.Ad-Hoc|iPhone.Deploy.0 = Release|Any CPU
		{937453F4-4FEC-45C9-8964-38971D0F3726}.Ad-Hoc|iPhoneSimulator.ActiveCfg = Release|Any CPU
		{937453F4-4FEC-45C9-8964-38971D0F3726}.Ad-Hoc|iPhoneSimulator.Build.0 = Release|Any CPU
		{937453F4-4FEC-45C9-8964-38971D0F3726}.Ad-Hoc|iPhoneSimulator.Deploy.0 = Release|Any CPU
		{937453F4-4FEC-45C9-8964-38971D0F3726}.Ad-Hoc|Nuget.ActiveCfg = Release|Any CPU
		{937453F4-4FEC-45C9-8964-38971D0F3726}.Ad-Hoc|Nuget.Build.0 = Release|Any CPU
		{937453F4-4FEC-45C9-8964-38971D0F3726}.Ad-Hoc|Nuget.Deploy.0 = Release|Any CPU
		{937453F4-4FEC-45C9-8964-38971D0F3726}.Ad-Hoc|WinPhone.ActiveCfg = Release|Any CPU
		{937453F4-4FEC-45C9-8964-38971D0F3726}.Ad-Hoc|x64.ActiveCfg = Debug|Any CPU
		{937453F4-4FEC-45C9-8964-38971D0F3726}.Ad-Hoc|x64.Build.0 = Debug|Any CPU
		{937453F4-4FEC-45C9-8964-38971D0F3726}.Ad-Hoc|x64.Deploy.0 = Debug|Any CPU
		{937453F4-4FEC-45C9-8964-38971D0F3726}.Ad-Hoc|x86.ActiveCfg = Debug|Any CPU
		{937453F4-4FEC-45C9-8964-38971D0F3726}.Ad-Hoc|x86.Build.0 = Debug|Any CPU
		{937453F4-4FEC-45C9-8964-38971D0F3726}.Ad-Hoc|x86.Deploy.0 = Debug|Any CPU
		{937453F4-4FEC-45C9-8964-38971D0F3726}.AppStore|Android.ActiveCfg = Release|Any CPU
		{937453F4-4FEC-45C9-8964-38971D0F3726}.AppStore|Android.Build.0 = Release|Any CPU
		{937453F4-4FEC-45C9-8964-38971D0F3726}.AppStore|Android.Deploy.0 = Release|Any CPU
		{937453F4-4FEC-45C9-8964-38971D0F3726}.AppStore|Any CPU.ActiveCfg = Debug|Any CPU
		{937453F4-4FEC-45C9-8964-38971D0F3726}.AppStore|Any CPU.Build.0 = Debug|Any CPU
		{937453F4-4FEC-45C9-8964-38971D0F3726}.AppStore|Any CPU.Deploy.0 = Debug|Any CPU
		{937453F4-4FEC-45C9-8964-38971D0F3726}.AppStore|ARM.ActiveCfg = Debug|Any CPU
		{937453F4-4FEC-45C9-8964-38971D0F3726}.AppStore|ARM.Build.0 = Debug|Any CPU
		{937453F4-4FEC-45C9-8964-38971D0F3726}.AppStore|ARM.Deploy.0 = Debug|Any CPU
		{937453F4-4FEC-45C9-8964-38971D0F3726}.AppStore|iPhone.ActiveCfg = Release|Any CPU
		{937453F4-4FEC-45C9-8964-38971D0F3726}.AppStore|iPhone.Build.0 = Release|Any CPU
		{937453F4-4FEC-45C9-8964-38971D0F3726}.AppStore|iPhone.Deploy.0 = Release|Any CPU
		{937453F4-4FEC-45C9-8964-38971D0F3726}.AppStore|iPhoneSimulator.ActiveCfg = Release|Any CPU
		{937453F4-4FEC-45C9-8964-38971D0F3726}.AppStore|iPhoneSimulator.Build.0 = Release|Any CPU
		{937453F4-4FEC-45C9-8964-38971D0F3726}.AppStore|iPhoneSimulator.Deploy.0 = Release|Any CPU
		{937453F4-4FEC-45C9-8964-38971D0F3726}.AppStore|Nuget.ActiveCfg = Release|Any CPU
		{937453F4-4FEC-45C9-8964-38971D0F3726}.AppStore|Nuget.Build.0 = Release|Any CPU
		{937453F4-4FEC-45C9-8964-38971D0F3726}.AppStore|Nuget.Deploy.0 = Release|Any CPU
		{937453F4-4FEC-45C9-8964-38971D0F3726}.AppStore|WinPhone.ActiveCfg = Release|Any CPU
		{937453F4-4FEC-45C9-8964-38971D0F3726}.AppStore|WinPhone.Build.0 = Release|Any CPU
		{937453F4-4FEC-45C9-8964-38971D0F3726}.AppStore|WinPhone.Deploy.0 = Release|Any CPU
		{937453F4-4FEC-45C9-8964-38971D0F3726}.AppStore|x64.ActiveCfg = Debug|Any CPU
		{937453F4-4FEC-45C9-8964-38971D0F3726}.AppStore|x64.Build.0 = Debug|Any CPU
		{937453F4-4FEC-45C9-8964-38971D0F3726}.AppStore|x64.Deploy.0 = Debug|Any CPU
		{937453F4-4FEC-45C9-8964-38971D0F3726}.AppStore|x86.ActiveCfg = Debug|Any CPU
		{937453F4-4FEC-45C9-8964-38971D0F3726}.AppStore|x86.Build.0 = Debug|Any CPU
		{937453F4-4FEC-45C9-8964-38971D0F3726}.AppStore|x86.Deploy.0 = Debug|Any CPU
		{937453F4-4FEC-45C9-8964-38971D0F3726}.Debug|Android.ActiveCfg = Debug|Any CPU
		{937453F4-4FEC-45C9-8964-38971D0F3726}.Debug|Android.Build.0 = Debug|Any CPU
		{937453F4-4FEC-45C9-8964-38971D0F3726}.Debug|Android.Deploy.0 = Debug|Any CPU
		{937453F4-4FEC-45C9-8964-38971D0F3726}.Debug|Any CPU.ActiveCfg = Debug|Any CPU
		{937453F4-4FEC-45C9-8964-38971D0F3726}.Debug|Any CPU.Build.0 = Debug|Any CPU
		{937453F4-4FEC-45C9-8964-38971D0F3726}.Debug|Any CPU.Deploy.0 = Debug|Any CPU
		{937453F4-4FEC-45C9-8964-38971D0F3726}.Debug|ARM.ActiveCfg = Debug|Any CPU
		{937453F4-4FEC-45C9-8964-38971D0F3726}.Debug|ARM.Build.0 = Debug|Any CPU
		{937453F4-4FEC-45C9-8964-38971D0F3726}.Debug|ARM.Deploy.0 = Debug|Any CPU
		{937453F4-4FEC-45C9-8964-38971D0F3726}.Debug|iPhone.ActiveCfg = Debug|Any CPU
		{937453F4-4FEC-45C9-8964-38971D0F3726}.Debug|iPhoneSimulator.ActiveCfg = Debug|Any CPU
		{937453F4-4FEC-45C9-8964-38971D0F3726}.Debug|iPhoneSimulator.Deploy.0 = Debug|Any CPU
		{937453F4-4FEC-45C9-8964-38971D0F3726}.Debug|Nuget.ActiveCfg = Debug|Any CPU
		{937453F4-4FEC-45C9-8964-38971D0F3726}.Debug|WinPhone.ActiveCfg = Debug|Any CPU
		{937453F4-4FEC-45C9-8964-38971D0F3726}.Debug|x64.ActiveCfg = Debug|Any CPU
		{937453F4-4FEC-45C9-8964-38971D0F3726}.Debug|x64.Build.0 = Debug|Any CPU
		{937453F4-4FEC-45C9-8964-38971D0F3726}.Debug|x64.Deploy.0 = Debug|Any CPU
		{937453F4-4FEC-45C9-8964-38971D0F3726}.Debug|x86.ActiveCfg = Debug|Any CPU
		{937453F4-4FEC-45C9-8964-38971D0F3726}.Debug|x86.Build.0 = Debug|Any CPU
		{937453F4-4FEC-45C9-8964-38971D0F3726}.Debug|x86.Deploy.0 = Debug|Any CPU
		{937453F4-4FEC-45C9-8964-38971D0F3726}.Release|Android.ActiveCfg = Release|Any CPU
		{937453F4-4FEC-45C9-8964-38971D0F3726}.Release|Android.Build.0 = Release|Any CPU
		{937453F4-4FEC-45C9-8964-38971D0F3726}.Release|Android.Deploy.0 = Release|Any CPU
		{937453F4-4FEC-45C9-8964-38971D0F3726}.Release|Any CPU.ActiveCfg = Release|Any CPU
		{937453F4-4FEC-45C9-8964-38971D0F3726}.Release|Any CPU.Build.0 = Release|Any CPU
		{937453F4-4FEC-45C9-8964-38971D0F3726}.Release|Any CPU.Deploy.0 = Release|Any CPU
		{937453F4-4FEC-45C9-8964-38971D0F3726}.Release|ARM.ActiveCfg = Release|Any CPU
		{937453F4-4FEC-45C9-8964-38971D0F3726}.Release|ARM.Build.0 = Release|Any CPU
		{937453F4-4FEC-45C9-8964-38971D0F3726}.Release|ARM.Deploy.0 = Release|Any CPU
		{937453F4-4FEC-45C9-8964-38971D0F3726}.Release|iPhone.ActiveCfg = Release|Any CPU
		{937453F4-4FEC-45C9-8964-38971D0F3726}.Release|iPhone.Build.0 = Release|Any CPU
		{937453F4-4FEC-45C9-8964-38971D0F3726}.Release|iPhone.Deploy.0 = Release|Any CPU
		{937453F4-4FEC-45C9-8964-38971D0F3726}.Release|iPhoneSimulator.ActiveCfg = Release|Any CPU
		{937453F4-4FEC-45C9-8964-38971D0F3726}.Release|iPhoneSimulator.Build.0 = Release|Any CPU
		{937453F4-4FEC-45C9-8964-38971D0F3726}.Release|iPhoneSimulator.Deploy.0 = Release|Any CPU
		{937453F4-4FEC-45C9-8964-38971D0F3726}.Release|Nuget.ActiveCfg = Release|Any CPU
		{937453F4-4FEC-45C9-8964-38971D0F3726}.Release|WinPhone.ActiveCfg = Release|Any CPU
		{937453F4-4FEC-45C9-8964-38971D0F3726}.Release|x64.ActiveCfg = Release|Any CPU
		{937453F4-4FEC-45C9-8964-38971D0F3726}.Release|x64.Build.0 = Release|Any CPU
		{937453F4-4FEC-45C9-8964-38971D0F3726}.Release|x64.Deploy.0 = Release|Any CPU
		{937453F4-4FEC-45C9-8964-38971D0F3726}.Release|x86.ActiveCfg = Release|Any CPU
		{937453F4-4FEC-45C9-8964-38971D0F3726}.Release|x86.Build.0 = Release|Any CPU
		{937453F4-4FEC-45C9-8964-38971D0F3726}.Release|x86.Deploy.0 = Release|Any CPU
		{D449F804-69BD-43D1-A324-22C080095D2F}.Ad-Hoc|Android.ActiveCfg = Release|x64
		{D449F804-69BD-43D1-A324-22C080095D2F}.Ad-Hoc|Android.Build.0 = Release|x64
		{D449F804-69BD-43D1-A324-22C080095D2F}.Ad-Hoc|Android.Deploy.0 = Release|x64
		{D449F804-69BD-43D1-A324-22C080095D2F}.Ad-Hoc|Any CPU.ActiveCfg = Debug|x64
		{D449F804-69BD-43D1-A324-22C080095D2F}.Ad-Hoc|Any CPU.Build.0 = Debug|x64
		{D449F804-69BD-43D1-A324-22C080095D2F}.Ad-Hoc|Any CPU.Deploy.0 = Debug|x64
		{D449F804-69BD-43D1-A324-22C080095D2F}.Ad-Hoc|ARM.ActiveCfg = Release|ARM
		{D449F804-69BD-43D1-A324-22C080095D2F}.Ad-Hoc|ARM.Build.0 = Release|ARM
		{D449F804-69BD-43D1-A324-22C080095D2F}.Ad-Hoc|ARM.Deploy.0 = Release|ARM
		{D449F804-69BD-43D1-A324-22C080095D2F}.Ad-Hoc|iPhone.ActiveCfg = Release|x64
		{D449F804-69BD-43D1-A324-22C080095D2F}.Ad-Hoc|iPhone.Build.0 = Release|x64
		{D449F804-69BD-43D1-A324-22C080095D2F}.Ad-Hoc|iPhone.Deploy.0 = Release|x64
		{D449F804-69BD-43D1-A324-22C080095D2F}.Ad-Hoc|iPhoneSimulator.ActiveCfg = Release|x64
		{D449F804-69BD-43D1-A324-22C080095D2F}.Ad-Hoc|iPhoneSimulator.Build.0 = Release|x64
		{D449F804-69BD-43D1-A324-22C080095D2F}.Ad-Hoc|iPhoneSimulator.Deploy.0 = Release|x64
		{D449F804-69BD-43D1-A324-22C080095D2F}.Ad-Hoc|Nuget.ActiveCfg = Release|x64
		{D449F804-69BD-43D1-A324-22C080095D2F}.Ad-Hoc|Nuget.Build.0 = Release|x64
		{D449F804-69BD-43D1-A324-22C080095D2F}.Ad-Hoc|Nuget.Deploy.0 = Release|x64
		{D449F804-69BD-43D1-A324-22C080095D2F}.Ad-Hoc|WinPhone.ActiveCfg = Release|x64
		{D449F804-69BD-43D1-A324-22C080095D2F}.Ad-Hoc|WinPhone.Build.0 = Release|x64
		{D449F804-69BD-43D1-A324-22C080095D2F}.Ad-Hoc|WinPhone.Deploy.0 = Release|x64
		{D449F804-69BD-43D1-A324-22C080095D2F}.Ad-Hoc|x64.ActiveCfg = Release|x64
		{D449F804-69BD-43D1-A324-22C080095D2F}.Ad-Hoc|x64.Build.0 = Release|x64
		{D449F804-69BD-43D1-A324-22C080095D2F}.Ad-Hoc|x64.Deploy.0 = Release|x64
		{D449F804-69BD-43D1-A324-22C080095D2F}.Ad-Hoc|x86.ActiveCfg = Release|x86
		{D449F804-69BD-43D1-A324-22C080095D2F}.Ad-Hoc|x86.Build.0 = Release|x86
		{D449F804-69BD-43D1-A324-22C080095D2F}.Ad-Hoc|x86.Deploy.0 = Release|x86
		{D449F804-69BD-43D1-A324-22C080095D2F}.AppStore|Android.ActiveCfg = Release|x64
		{D449F804-69BD-43D1-A324-22C080095D2F}.AppStore|Android.Build.0 = Release|x64
		{D449F804-69BD-43D1-A324-22C080095D2F}.AppStore|Android.Deploy.0 = Release|x64
		{D449F804-69BD-43D1-A324-22C080095D2F}.AppStore|Any CPU.ActiveCfg = Debug|x64
		{D449F804-69BD-43D1-A324-22C080095D2F}.AppStore|Any CPU.Build.0 = Debug|x64
		{D449F804-69BD-43D1-A324-22C080095D2F}.AppStore|Any CPU.Deploy.0 = Debug|x64
		{D449F804-69BD-43D1-A324-22C080095D2F}.AppStore|ARM.ActiveCfg = Release|ARM
		{D449F804-69BD-43D1-A324-22C080095D2F}.AppStore|ARM.Build.0 = Release|ARM
		{D449F804-69BD-43D1-A324-22C080095D2F}.AppStore|ARM.Deploy.0 = Release|ARM
		{D449F804-69BD-43D1-A324-22C080095D2F}.AppStore|iPhone.ActiveCfg = Release|x64
		{D449F804-69BD-43D1-A324-22C080095D2F}.AppStore|iPhone.Build.0 = Release|x64
		{D449F804-69BD-43D1-A324-22C080095D2F}.AppStore|iPhone.Deploy.0 = Release|x64
		{D449F804-69BD-43D1-A324-22C080095D2F}.AppStore|iPhoneSimulator.ActiveCfg = Release|x64
		{D449F804-69BD-43D1-A324-22C080095D2F}.AppStore|iPhoneSimulator.Build.0 = Release|x64
		{D449F804-69BD-43D1-A324-22C080095D2F}.AppStore|iPhoneSimulator.Deploy.0 = Release|x64
		{D449F804-69BD-43D1-A324-22C080095D2F}.AppStore|Nuget.ActiveCfg = Release|x64
		{D449F804-69BD-43D1-A324-22C080095D2F}.AppStore|Nuget.Build.0 = Release|x64
		{D449F804-69BD-43D1-A324-22C080095D2F}.AppStore|Nuget.Deploy.0 = Release|x64
		{D449F804-69BD-43D1-A324-22C080095D2F}.AppStore|WinPhone.ActiveCfg = Release|x64
		{D449F804-69BD-43D1-A324-22C080095D2F}.AppStore|WinPhone.Build.0 = Release|x64
		{D449F804-69BD-43D1-A324-22C080095D2F}.AppStore|WinPhone.Deploy.0 = Release|x64
		{D449F804-69BD-43D1-A324-22C080095D2F}.AppStore|x64.ActiveCfg = Release|x64
		{D449F804-69BD-43D1-A324-22C080095D2F}.AppStore|x64.Build.0 = Release|x64
		{D449F804-69BD-43D1-A324-22C080095D2F}.AppStore|x64.Deploy.0 = Release|x64
		{D449F804-69BD-43D1-A324-22C080095D2F}.AppStore|x86.ActiveCfg = Release|x86
		{D449F804-69BD-43D1-A324-22C080095D2F}.AppStore|x86.Build.0 = Release|x86
		{D449F804-69BD-43D1-A324-22C080095D2F}.AppStore|x86.Deploy.0 = Release|x86
		{D449F804-69BD-43D1-A324-22C080095D2F}.Debug|Android.ActiveCfg = Debug|x86
		{D449F804-69BD-43D1-A324-22C080095D2F}.Debug|Any CPU.ActiveCfg = Debug|x86
		{D449F804-69BD-43D1-A324-22C080095D2F}.Debug|ARM.ActiveCfg = Debug|ARM
		{D449F804-69BD-43D1-A324-22C080095D2F}.Debug|ARM.Build.0 = Debug|ARM
		{D449F804-69BD-43D1-A324-22C080095D2F}.Debug|ARM.Deploy.0 = Debug|ARM
		{D449F804-69BD-43D1-A324-22C080095D2F}.Debug|iPhone.ActiveCfg = Debug|x86
		{D449F804-69BD-43D1-A324-22C080095D2F}.Debug|iPhoneSimulator.ActiveCfg = Debug|x86
		{D449F804-69BD-43D1-A324-22C080095D2F}.Debug|Nuget.ActiveCfg = Debug|x86
		{D449F804-69BD-43D1-A324-22C080095D2F}.Debug|WinPhone.ActiveCfg = Debug|x86
		{D449F804-69BD-43D1-A324-22C080095D2F}.Debug|x64.ActiveCfg = Debug|x64
		{D449F804-69BD-43D1-A324-22C080095D2F}.Debug|x64.Build.0 = Debug|x64
		{D449F804-69BD-43D1-A324-22C080095D2F}.Debug|x64.Deploy.0 = Debug|x64
		{D449F804-69BD-43D1-A324-22C080095D2F}.Debug|x86.ActiveCfg = Debug|x86
		{D449F804-69BD-43D1-A324-22C080095D2F}.Debug|x86.Build.0 = Debug|x86
		{D449F804-69BD-43D1-A324-22C080095D2F}.Debug|x86.Deploy.0 = Debug|x86
		{D449F804-69BD-43D1-A324-22C080095D2F}.Release|Android.ActiveCfg = Release|x86
		{D449F804-69BD-43D1-A324-22C080095D2F}.Release|Any CPU.ActiveCfg = Release|x86
		{D449F804-69BD-43D1-A324-22C080095D2F}.Release|ARM.ActiveCfg = Release|ARM
		{D449F804-69BD-43D1-A324-22C080095D2F}.Release|ARM.Build.0 = Release|ARM
		{D449F804-69BD-43D1-A324-22C080095D2F}.Release|ARM.Deploy.0 = Release|ARM
		{D449F804-69BD-43D1-A324-22C080095D2F}.Release|iPhone.ActiveCfg = Release|x86
		{D449F804-69BD-43D1-A324-22C080095D2F}.Release|iPhoneSimulator.ActiveCfg = Release|x86
		{D449F804-69BD-43D1-A324-22C080095D2F}.Release|Nuget.ActiveCfg = Release|x86
		{D449F804-69BD-43D1-A324-22C080095D2F}.Release|WinPhone.ActiveCfg = Release|x86
		{D449F804-69BD-43D1-A324-22C080095D2F}.Release|x64.ActiveCfg = Release|x64
		{D449F804-69BD-43D1-A324-22C080095D2F}.Release|x64.Build.0 = Release|x64
		{D449F804-69BD-43D1-A324-22C080095D2F}.Release|x64.Deploy.0 = Release|x64
		{D449F804-69BD-43D1-A324-22C080095D2F}.Release|x86.ActiveCfg = Release|x86
		{D449F804-69BD-43D1-A324-22C080095D2F}.Release|x86.Build.0 = Release|x86
		{D449F804-69BD-43D1-A324-22C080095D2F}.Release|x86.Deploy.0 = Release|x86
		{5CB46451-348C-4DBE-8BB6-ED13D31473BE}.Ad-Hoc|Android.ActiveCfg = Release|Any CPU
		{5CB46451-348C-4DBE-8BB6-ED13D31473BE}.Ad-Hoc|Android.Build.0 = Release|Any CPU
		{5CB46451-348C-4DBE-8BB6-ED13D31473BE}.Ad-Hoc|Any CPU.ActiveCfg = Release|Any CPU
		{5CB46451-348C-4DBE-8BB6-ED13D31473BE}.Ad-Hoc|Any CPU.Build.0 = Release|Any CPU
		{5CB46451-348C-4DBE-8BB6-ED13D31473BE}.Ad-Hoc|ARM.ActiveCfg = Release|ARM
		{5CB46451-348C-4DBE-8BB6-ED13D31473BE}.Ad-Hoc|ARM.Build.0 = Release|ARM
		{5CB46451-348C-4DBE-8BB6-ED13D31473BE}.Ad-Hoc|iPhone.ActiveCfg = Release|Any CPU
		{5CB46451-348C-4DBE-8BB6-ED13D31473BE}.Ad-Hoc|iPhone.Build.0 = Release|Any CPU
		{5CB46451-348C-4DBE-8BB6-ED13D31473BE}.Ad-Hoc|iPhoneSimulator.ActiveCfg = Release|Any CPU
		{5CB46451-348C-4DBE-8BB6-ED13D31473BE}.Ad-Hoc|iPhoneSimulator.Build.0 = Release|Any CPU
		{5CB46451-348C-4DBE-8BB6-ED13D31473BE}.Ad-Hoc|Nuget.ActiveCfg = Release|Any CPU
		{5CB46451-348C-4DBE-8BB6-ED13D31473BE}.Ad-Hoc|Nuget.Build.0 = Release|Any CPU
		{5CB46451-348C-4DBE-8BB6-ED13D31473BE}.Ad-Hoc|WinPhone.ActiveCfg = Release|Any CPU
		{5CB46451-348C-4DBE-8BB6-ED13D31473BE}.Ad-Hoc|WinPhone.Build.0 = Release|Any CPU
		{5CB46451-348C-4DBE-8BB6-ED13D31473BE}.Ad-Hoc|x64.ActiveCfg = Release|x64
		{5CB46451-348C-4DBE-8BB6-ED13D31473BE}.Ad-Hoc|x64.Build.0 = Release|x64
		{5CB46451-348C-4DBE-8BB6-ED13D31473BE}.Ad-Hoc|x86.ActiveCfg = Release|x86
		{5CB46451-348C-4DBE-8BB6-ED13D31473BE}.Ad-Hoc|x86.Build.0 = Release|x86
		{5CB46451-348C-4DBE-8BB6-ED13D31473BE}.AppStore|Android.ActiveCfg = Release|Any CPU
		{5CB46451-348C-4DBE-8BB6-ED13D31473BE}.AppStore|Android.Build.0 = Release|Any CPU
		{5CB46451-348C-4DBE-8BB6-ED13D31473BE}.AppStore|Any CPU.ActiveCfg = Release|Any CPU
		{5CB46451-348C-4DBE-8BB6-ED13D31473BE}.AppStore|Any CPU.Build.0 = Release|Any CPU
		{5CB46451-348C-4DBE-8BB6-ED13D31473BE}.AppStore|ARM.ActiveCfg = Release|ARM
		{5CB46451-348C-4DBE-8BB6-ED13D31473BE}.AppStore|ARM.Build.0 = Release|ARM
		{5CB46451-348C-4DBE-8BB6-ED13D31473BE}.AppStore|iPhone.ActiveCfg = Release|Any CPU
		{5CB46451-348C-4DBE-8BB6-ED13D31473BE}.AppStore|iPhone.Build.0 = Release|Any CPU
		{5CB46451-348C-4DBE-8BB6-ED13D31473BE}.AppStore|iPhoneSimulator.ActiveCfg = Release|Any CPU
		{5CB46451-348C-4DBE-8BB6-ED13D31473BE}.AppStore|iPhoneSimulator.Build.0 = Release|Any CPU
		{5CB46451-348C-4DBE-8BB6-ED13D31473BE}.AppStore|Nuget.ActiveCfg = Release|Any CPU
		{5CB46451-348C-4DBE-8BB6-ED13D31473BE}.AppStore|Nuget.Build.0 = Release|Any CPU
		{5CB46451-348C-4DBE-8BB6-ED13D31473BE}.AppStore|WinPhone.ActiveCfg = Release|Any CPU
		{5CB46451-348C-4DBE-8BB6-ED13D31473BE}.AppStore|WinPhone.Build.0 = Release|Any CPU
		{5CB46451-348C-4DBE-8BB6-ED13D31473BE}.AppStore|x64.ActiveCfg = Release|x64
		{5CB46451-348C-4DBE-8BB6-ED13D31473BE}.AppStore|x64.Build.0 = Release|x64
		{5CB46451-348C-4DBE-8BB6-ED13D31473BE}.AppStore|x86.ActiveCfg = Release|x86
		{5CB46451-348C-4DBE-8BB6-ED13D31473BE}.AppStore|x86.Build.0 = Release|x86
		{5CB46451-348C-4DBE-8BB6-ED13D31473BE}.Debug|Android.ActiveCfg = Debug|Any CPU
		{5CB46451-348C-4DBE-8BB6-ED13D31473BE}.Debug|Android.Build.0 = Debug|Any CPU
		{5CB46451-348C-4DBE-8BB6-ED13D31473BE}.Debug|Any CPU.ActiveCfg = Debug|Any CPU
		{5CB46451-348C-4DBE-8BB6-ED13D31473BE}.Debug|Any CPU.Build.0 = Debug|Any CPU
		{5CB46451-348C-4DBE-8BB6-ED13D31473BE}.Debug|ARM.ActiveCfg = Debug|ARM
		{5CB46451-348C-4DBE-8BB6-ED13D31473BE}.Debug|ARM.Build.0 = Debug|ARM
		{5CB46451-348C-4DBE-8BB6-ED13D31473BE}.Debug|iPhone.ActiveCfg = Debug|Any CPU
		{5CB46451-348C-4DBE-8BB6-ED13D31473BE}.Debug|iPhone.Build.0 = Debug|Any CPU
		{5CB46451-348C-4DBE-8BB6-ED13D31473BE}.Debug|iPhoneSimulator.ActiveCfg = Debug|Any CPU
		{5CB46451-348C-4DBE-8BB6-ED13D31473BE}.Debug|iPhoneSimulator.Build.0 = Debug|Any CPU
		{5CB46451-348C-4DBE-8BB6-ED13D31473BE}.Debug|Nuget.ActiveCfg = Debug|Any CPU
		{5CB46451-348C-4DBE-8BB6-ED13D31473BE}.Debug|Nuget.Build.0 = Debug|Any CPU
		{5CB46451-348C-4DBE-8BB6-ED13D31473BE}.Debug|WinPhone.ActiveCfg = Debug|Any CPU
		{5CB46451-348C-4DBE-8BB6-ED13D31473BE}.Debug|WinPhone.Build.0 = Debug|Any CPU
		{5CB46451-348C-4DBE-8BB6-ED13D31473BE}.Debug|x64.ActiveCfg = Debug|x64
		{5CB46451-348C-4DBE-8BB6-ED13D31473BE}.Debug|x64.Build.0 = Debug|x64
		{5CB46451-348C-4DBE-8BB6-ED13D31473BE}.Debug|x86.ActiveCfg = Debug|x86
		{5CB46451-348C-4DBE-8BB6-ED13D31473BE}.Debug|x86.Build.0 = Debug|x86
		{5CB46451-348C-4DBE-8BB6-ED13D31473BE}.Release|Android.ActiveCfg = Release|Any CPU
		{5CB46451-348C-4DBE-8BB6-ED13D31473BE}.Release|Android.Build.0 = Release|Any CPU
		{5CB46451-348C-4DBE-8BB6-ED13D31473BE}.Release|Any CPU.ActiveCfg = Release|Any CPU
		{5CB46451-348C-4DBE-8BB6-ED13D31473BE}.Release|Any CPU.Build.0 = Release|Any CPU
		{5CB46451-348C-4DBE-8BB6-ED13D31473BE}.Release|ARM.ActiveCfg = Release|ARM
		{5CB46451-348C-4DBE-8BB6-ED13D31473BE}.Release|ARM.Build.0 = Release|ARM
		{5CB46451-348C-4DBE-8BB6-ED13D31473BE}.Release|iPhone.ActiveCfg = Release|Any CPU
		{5CB46451-348C-4DBE-8BB6-ED13D31473BE}.Release|iPhone.Build.0 = Release|Any CPU
		{5CB46451-348C-4DBE-8BB6-ED13D31473BE}.Release|iPhoneSimulator.ActiveCfg = Release|Any CPU
		{5CB46451-348C-4DBE-8BB6-ED13D31473BE}.Release|iPhoneSimulator.Build.0 = Release|Any CPU
		{5CB46451-348C-4DBE-8BB6-ED13D31473BE}.Release|Nuget.ActiveCfg = Release|Any CPU
		{5CB46451-348C-4DBE-8BB6-ED13D31473BE}.Release|Nuget.Build.0 = Release|Any CPU
		{5CB46451-348C-4DBE-8BB6-ED13D31473BE}.Release|WinPhone.ActiveCfg = Release|Any CPU
		{5CB46451-348C-4DBE-8BB6-ED13D31473BE}.Release|WinPhone.Build.0 = Release|Any CPU
		{5CB46451-348C-4DBE-8BB6-ED13D31473BE}.Release|x64.ActiveCfg = Release|x64
		{5CB46451-348C-4DBE-8BB6-ED13D31473BE}.Release|x64.Build.0 = Release|x64
		{5CB46451-348C-4DBE-8BB6-ED13D31473BE}.Release|x86.ActiveCfg = Release|x86
		{5CB46451-348C-4DBE-8BB6-ED13D31473BE}.Release|x86.Build.0 = Release|x86
	EndGlobalSection
	GlobalSection(SolutionProperties) = preSolution
		HideSolutionNode = FALSE
	EndGlobalSection
	GlobalSection(NestedProjects) = preSolution
		{EBD9C7E2-C5C5-47E3-A7F0-6A6BC41FCC12} = {69D62C9F-0FC1-47BA-80B1-92628ECD3622}
		{63BFB494-492C-42D1-A66C-68FAED7EB5C6} = {69D62C9F-0FC1-47BA-80B1-92628ECD3622}
		{937453F4-4FEC-45C9-8964-38971D0F3726} = {69D62C9F-0FC1-47BA-80B1-92628ECD3622}
		{D449F804-69BD-43D1-A324-22C080095D2F} = {69D62C9F-0FC1-47BA-80B1-92628ECD3622}
	EndGlobalSection
	GlobalSection(ExtensibilityGlobals) = postSolution
		SolutionGuid = {6A3466D3-41EB-406D-8AA3-3E4C4748DFC4}
	EndGlobalSection
EndGlobal
