
Microsoft Visual Studio Solution File, Format Version 12.00
# Visual Studio 2013
VisualStudioVersion = 12.0.31101.0
MinimumVisualStudioVersion = 10.0.40219.1
Project("{2150E333-8FDC-42A3-9474-1A3956D46DE8}") = "SampleApps", "SampleApps", "{69D62C9F-0FC1-47BA-80B1-92628ECD3622}"
EndProject
Project("{FAE04EC0-301F-11D3-BF4B-00C04F79EFBC}") = "ExtendedListview.Forms.Plugin.Abstractions", "ExtendedListview\ExtendedListview.Forms.Plugin.Abstractions\ExtendedListview.Forms.Plugin.Abstractions.csproj", "{14C534B6-1984-41A9-A384-D3A5508588E3}"
EndProject
Project("{FAE04EC0-301F-11D3-BF4B-00C04F79EFBC}") = "ExtendedListview.Forms.Plugin.iOS", "ExtendedListview\ExtendedListview.Forms.Plugin.iOS\ExtendedListview.Forms.Plugin.iOS.csproj", "{D525F236-6A2D-4010-B1CC-4A4B8581C90B}"
EndProject
Project("{FAE04EC0-301F-11D3-BF4B-00C04F79EFBC}") = "ExtendedListview.Forms.Plugin.iOSUnified", "ExtendedListview\ExtendedListview.Forms.Plugin.iOSUnified\ExtendedListview.Forms.Plugin.iOSUnified.csproj", "{773EE870-6D95-4B72-876F-A9F0AF5DBE99}"
EndProject
Project("{FAE04EC0-301F-11D3-BF4B-00C04F79EFBC}") = "ExtendedListview.Forms.Plugin.Android", "ExtendedListview\ExtendedListview.Forms.Plugin.Android\ExtendedListview.Forms.Plugin.Android.csproj", "{AD2D2DB4-E781-4CF1-9B62-3AAD264F196D}"
EndProject
Project("{FAE04EC0-301F-11D3-BF4B-00C04F79EFBC}") = "ExtendedListview.Forms.Plugin.WindowsPhone", "ExtendedListview\ExtendedListview.Forms.Plugin.WindowsPhone\ExtendedListview.Forms.Plugin.WindowsPhone.csproj", "{983B7EFF-7E75-4A87-890A-744A0B4C5232}"
EndProject
Project("{FAE04EC0-301F-11D3-BF4B-00C04F79EFBC}") = "SampleApp", "SampleApp\SampleApp\SampleApp\SampleApp.csproj", "{BAF5D170-F47D-42E3-88B3-B043831D33DD}"
EndProject
Project("{FAE04EC0-301F-11D3-BF4B-00C04F79EFBC}") = "SampleApp.iOS", "SampleApp\SampleApp\SampleApp.iOS\SampleApp.iOS.csproj", "{7BC87649-283D-4568-994B-C40A7B29A10B}"
EndProject
Project("{FAE04EC0-301F-11D3-BF4B-00C04F79EFBC}") = "SampleApp.Droid", "SampleApp\SampleApp\SampleApp.Droid\SampleApp.Droid.csproj", "{20D07D6D-4E21-4FB4-9EFE-1C5C55F9C5A7}"
EndProject
Project("{FAE04EC0-301F-11D3-BF4B-00C04F79EFBC}") = "SampleApp.WinPhone", "SampleApp\SampleApp\SampleApp.WinPhone\SampleApp.WinPhone.csproj", "{3EBCA017-A91A-4DB0-8FC0-B3A3F94765C3}"
EndProject
Global
	GlobalSection(SolutionConfigurationPlatforms) = preSolution
		Ad-Hoc|Any CPU = Ad-Hoc|Any CPU
		Ad-Hoc|ARM = Ad-Hoc|ARM
		Ad-Hoc|iPhone = Ad-Hoc|iPhone
		Ad-Hoc|iPhoneSimulator = Ad-Hoc|iPhoneSimulator
		Ad-Hoc|Mixed Platforms = Ad-Hoc|Mixed Platforms
		Ad-Hoc|x86 = Ad-Hoc|x86
		AppStore|Any CPU = AppStore|Any CPU
		AppStore|ARM = AppStore|ARM
		AppStore|iPhone = AppStore|iPhone
		AppStore|iPhoneSimulator = AppStore|iPhoneSimulator
		AppStore|Mixed Platforms = AppStore|Mixed Platforms
		AppStore|x86 = AppStore|x86
		Debug|Any CPU = Debug|Any CPU
		Debug|ARM = Debug|ARM
		Debug|iPhone = Debug|iPhone
		Debug|iPhoneSimulator = Debug|iPhoneSimulator
		Debug|Mixed Platforms = Debug|Mixed Platforms
		Debug|x86 = Debug|x86
		Release|Any CPU = Release|Any CPU
		Release|ARM = Release|ARM
		Release|iPhone = Release|iPhone
		Release|iPhoneSimulator = Release|iPhoneSimulator
		Release|Mixed Platforms = Release|Mixed Platforms
		Release|x86 = Release|x86
		WinPhoneRelease|Any CPU = WinPhoneRelease|Any CPU
		WinPhoneRelease|ARM = WinPhoneRelease|ARM
		WinPhoneRelease|iPhone = WinPhoneRelease|iPhone
		WinPhoneRelease|iPhoneSimulator = WinPhoneRelease|iPhoneSimulator
		WinPhoneRelease|Mixed Platforms = WinPhoneRelease|Mixed Platforms
		WinPhoneRelease|x86 = WinPhoneRelease|x86
	EndGlobalSection
	GlobalSection(ProjectConfigurationPlatforms) = postSolution
		{14C534B6-1984-41A9-A384-D3A5508588E3}.Ad-Hoc|Any CPU.ActiveCfg = Release|Any CPU
		{14C534B6-1984-41A9-A384-D3A5508588E3}.Ad-Hoc|Any CPU.Build.0 = Release|Any CPU
		{14C534B6-1984-41A9-A384-D3A5508588E3}.Ad-Hoc|ARM.ActiveCfg = Release|Any CPU
		{14C534B6-1984-41A9-A384-D3A5508588E3}.Ad-Hoc|iPhone.ActiveCfg = Release|Any CPU
		{14C534B6-1984-41A9-A384-D3A5508588E3}.Ad-Hoc|iPhoneSimulator.ActiveCfg = Release|Any CPU
		{14C534B6-1984-41A9-A384-D3A5508588E3}.Ad-Hoc|Mixed Platforms.ActiveCfg = Release|Any CPU
		{14C534B6-1984-41A9-A384-D3A5508588E3}.Ad-Hoc|Mixed Platforms.Build.0 = Release|Any CPU
		{14C534B6-1984-41A9-A384-D3A5508588E3}.Ad-Hoc|x86.ActiveCfg = Release|Any CPU
		{14C534B6-1984-41A9-A384-D3A5508588E3}.AppStore|Any CPU.ActiveCfg = Release|Any CPU
		{14C534B6-1984-41A9-A384-D3A5508588E3}.AppStore|Any CPU.Build.0 = Release|Any CPU
		{14C534B6-1984-41A9-A384-D3A5508588E3}.AppStore|ARM.ActiveCfg = Release|Any CPU
		{14C534B6-1984-41A9-A384-D3A5508588E3}.AppStore|iPhone.ActiveCfg = Release|Any CPU
		{14C534B6-1984-41A9-A384-D3A5508588E3}.AppStore|iPhoneSimulator.ActiveCfg = Release|Any CPU
		{14C534B6-1984-41A9-A384-D3A5508588E3}.AppStore|Mixed Platforms.ActiveCfg = Release|Any CPU
		{14C534B6-1984-41A9-A384-D3A5508588E3}.AppStore|Mixed Platforms.Build.0 = Release|Any CPU
		{14C534B6-1984-41A9-A384-D3A5508588E3}.AppStore|x86.ActiveCfg = Release|Any CPU
		{14C534B6-1984-41A9-A384-D3A5508588E3}.Debug|Any CPU.ActiveCfg = Debug|Any CPU
		{14C534B6-1984-41A9-A384-D3A5508588E3}.Debug|Any CPU.Build.0 = Debug|Any CPU
		{14C534B6-1984-41A9-A384-D3A5508588E3}.Debug|ARM.ActiveCfg = Debug|Any CPU
		{14C534B6-1984-41A9-A384-D3A5508588E3}.Debug|iPhone.ActiveCfg = Debug|Any CPU
		{14C534B6-1984-41A9-A384-D3A5508588E3}.Debug|iPhoneSimulator.ActiveCfg = Debug|Any CPU
		{14C534B6-1984-41A9-A384-D3A5508588E3}.Debug|Mixed Platforms.ActiveCfg = Debug|Any CPU
		{14C534B6-1984-41A9-A384-D3A5508588E3}.Debug|Mixed Platforms.Build.0 = Debug|Any CPU
		{14C534B6-1984-41A9-A384-D3A5508588E3}.Debug|x86.ActiveCfg = Debug|Any CPU
		{14C534B6-1984-41A9-A384-D3A5508588E3}.Release|Any CPU.ActiveCfg = Release|Any CPU
		{14C534B6-1984-41A9-A384-D3A5508588E3}.Release|Any CPU.Build.0 = Release|Any CPU
		{14C534B6-1984-41A9-A384-D3A5508588E3}.Release|ARM.ActiveCfg = Release|Any CPU
		{14C534B6-1984-41A9-A384-D3A5508588E3}.Release|iPhone.ActiveCfg = Release|Any CPU
		{14C534B6-1984-41A9-A384-D3A5508588E3}.Release|iPhoneSimulator.ActiveCfg = Release|Any CPU
		{14C534B6-1984-41A9-A384-D3A5508588E3}.Release|Mixed Platforms.ActiveCfg = Release|Any CPU
		{14C534B6-1984-41A9-A384-D3A5508588E3}.Release|Mixed Platforms.Build.0 = Release|Any CPU
		{14C534B6-1984-41A9-A384-D3A5508588E3}.Release|x86.ActiveCfg = Release|Any CPU
		{14C534B6-1984-41A9-A384-D3A5508588E3}.WinPhoneRelease|Any CPU.ActiveCfg = Release|Any CPU
		{14C534B6-1984-41A9-A384-D3A5508588E3}.WinPhoneRelease|Any CPU.Build.0 = Release|Any CPU
		{14C534B6-1984-41A9-A384-D3A5508588E3}.WinPhoneRelease|ARM.ActiveCfg = Release|Any CPU
		{14C534B6-1984-41A9-A384-D3A5508588E3}.WinPhoneRelease|iPhone.ActiveCfg = Release|Any CPU
		{14C534B6-1984-41A9-A384-D3A5508588E3}.WinPhoneRelease|iPhoneSimulator.ActiveCfg = Release|Any CPU
		{14C534B6-1984-41A9-A384-D3A5508588E3}.WinPhoneRelease|Mixed Platforms.ActiveCfg = Release|Any CPU
		{14C534B6-1984-41A9-A384-D3A5508588E3}.WinPhoneRelease|Mixed Platforms.Build.0 = Release|Any CPU
		{14C534B6-1984-41A9-A384-D3A5508588E3}.WinPhoneRelease|x86.ActiveCfg = Release|Any CPU
		{D525F236-6A2D-4010-B1CC-4A4B8581C90B}.Ad-Hoc|Any CPU.ActiveCfg = Release|Any CPU
		{D525F236-6A2D-4010-B1CC-4A4B8581C90B}.Ad-Hoc|Any CPU.Build.0 = Release|Any CPU
		{D525F236-6A2D-4010-B1CC-4A4B8581C90B}.Ad-Hoc|ARM.ActiveCfg = Release|Any CPU
		{D525F236-6A2D-4010-B1CC-4A4B8581C90B}.Ad-Hoc|iPhone.ActiveCfg = Release|Any CPU
		{D525F236-6A2D-4010-B1CC-4A4B8581C90B}.Ad-Hoc|iPhoneSimulator.ActiveCfg = Release|Any CPU
		{D525F236-6A2D-4010-B1CC-4A4B8581C90B}.Ad-Hoc|Mixed Platforms.ActiveCfg = Release|Any CPU
		{D525F236-6A2D-4010-B1CC-4A4B8581C90B}.Ad-Hoc|Mixed Platforms.Build.0 = Release|Any CPU
		{D525F236-6A2D-4010-B1CC-4A4B8581C90B}.Ad-Hoc|x86.ActiveCfg = Release|Any CPU
		{D525F236-6A2D-4010-B1CC-4A4B8581C90B}.AppStore|Any CPU.ActiveCfg = Release|Any CPU
		{D525F236-6A2D-4010-B1CC-4A4B8581C90B}.AppStore|Any CPU.Build.0 = Release|Any CPU
		{D525F236-6A2D-4010-B1CC-4A4B8581C90B}.AppStore|ARM.ActiveCfg = Release|Any CPU
		{D525F236-6A2D-4010-B1CC-4A4B8581C90B}.AppStore|iPhone.ActiveCfg = Release|Any CPU
		{D525F236-6A2D-4010-B1CC-4A4B8581C90B}.AppStore|iPhoneSimulator.ActiveCfg = Release|Any CPU
		{D525F236-6A2D-4010-B1CC-4A4B8581C90B}.AppStore|Mixed Platforms.ActiveCfg = Release|Any CPU
		{D525F236-6A2D-4010-B1CC-4A4B8581C90B}.AppStore|Mixed Platforms.Build.0 = Release|Any CPU
		{D525F236-6A2D-4010-B1CC-4A4B8581C90B}.AppStore|x86.ActiveCfg = Release|Any CPU
		{D525F236-6A2D-4010-B1CC-4A4B8581C90B}.Debug|Any CPU.ActiveCfg = Debug|Any CPU
		{D525F236-6A2D-4010-B1CC-4A4B8581C90B}.Debug|Any CPU.Build.0 = Debug|Any CPU
		{D525F236-6A2D-4010-B1CC-4A4B8581C90B}.Debug|ARM.ActiveCfg = Debug|Any CPU
		{D525F236-6A2D-4010-B1CC-4A4B8581C90B}.Debug|iPhone.ActiveCfg = Debug|Any CPU
		{D525F236-6A2D-4010-B1CC-4A4B8581C90B}.Debug|iPhoneSimulator.ActiveCfg = Debug|Any CPU
		{D525F236-6A2D-4010-B1CC-4A4B8581C90B}.Debug|Mixed Platforms.ActiveCfg = Debug|Any CPU
		{D525F236-6A2D-4010-B1CC-4A4B8581C90B}.Debug|Mixed Platforms.Build.0 = Debug|Any CPU
		{D525F236-6A2D-4010-B1CC-4A4B8581C90B}.Debug|x86.ActiveCfg = Debug|Any CPU
		{D525F236-6A2D-4010-B1CC-4A4B8581C90B}.Release|Any CPU.ActiveCfg = Release|Any CPU
		{D525F236-6A2D-4010-B1CC-4A4B8581C90B}.Release|Any CPU.Build.0 = Release|Any CPU
		{D525F236-6A2D-4010-B1CC-4A4B8581C90B}.Release|ARM.ActiveCfg = Release|Any CPU
		{D525F236-6A2D-4010-B1CC-4A4B8581C90B}.Release|iPhone.ActiveCfg = Release|Any CPU
		{D525F236-6A2D-4010-B1CC-4A4B8581C90B}.Release|iPhoneSimulator.ActiveCfg = Release|Any CPU
		{D525F236-6A2D-4010-B1CC-4A4B8581C90B}.Release|Mixed Platforms.ActiveCfg = Release|Any CPU
		{D525F236-6A2D-4010-B1CC-4A4B8581C90B}.Release|Mixed Platforms.Build.0 = Release|Any CPU
		{D525F236-6A2D-4010-B1CC-4A4B8581C90B}.Release|x86.ActiveCfg = Release|Any CPU
		{D525F236-6A2D-4010-B1CC-4A4B8581C90B}.WinPhoneRelease|Any CPU.ActiveCfg = Release|Any CPU
		{D525F236-6A2D-4010-B1CC-4A4B8581C90B}.WinPhoneRelease|Any CPU.Build.0 = Release|Any CPU
		{D525F236-6A2D-4010-B1CC-4A4B8581C90B}.WinPhoneRelease|ARM.ActiveCfg = Release|Any CPU
		{D525F236-6A2D-4010-B1CC-4A4B8581C90B}.WinPhoneRelease|iPhone.ActiveCfg = Release|Any CPU
		{D525F236-6A2D-4010-B1CC-4A4B8581C90B}.WinPhoneRelease|iPhoneSimulator.ActiveCfg = Release|Any CPU
		{D525F236-6A2D-4010-B1CC-4A4B8581C90B}.WinPhoneRelease|Mixed Platforms.ActiveCfg = Release|Any CPU
		{D525F236-6A2D-4010-B1CC-4A4B8581C90B}.WinPhoneRelease|Mixed Platforms.Build.0 = Release|Any CPU
		{D525F236-6A2D-4010-B1CC-4A4B8581C90B}.WinPhoneRelease|x86.ActiveCfg = Release|Any CPU
		{773EE870-6D95-4B72-876F-A9F0AF5DBE99}.Ad-Hoc|Any CPU.ActiveCfg = Release|Any CPU
		{773EE870-6D95-4B72-876F-A9F0AF5DBE99}.Ad-Hoc|Any CPU.Build.0 = Release|Any CPU
		{773EE870-6D95-4B72-876F-A9F0AF5DBE99}.Ad-Hoc|ARM.ActiveCfg = Release|Any CPU
		{773EE870-6D95-4B72-876F-A9F0AF5DBE99}.Ad-Hoc|iPhone.ActiveCfg = Release|Any CPU
		{773EE870-6D95-4B72-876F-A9F0AF5DBE99}.Ad-Hoc|iPhoneSimulator.ActiveCfg = Release|Any CPU
		{773EE870-6D95-4B72-876F-A9F0AF5DBE99}.Ad-Hoc|Mixed Platforms.ActiveCfg = Release|Any CPU
		{773EE870-6D95-4B72-876F-A9F0AF5DBE99}.Ad-Hoc|Mixed Platforms.Build.0 = Release|Any CPU
		{773EE870-6D95-4B72-876F-A9F0AF5DBE99}.Ad-Hoc|x86.ActiveCfg = Release|Any CPU
		{773EE870-6D95-4B72-876F-A9F0AF5DBE99}.AppStore|Any CPU.ActiveCfg = Release|Any CPU
		{773EE870-6D95-4B72-876F-A9F0AF5DBE99}.AppStore|Any CPU.Build.0 = Release|Any CPU
		{773EE870-6D95-4B72-876F-A9F0AF5DBE99}.AppStore|ARM.ActiveCfg = Release|Any CPU
		{773EE870-6D95-4B72-876F-A9F0AF5DBE99}.AppStore|iPhone.ActiveCfg = Release|Any CPU
		{773EE870-6D95-4B72-876F-A9F0AF5DBE99}.AppStore|iPhoneSimulator.ActiveCfg = Release|Any CPU
		{773EE870-6D95-4B72-876F-A9F0AF5DBE99}.AppStore|Mixed Platforms.ActiveCfg = Release|Any CPU
		{773EE870-6D95-4B72-876F-A9F0AF5DBE99}.AppStore|Mixed Platforms.Build.0 = Release|Any CPU
		{773EE870-6D95-4B72-876F-A9F0AF5DBE99}.AppStore|x86.ActiveCfg = Release|Any CPU
		{773EE870-6D95-4B72-876F-A9F0AF5DBE99}.Debug|Any CPU.ActiveCfg = Debug|Any CPU
		{773EE870-6D95-4B72-876F-A9F0AF5DBE99}.Debug|Any CPU.Build.0 = Debug|Any CPU
		{773EE870-6D95-4B72-876F-A9F0AF5DBE99}.Debug|ARM.ActiveCfg = Debug|Any CPU
		{773EE870-6D95-4B72-876F-A9F0AF5DBE99}.Debug|iPhone.ActiveCfg = Debug|Any CPU
		{773EE870-6D95-4B72-876F-A9F0AF5DBE99}.Debug|iPhoneSimulator.ActiveCfg = Debug|Any CPU
		{773EE870-6D95-4B72-876F-A9F0AF5DBE99}.Debug|Mixed Platforms.ActiveCfg = Debug|Any CPU
		{773EE870-6D95-4B72-876F-A9F0AF5DBE99}.Debug|Mixed Platforms.Build.0 = Debug|Any CPU
		{773EE870-6D95-4B72-876F-A9F0AF5DBE99}.Debug|x86.ActiveCfg = Debug|Any CPU
		{773EE870-6D95-4B72-876F-A9F0AF5DBE99}.Release|Any CPU.ActiveCfg = Release|Any CPU
		{773EE870-6D95-4B72-876F-A9F0AF5DBE99}.Release|Any CPU.Build.0 = Release|Any CPU
		{773EE870-6D95-4B72-876F-A9F0AF5DBE99}.Release|ARM.ActiveCfg = Release|Any CPU
		{773EE870-6D95-4B72-876F-A9F0AF5DBE99}.Release|iPhone.ActiveCfg = Release|Any CPU
		{773EE870-6D95-4B72-876F-A9F0AF5DBE99}.Release|iPhoneSimulator.ActiveCfg = Release|Any CPU
		{773EE870-6D95-4B72-876F-A9F0AF5DBE99}.Release|Mixed Platforms.ActiveCfg = Release|Any CPU
		{773EE870-6D95-4B72-876F-A9F0AF5DBE99}.Release|Mixed Platforms.Build.0 = Release|Any CPU
		{773EE870-6D95-4B72-876F-A9F0AF5DBE99}.Release|x86.ActiveCfg = Release|Any CPU
		{773EE870-6D95-4B72-876F-A9F0AF5DBE99}.WinPhoneRelease|Any CPU.ActiveCfg = Release|Any CPU
		{773EE870-6D95-4B72-876F-A9F0AF5DBE99}.WinPhoneRelease|Any CPU.Build.0 = Release|Any CPU
		{773EE870-6D95-4B72-876F-A9F0AF5DBE99}.WinPhoneRelease|ARM.ActiveCfg = Release|Any CPU
		{773EE870-6D95-4B72-876F-A9F0AF5DBE99}.WinPhoneRelease|iPhone.ActiveCfg = Release|Any CPU
		{773EE870-6D95-4B72-876F-A9F0AF5DBE99}.WinPhoneRelease|iPhoneSimulator.ActiveCfg = Release|Any CPU
		{773EE870-6D95-4B72-876F-A9F0AF5DBE99}.WinPhoneRelease|Mixed Platforms.ActiveCfg = Release|Any CPU
		{773EE870-6D95-4B72-876F-A9F0AF5DBE99}.WinPhoneRelease|Mixed Platforms.Build.0 = Release|Any CPU
		{773EE870-6D95-4B72-876F-A9F0AF5DBE99}.WinPhoneRelease|x86.ActiveCfg = Release|Any CPU
		{AD2D2DB4-E781-4CF1-9B62-3AAD264F196D}.Ad-Hoc|Any CPU.ActiveCfg = Release|Any CPU
		{AD2D2DB4-E781-4CF1-9B62-3AAD264F196D}.Ad-Hoc|Any CPU.Build.0 = Release|Any CPU
		{AD2D2DB4-E781-4CF1-9B62-3AAD264F196D}.Ad-Hoc|ARM.ActiveCfg = Release|Any CPU
		{AD2D2DB4-E781-4CF1-9B62-3AAD264F196D}.Ad-Hoc|iPhone.ActiveCfg = Release|Any CPU
		{AD2D2DB4-E781-4CF1-9B62-3AAD264F196D}.Ad-Hoc|iPhoneSimulator.ActiveCfg = Release|Any CPU
		{AD2D2DB4-E781-4CF1-9B62-3AAD264F196D}.Ad-Hoc|Mixed Platforms.ActiveCfg = Release|Any CPU
		{AD2D2DB4-E781-4CF1-9B62-3AAD264F196D}.Ad-Hoc|Mixed Platforms.Build.0 = Release|Any CPU
		{AD2D2DB4-E781-4CF1-9B62-3AAD264F196D}.Ad-Hoc|x86.ActiveCfg = Release|Any CPU
		{AD2D2DB4-E781-4CF1-9B62-3AAD264F196D}.AppStore|Any CPU.ActiveCfg = Release|Any CPU
		{AD2D2DB4-E781-4CF1-9B62-3AAD264F196D}.AppStore|Any CPU.Build.0 = Release|Any CPU
		{AD2D2DB4-E781-4CF1-9B62-3AAD264F196D}.AppStore|ARM.ActiveCfg = Release|Any CPU
		{AD2D2DB4-E781-4CF1-9B62-3AAD264F196D}.AppStore|iPhone.ActiveCfg = Release|Any CPU
		{AD2D2DB4-E781-4CF1-9B62-3AAD264F196D}.AppStore|iPhoneSimulator.ActiveCfg = Release|Any CPU
		{AD2D2DB4-E781-4CF1-9B62-3AAD264F196D}.AppStore|Mixed Platforms.ActiveCfg = Release|Any CPU
		{AD2D2DB4-E781-4CF1-9B62-3AAD264F196D}.AppStore|Mixed Platforms.Build.0 = Release|Any CPU
		{AD2D2DB4-E781-4CF1-9B62-3AAD264F196D}.AppStore|x86.ActiveCfg = Release|Any CPU
		{AD2D2DB4-E781-4CF1-9B62-3AAD264F196D}.Debug|Any CPU.ActiveCfg = Debug|Any CPU
		{AD2D2DB4-E781-4CF1-9B62-3AAD264F196D}.Debug|Any CPU.Build.0 = Debug|Any CPU
		{AD2D2DB4-E781-4CF1-9B62-3AAD264F196D}.Debug|ARM.ActiveCfg = Debug|Any CPU
		{AD2D2DB4-E781-4CF1-9B62-3AAD264F196D}.Debug|iPhone.ActiveCfg = Debug|Any CPU
		{AD2D2DB4-E781-4CF1-9B62-3AAD264F196D}.Debug|iPhoneSimulator.ActiveCfg = Debug|Any CPU
		{AD2D2DB4-E781-4CF1-9B62-3AAD264F196D}.Debug|Mixed Platforms.ActiveCfg = Debug|Any CPU
		{AD2D2DB4-E781-4CF1-9B62-3AAD264F196D}.Debug|Mixed Platforms.Build.0 = Debug|Any CPU
		{AD2D2DB4-E781-4CF1-9B62-3AAD264F196D}.Debug|x86.ActiveCfg = Debug|Any CPU
		{AD2D2DB4-E781-4CF1-9B62-3AAD264F196D}.Release|Any CPU.ActiveCfg = Release|Any CPU
		{AD2D2DB4-E781-4CF1-9B62-3AAD264F196D}.Release|Any CPU.Build.0 = Release|Any CPU
		{AD2D2DB4-E781-4CF1-9B62-3AAD264F196D}.Release|ARM.ActiveCfg = Release|Any CPU
		{AD2D2DB4-E781-4CF1-9B62-3AAD264F196D}.Release|iPhone.ActiveCfg = Release|Any CPU
		{AD2D2DB4-E781-4CF1-9B62-3AAD264F196D}.Release|iPhoneSimulator.ActiveCfg = Release|Any CPU
		{AD2D2DB4-E781-4CF1-9B62-3AAD264F196D}.Release|Mixed Platforms.ActiveCfg = Release|Any CPU
		{AD2D2DB4-E781-4CF1-9B62-3AAD264F196D}.Release|Mixed Platforms.Build.0 = Release|Any CPU
		{AD2D2DB4-E781-4CF1-9B62-3AAD264F196D}.Release|x86.ActiveCfg = Release|Any CPU
		{AD2D2DB4-E781-4CF1-9B62-3AAD264F196D}.WinPhoneRelease|Any CPU.ActiveCfg = Release|Any CPU
		{AD2D2DB4-E781-4CF1-9B62-3AAD264F196D}.WinPhoneRelease|Any CPU.Build.0 = Release|Any CPU
		{AD2D2DB4-E781-4CF1-9B62-3AAD264F196D}.WinPhoneRelease|ARM.ActiveCfg = Release|Any CPU
		{AD2D2DB4-E781-4CF1-9B62-3AAD264F196D}.WinPhoneRelease|iPhone.ActiveCfg = Release|Any CPU
		{AD2D2DB4-E781-4CF1-9B62-3AAD264F196D}.WinPhoneRelease|iPhoneSimulator.ActiveCfg = Release|Any CPU
		{AD2D2DB4-E781-4CF1-9B62-3AAD264F196D}.WinPhoneRelease|Mixed Platforms.ActiveCfg = Release|Any CPU
		{AD2D2DB4-E781-4CF1-9B62-3AAD264F196D}.WinPhoneRelease|Mixed Platforms.Build.0 = Release|Any CPU
		{AD2D2DB4-E781-4CF1-9B62-3AAD264F196D}.WinPhoneRelease|x86.ActiveCfg = Release|Any CPU
		{983B7EFF-7E75-4A87-890A-744A0B4C5232}.Ad-Hoc|Any CPU.ActiveCfg = Release|Any CPU
		{983B7EFF-7E75-4A87-890A-744A0B4C5232}.Ad-Hoc|Any CPU.Build.0 = Release|Any CPU
		{983B7EFF-7E75-4A87-890A-744A0B4C5232}.Ad-Hoc|ARM.ActiveCfg = Release|ARM
		{983B7EFF-7E75-4A87-890A-744A0B4C5232}.Ad-Hoc|ARM.Build.0 = Release|ARM
		{983B7EFF-7E75-4A87-890A-744A0B4C5232}.Ad-Hoc|iPhone.ActiveCfg = Release|Any CPU
		{983B7EFF-7E75-4A87-890A-744A0B4C5232}.Ad-Hoc|iPhoneSimulator.ActiveCfg = Release|Any CPU
		{983B7EFF-7E75-4A87-890A-744A0B4C5232}.Ad-Hoc|Mixed Platforms.ActiveCfg = Release|x86
		{983B7EFF-7E75-4A87-890A-744A0B4C5232}.Ad-Hoc|Mixed Platforms.Build.0 = Release|x86
		{983B7EFF-7E75-4A87-890A-744A0B4C5232}.Ad-Hoc|x86.ActiveCfg = Release|x86
		{983B7EFF-7E75-4A87-890A-744A0B4C5232}.Ad-Hoc|x86.Build.0 = Release|x86
		{983B7EFF-7E75-4A87-890A-744A0B4C5232}.AppStore|Any CPU.ActiveCfg = Release|Any CPU
		{983B7EFF-7E75-4A87-890A-744A0B4C5232}.AppStore|Any CPU.Build.0 = Release|Any CPU
		{983B7EFF-7E75-4A87-890A-744A0B4C5232}.AppStore|ARM.ActiveCfg = Release|ARM
		{983B7EFF-7E75-4A87-890A-744A0B4C5232}.AppStore|ARM.Build.0 = Release|ARM
		{983B7EFF-7E75-4A87-890A-744A0B4C5232}.AppStore|iPhone.ActiveCfg = Release|Any CPU
		{983B7EFF-7E75-4A87-890A-744A0B4C5232}.AppStore|iPhoneSimulator.ActiveCfg = Release|Any CPU
		{983B7EFF-7E75-4A87-890A-744A0B4C5232}.AppStore|Mixed Platforms.ActiveCfg = Release|x86
		{983B7EFF-7E75-4A87-890A-744A0B4C5232}.AppStore|Mixed Platforms.Build.0 = Release|x86
		{983B7EFF-7E75-4A87-890A-744A0B4C5232}.AppStore|x86.ActiveCfg = Release|x86
		{983B7EFF-7E75-4A87-890A-744A0B4C5232}.AppStore|x86.Build.0 = Release|x86
		{983B7EFF-7E75-4A87-890A-744A0B4C5232}.Debug|Any CPU.ActiveCfg = Debug|Any CPU
		{983B7EFF-7E75-4A87-890A-744A0B4C5232}.Debug|Any CPU.Build.0 = Debug|Any CPU
		{983B7EFF-7E75-4A87-890A-744A0B4C5232}.Debug|ARM.ActiveCfg = Debug|ARM
		{983B7EFF-7E75-4A87-890A-744A0B4C5232}.Debug|ARM.Build.0 = Debug|ARM
		{983B7EFF-7E75-4A87-890A-744A0B4C5232}.Debug|iPhone.ActiveCfg = Debug|Any CPU
		{983B7EFF-7E75-4A87-890A-744A0B4C5232}.Debug|iPhoneSimulator.ActiveCfg = Debug|Any CPU
		{983B7EFF-7E75-4A87-890A-744A0B4C5232}.Debug|Mixed Platforms.ActiveCfg = Debug|x86
		{983B7EFF-7E75-4A87-890A-744A0B4C5232}.Debug|Mixed Platforms.Build.0 = Debug|x86
		{983B7EFF-7E75-4A87-890A-744A0B4C5232}.Debug|x86.ActiveCfg = Debug|x86
		{983B7EFF-7E75-4A87-890A-744A0B4C5232}.Debug|x86.Build.0 = Debug|x86
		{983B7EFF-7E75-4A87-890A-744A0B4C5232}.Release|Any CPU.ActiveCfg = Release|Any CPU
		{983B7EFF-7E75-4A87-890A-744A0B4C5232}.Release|Any CPU.Build.0 = Release|Any CPU
		{983B7EFF-7E75-4A87-890A-744A0B4C5232}.Release|ARM.ActiveCfg = Release|ARM
		{983B7EFF-7E75-4A87-890A-744A0B4C5232}.Release|ARM.Build.0 = Release|ARM
		{983B7EFF-7E75-4A87-890A-744A0B4C5232}.Release|iPhone.ActiveCfg = Release|Any CPU
		{983B7EFF-7E75-4A87-890A-744A0B4C5232}.Release|iPhoneSimulator.ActiveCfg = Release|Any CPU
		{983B7EFF-7E75-4A87-890A-744A0B4C5232}.Release|Mixed Platforms.ActiveCfg = Release|x86
		{983B7EFF-7E75-4A87-890A-744A0B4C5232}.Release|Mixed Platforms.Build.0 = Release|x86
		{983B7EFF-7E75-4A87-890A-744A0B4C5232}.Release|x86.ActiveCfg = Release|x86
		{983B7EFF-7E75-4A87-890A-744A0B4C5232}.Release|x86.Build.0 = Release|x86
		{983B7EFF-7E75-4A87-890A-744A0B4C5232}.WinPhoneRelease|Any CPU.ActiveCfg = Release|Any CPU
		{983B7EFF-7E75-4A87-890A-744A0B4C5232}.WinPhoneRelease|Any CPU.Build.0 = Release|Any CPU
		{983B7EFF-7E75-4A87-890A-744A0B4C5232}.WinPhoneRelease|ARM.ActiveCfg = Release|ARM
		{983B7EFF-7E75-4A87-890A-744A0B4C5232}.WinPhoneRelease|ARM.Build.0 = Release|ARM
		{983B7EFF-7E75-4A87-890A-744A0B4C5232}.WinPhoneRelease|iPhone.ActiveCfg = Release|Any CPU
		{983B7EFF-7E75-4A87-890A-744A0B4C5232}.WinPhoneRelease|iPhoneSimulator.ActiveCfg = Release|Any CPU
		{983B7EFF-7E75-4A87-890A-744A0B4C5232}.WinPhoneRelease|Mixed Platforms.ActiveCfg = Release|x86
		{983B7EFF-7E75-4A87-890A-744A0B4C5232}.WinPhoneRelease|Mixed Platforms.Build.0 = Release|x86
		{983B7EFF-7E75-4A87-890A-744A0B4C5232}.WinPhoneRelease|x86.ActiveCfg = Release|x86
		{983B7EFF-7E75-4A87-890A-744A0B4C5232}.WinPhoneRelease|x86.Build.0 = Release|x86
		{BAF5D170-F47D-42E3-88B3-B043831D33DD}.Ad-Hoc|Any CPU.ActiveCfg = Release|Any CPU
		{BAF5D170-F47D-42E3-88B3-B043831D33DD}.Ad-Hoc|Any CPU.Build.0 = Release|Any CPU
		{BAF5D170-F47D-42E3-88B3-B043831D33DD}.Ad-Hoc|ARM.ActiveCfg = Release|Any CPU
		{BAF5D170-F47D-42E3-88B3-B043831D33DD}.Ad-Hoc|iPhone.ActiveCfg = Release|Any CPU
		{BAF5D170-F47D-42E3-88B3-B043831D33DD}.Ad-Hoc|iPhoneSimulator.ActiveCfg = Release|Any CPU
		{BAF5D170-F47D-42E3-88B3-B043831D33DD}.Ad-Hoc|Mixed Platforms.ActiveCfg = Release|Any CPU
		{BAF5D170-F47D-42E3-88B3-B043831D33DD}.Ad-Hoc|Mixed Platforms.Build.0 = Release|Any CPU
		{BAF5D170-F47D-42E3-88B3-B043831D33DD}.Ad-Hoc|x86.ActiveCfg = Release|Any CPU
		{BAF5D170-F47D-42E3-88B3-B043831D33DD}.AppStore|Any CPU.ActiveCfg = Release|Any CPU
		{BAF5D170-F47D-42E3-88B3-B043831D33DD}.AppStore|Any CPU.Build.0 = Release|Any CPU
		{BAF5D170-F47D-42E3-88B3-B043831D33DD}.AppStore|ARM.ActiveCfg = Release|Any CPU
		{BAF5D170-F47D-42E3-88B3-B043831D33DD}.AppStore|iPhone.ActiveCfg = Release|Any CPU
		{BAF5D170-F47D-42E3-88B3-B043831D33DD}.AppStore|iPhoneSimulator.ActiveCfg = Release|Any CPU
		{BAF5D170-F47D-42E3-88B3-B043831D33DD}.AppStore|Mixed Platforms.ActiveCfg = Release|Any CPU
		{BAF5D170-F47D-42E3-88B3-B043831D33DD}.AppStore|Mixed Platforms.Build.0 = Release|Any CPU
		{BAF5D170-F47D-42E3-88B3-B043831D33DD}.AppStore|x86.ActiveCfg = Release|Any CPU
		{BAF5D170-F47D-42E3-88B3-B043831D33DD}.Debug|Any CPU.ActiveCfg = Debug|Any CPU
		{BAF5D170-F47D-42E3-88B3-B043831D33DD}.Debug|Any CPU.Build.0 = Debug|Any CPU
		{BAF5D170-F47D-42E3-88B3-B043831D33DD}.Debug|ARM.ActiveCfg = Debug|Any CPU
		{BAF5D170-F47D-42E3-88B3-B043831D33DD}.Debug|iPhone.ActiveCfg = Debug|Any CPU
		{BAF5D170-F47D-42E3-88B3-B043831D33DD}.Debug|iPhoneSimulator.ActiveCfg = Debug|Any CPU
		{BAF5D170-F47D-42E3-88B3-B043831D33DD}.Debug|Mixed Platforms.ActiveCfg = Debug|Any CPU
		{BAF5D170-F47D-42E3-88B3-B043831D33DD}.Debug|Mixed Platforms.Build.0 = Debug|Any CPU
		{BAF5D170-F47D-42E3-88B3-B043831D33DD}.Debug|x86.ActiveCfg = Debug|Any CPU
		{BAF5D170-F47D-42E3-88B3-B043831D33DD}.Release|Any CPU.ActiveCfg = Release|Any CPU
		{BAF5D170-F47D-42E3-88B3-B043831D33DD}.Release|Any CPU.Build.0 = Release|Any CPU
		{BAF5D170-F47D-42E3-88B3-B043831D33DD}.Release|ARM.ActiveCfg = Release|Any CPU
		{BAF5D170-F47D-42E3-88B3-B043831D33DD}.Release|iPhone.ActiveCfg = Release|Any CPU
		{BAF5D170-F47D-42E3-88B3-B043831D33DD}.Release|iPhoneSimulator.ActiveCfg = Release|Any CPU
		{BAF5D170-F47D-42E3-88B3-B043831D33DD}.Release|Mixed Platforms.ActiveCfg = Release|Any CPU
		{BAF5D170-F47D-42E3-88B3-B043831D33DD}.Release|Mixed Platforms.Build.0 = Release|Any CPU
		{BAF5D170-F47D-42E3-88B3-B043831D33DD}.Release|x86.ActiveCfg = Release|Any CPU
		{BAF5D170-F47D-42E3-88B3-B043831D33DD}.WinPhoneRelease|Any CPU.ActiveCfg = Release|Any CPU
		{BAF5D170-F47D-42E3-88B3-B043831D33DD}.WinPhoneRelease|Any CPU.Build.0 = Release|Any CPU
		{BAF5D170-F47D-42E3-88B3-B043831D33DD}.WinPhoneRelease|ARM.ActiveCfg = Release|Any CPU
		{BAF5D170-F47D-42E3-88B3-B043831D33DD}.WinPhoneRelease|iPhone.ActiveCfg = Release|Any CPU
		{BAF5D170-F47D-42E3-88B3-B043831D33DD}.WinPhoneRelease|iPhoneSimulator.ActiveCfg = Release|Any CPU
		{BAF5D170-F47D-42E3-88B3-B043831D33DD}.WinPhoneRelease|Mixed Platforms.ActiveCfg = Release|Any CPU
		{BAF5D170-F47D-42E3-88B3-B043831D33DD}.WinPhoneRelease|Mixed Platforms.Build.0 = Release|Any CPU
		{BAF5D170-F47D-42E3-88B3-B043831D33DD}.WinPhoneRelease|x86.ActiveCfg = Release|Any CPU
		{7BC87649-283D-4568-994B-C40A7B29A10B}.Ad-Hoc|Any CPU.ActiveCfg = Ad-Hoc|iPhone
		{7BC87649-283D-4568-994B-C40A7B29A10B}.Ad-Hoc|ARM.ActiveCfg = Ad-Hoc|iPhone
		{7BC87649-283D-4568-994B-C40A7B29A10B}.Ad-Hoc|iPhone.ActiveCfg = Ad-Hoc|iPhone
		{7BC87649-283D-4568-994B-C40A7B29A10B}.Ad-Hoc|iPhone.Build.0 = Ad-Hoc|iPhone
		{7BC87649-283D-4568-994B-C40A7B29A10B}.Ad-Hoc|iPhoneSimulator.ActiveCfg = Ad-Hoc|iPhoneSimulator
		{7BC87649-283D-4568-994B-C40A7B29A10B}.Ad-Hoc|iPhoneSimulator.Build.0 = Ad-Hoc|iPhoneSimulator
		{7BC87649-283D-4568-994B-C40A7B29A10B}.Ad-Hoc|Mixed Platforms.ActiveCfg = Ad-Hoc|iPhone
		{7BC87649-283D-4568-994B-C40A7B29A10B}.Ad-Hoc|Mixed Platforms.Build.0 = Ad-Hoc|iPhone
		{7BC87649-283D-4568-994B-C40A7B29A10B}.Ad-Hoc|x86.ActiveCfg = Ad-Hoc|iPhone
		{7BC87649-283D-4568-994B-C40A7B29A10B}.AppStore|Any CPU.ActiveCfg = AppStore|iPhone
		{7BC87649-283D-4568-994B-C40A7B29A10B}.AppStore|ARM.ActiveCfg = AppStore|iPhone
		{7BC87649-283D-4568-994B-C40A7B29A10B}.AppStore|iPhone.ActiveCfg = AppStore|iPhone
		{7BC87649-283D-4568-994B-C40A7B29A10B}.AppStore|iPhone.Build.0 = AppStore|iPhone
		{7BC87649-283D-4568-994B-C40A7B29A10B}.AppStore|iPhoneSimulator.ActiveCfg = AppStore|iPhoneSimulator
		{7BC87649-283D-4568-994B-C40A7B29A10B}.AppStore|iPhoneSimulator.Build.0 = AppStore|iPhoneSimulator
		{7BC87649-283D-4568-994B-C40A7B29A10B}.AppStore|Mixed Platforms.ActiveCfg = AppStore|iPhone
		{7BC87649-283D-4568-994B-C40A7B29A10B}.AppStore|Mixed Platforms.Build.0 = AppStore|iPhone
		{7BC87649-283D-4568-994B-C40A7B29A10B}.AppStore|x86.ActiveCfg = AppStore|iPhone
		{7BC87649-283D-4568-994B-C40A7B29A10B}.Debug|Any CPU.ActiveCfg = Debug|iPhone
		{7BC87649-283D-4568-994B-C40A7B29A10B}.Debug|ARM.ActiveCfg = Debug|iPhone
		{7BC87649-283D-4568-994B-C40A7B29A10B}.Debug|iPhone.ActiveCfg = Debug|iPhone
		{7BC87649-283D-4568-994B-C40A7B29A10B}.Debug|iPhone.Build.0 = Debug|iPhone
		{7BC87649-283D-4568-994B-C40A7B29A10B}.Debug|iPhoneSimulator.ActiveCfg = Debug|iPhoneSimulator
		{7BC87649-283D-4568-994B-C40A7B29A10B}.Debug|iPhoneSimulator.Build.0 = Debug|iPhoneSimulator
		{7BC87649-283D-4568-994B-C40A7B29A10B}.Debug|Mixed Platforms.ActiveCfg = Debug|iPhone
		{7BC87649-283D-4568-994B-C40A7B29A10B}.Debug|Mixed Platforms.Build.0 = Debug|iPhone
		{7BC87649-283D-4568-994B-C40A7B29A10B}.Debug|x86.ActiveCfg = Debug|iPhone
		{7BC87649-283D-4568-994B-C40A7B29A10B}.Release|Any CPU.ActiveCfg = Release|iPhone
		{7BC87649-283D-4568-994B-C40A7B29A10B}.Release|ARM.ActiveCfg = Release|iPhone
		{7BC87649-283D-4568-994B-C40A7B29A10B}.Release|iPhone.ActiveCfg = Release|iPhone
		{7BC87649-283D-4568-994B-C40A7B29A10B}.Release|iPhone.Build.0 = Release|iPhone
		{7BC87649-283D-4568-994B-C40A7B29A10B}.Release|iPhoneSimulator.ActiveCfg = Release|iPhoneSimulator
		{7BC87649-283D-4568-994B-C40A7B29A10B}.Release|iPhoneSimulator.Build.0 = Release|iPhoneSimulator
		{7BC87649-283D-4568-994B-C40A7B29A10B}.Release|Mixed Platforms.ActiveCfg = Release|iPhone
		{7BC87649-283D-4568-994B-C40A7B29A10B}.Release|Mixed Platforms.Build.0 = Release|iPhone
		{7BC87649-283D-4568-994B-C40A7B29A10B}.Release|x86.ActiveCfg = Release|iPhone
		{7BC87649-283D-4568-994B-C40A7B29A10B}.WinPhoneRelease|Any CPU.ActiveCfg = Release|iPhone
		{7BC87649-283D-4568-994B-C40A7B29A10B}.WinPhoneRelease|ARM.ActiveCfg = Release|iPhone
		{7BC87649-283D-4568-994B-C40A7B29A10B}.WinPhoneRelease|iPhone.ActiveCfg = Release|iPhone
		{7BC87649-283D-4568-994B-C40A7B29A10B}.WinPhoneRelease|iPhone.Build.0 = Release|iPhone
		{7BC87649-283D-4568-994B-C40A7B29A10B}.WinPhoneRelease|iPhoneSimulator.ActiveCfg = Release|iPhoneSimulator
		{7BC87649-283D-4568-994B-C40A7B29A10B}.WinPhoneRelease|iPhoneSimulator.Build.0 = Release|iPhoneSimulator
		{7BC87649-283D-4568-994B-C40A7B29A10B}.WinPhoneRelease|Mixed Platforms.ActiveCfg = Release|iPhone
		{7BC87649-283D-4568-994B-C40A7B29A10B}.WinPhoneRelease|Mixed Platforms.Build.0 = Release|iPhone
		{7BC87649-283D-4568-994B-C40A7B29A10B}.WinPhoneRelease|x86.ActiveCfg = Release|iPhone
		{20D07D6D-4E21-4FB4-9EFE-1C5C55F9C5A7}.Ad-Hoc|Any CPU.ActiveCfg = Release|Any CPU
		{20D07D6D-4E21-4FB4-9EFE-1C5C55F9C5A7}.Ad-Hoc|Any CPU.Build.0 = Release|Any CPU
		{20D07D6D-4E21-4FB4-9EFE-1C5C55F9C5A7}.Ad-Hoc|Any CPU.Deploy.0 = Release|Any CPU
		{20D07D6D-4E21-4FB4-9EFE-1C5C55F9C5A7}.Ad-Hoc|ARM.ActiveCfg = Release|Any CPU
		{20D07D6D-4E21-4FB4-9EFE-1C5C55F9C5A7}.Ad-Hoc|iPhone.ActiveCfg = Release|Any CPU
		{20D07D6D-4E21-4FB4-9EFE-1C5C55F9C5A7}.Ad-Hoc|iPhoneSimulator.ActiveCfg = Release|Any CPU
		{20D07D6D-4E21-4FB4-9EFE-1C5C55F9C5A7}.Ad-Hoc|Mixed Platforms.ActiveCfg = Release|Any CPU
		{20D07D6D-4E21-4FB4-9EFE-1C5C55F9C5A7}.Ad-Hoc|Mixed Platforms.Build.0 = Release|Any CPU
		{20D07D6D-4E21-4FB4-9EFE-1C5C55F9C5A7}.Ad-Hoc|Mixed Platforms.Deploy.0 = Release|Any CPU
		{20D07D6D-4E21-4FB4-9EFE-1C5C55F9C5A7}.Ad-Hoc|x86.ActiveCfg = Release|Any CPU
		{20D07D6D-4E21-4FB4-9EFE-1C5C55F9C5A7}.AppStore|Any CPU.ActiveCfg = Release|Any CPU
		{20D07D6D-4E21-4FB4-9EFE-1C5C55F9C5A7}.AppStore|Any CPU.Build.0 = Release|Any CPU
		{20D07D6D-4E21-4FB4-9EFE-1C5C55F9C5A7}.AppStore|Any CPU.Deploy.0 = Release|Any CPU
		{20D07D6D-4E21-4FB4-9EFE-1C5C55F9C5A7}.AppStore|ARM.ActiveCfg = Release|Any CPU
		{20D07D6D-4E21-4FB4-9EFE-1C5C55F9C5A7}.AppStore|iPhone.ActiveCfg = Release|Any CPU
		{20D07D6D-4E21-4FB4-9EFE-1C5C55F9C5A7}.AppStore|iPhoneSimulator.ActiveCfg = Release|Any CPU
		{20D07D6D-4E21-4FB4-9EFE-1C5C55F9C5A7}.AppStore|Mixed Platforms.ActiveCfg = Release|Any CPU
		{20D07D6D-4E21-4FB4-9EFE-1C5C55F9C5A7}.AppStore|Mixed Platforms.Build.0 = Release|Any CPU
		{20D07D6D-4E21-4FB4-9EFE-1C5C55F9C5A7}.AppStore|Mixed Platforms.Deploy.0 = Release|Any CPU
		{20D07D6D-4E21-4FB4-9EFE-1C5C55F9C5A7}.AppStore|x86.ActiveCfg = Release|Any CPU
		{20D07D6D-4E21-4FB4-9EFE-1C5C55F9C5A7}.Debug|Any CPU.ActiveCfg = Debug|Any CPU
		{20D07D6D-4E21-4FB4-9EFE-1C5C55F9C5A7}.Debug|Any CPU.Build.0 = Debug|Any CPU
		{20D07D6D-4E21-4FB4-9EFE-1C5C55F9C5A7}.Debug|Any CPU.Deploy.0 = Debug|Any CPU
		{20D07D6D-4E21-4FB4-9EFE-1C5C55F9C5A7}.Debug|ARM.ActiveCfg = Debug|Any CPU
		{20D07D6D-4E21-4FB4-9EFE-1C5C55F9C5A7}.Debug|iPhone.ActiveCfg = Debug|Any CPU
		{20D07D6D-4E21-4FB4-9EFE-1C5C55F9C5A7}.Debug|iPhoneSimulator.ActiveCfg = Debug|Any CPU
		{20D07D6D-4E21-4FB4-9EFE-1C5C55F9C5A7}.Debug|Mixed Platforms.ActiveCfg = Debug|Any CPU
		{20D07D6D-4E21-4FB4-9EFE-1C5C55F9C5A7}.Debug|Mixed Platforms.Build.0 = Debug|Any CPU
		{20D07D6D-4E21-4FB4-9EFE-1C5C55F9C5A7}.Debug|Mixed Platforms.Deploy.0 = Debug|Any CPU
		{20D07D6D-4E21-4FB4-9EFE-1C5C55F9C5A7}.Debug|x86.ActiveCfg = Debug|Any CPU
		{20D07D6D-4E21-4FB4-9EFE-1C5C55F9C5A7}.Release|Any CPU.ActiveCfg = Release|Any CPU
		{20D07D6D-4E21-4FB4-9EFE-1C5C55F9C5A7}.Release|Any CPU.Build.0 = Release|Any CPU
		{20D07D6D-4E21-4FB4-9EFE-1C5C55F9C5A7}.Release|Any CPU.Deploy.0 = Release|Any CPU
		{20D07D6D-4E21-4FB4-9EFE-1C5C55F9C5A7}.Release|ARM.ActiveCfg = Release|Any CPU
		{20D07D6D-4E21-4FB4-9EFE-1C5C55F9C5A7}.Release|iPhone.ActiveCfg = Release|Any CPU
		{20D07D6D-4E21-4FB4-9EFE-1C5C55F9C5A7}.Release|iPhoneSimulator.ActiveCfg = Release|Any CPU
		{20D07D6D-4E21-4FB4-9EFE-1C5C55F9C5A7}.Release|Mixed Platforms.ActiveCfg = Release|Any CPU
		{20D07D6D-4E21-4FB4-9EFE-1C5C55F9C5A7}.Release|Mixed Platforms.Build.0 = Release|Any CPU
		{20D07D6D-4E21-4FB4-9EFE-1C5C55F9C5A7}.Release|Mixed Platforms.Deploy.0 = Release|Any CPU
		{20D07D6D-4E21-4FB4-9EFE-1C5C55F9C5A7}.Release|x86.ActiveCfg = Release|Any CPU
		{20D07D6D-4E21-4FB4-9EFE-1C5C55F9C5A7}.WinPhoneRelease|Any CPU.ActiveCfg = Release|Any CPU
		{20D07D6D-4E21-4FB4-9EFE-1C5C55F9C5A7}.WinPhoneRelease|Any CPU.Build.0 = Release|Any CPU
		{20D07D6D-4E21-4FB4-9EFE-1C5C55F9C5A7}.WinPhoneRelease|Any CPU.Deploy.0 = Release|Any CPU
		{20D07D6D-4E21-4FB4-9EFE-1C5C55F9C5A7}.WinPhoneRelease|ARM.ActiveCfg = Release|Any CPU
		{20D07D6D-4E21-4FB4-9EFE-1C5C55F9C5A7}.WinPhoneRelease|iPhone.ActiveCfg = Release|Any CPU
		{20D07D6D-4E21-4FB4-9EFE-1C5C55F9C5A7}.WinPhoneRelease|iPhoneSimulator.ActiveCfg = Release|Any CPU
		{20D07D6D-4E21-4FB4-9EFE-1C5C55F9C5A7}.WinPhoneRelease|Mixed Platforms.ActiveCfg = Release|Any CPU
		{20D07D6D-4E21-4FB4-9EFE-1C5C55F9C5A7}.WinPhoneRelease|Mixed Platforms.Build.0 = Release|Any CPU
		{20D07D6D-4E21-4FB4-9EFE-1C5C55F9C5A7}.WinPhoneRelease|Mixed Platforms.Deploy.0 = Release|Any CPU
		{20D07D6D-4E21-4FB4-9EFE-1C5C55F9C5A7}.WinPhoneRelease|x86.ActiveCfg = Release|Any CPU
		{3EBCA017-A91A-4DB0-8FC0-B3A3F94765C3}.Ad-Hoc|Any CPU.ActiveCfg = Release|Any CPU
		{3EBCA017-A91A-4DB0-8FC0-B3A3F94765C3}.Ad-Hoc|Any CPU.Build.0 = Release|Any CPU
		{3EBCA017-A91A-4DB0-8FC0-B3A3F94765C3}.Ad-Hoc|Any CPU.Deploy.0 = Release|Any CPU
		{3EBCA017-A91A-4DB0-8FC0-B3A3F94765C3}.Ad-Hoc|ARM.ActiveCfg = Release|ARM
		{3EBCA017-A91A-4DB0-8FC0-B3A3F94765C3}.Ad-Hoc|ARM.Build.0 = Release|ARM
		{3EBCA017-A91A-4DB0-8FC0-B3A3F94765C3}.Ad-Hoc|ARM.Deploy.0 = Release|ARM
		{3EBCA017-A91A-4DB0-8FC0-B3A3F94765C3}.Ad-Hoc|iPhone.ActiveCfg = Release|Any CPU
		{3EBCA017-A91A-4DB0-8FC0-B3A3F94765C3}.Ad-Hoc|iPhoneSimulator.ActiveCfg = Release|Any CPU
		{3EBCA017-A91A-4DB0-8FC0-B3A3F94765C3}.Ad-Hoc|Mixed Platforms.ActiveCfg = Release|x86
		{3EBCA017-A91A-4DB0-8FC0-B3A3F94765C3}.Ad-Hoc|Mixed Platforms.Build.0 = Release|x86
		{3EBCA017-A91A-4DB0-8FC0-B3A3F94765C3}.Ad-Hoc|Mixed Platforms.Deploy.0 = Release|x86
		{3EBCA017-A91A-4DB0-8FC0-B3A3F94765C3}.Ad-Hoc|x86.ActiveCfg = Release|x86
		{3EBCA017-A91A-4DB0-8FC0-B3A3F94765C3}.Ad-Hoc|x86.Build.0 = Release|x86
		{3EBCA017-A91A-4DB0-8FC0-B3A3F94765C3}.Ad-Hoc|x86.Deploy.0 = Release|x86
		{3EBCA017-A91A-4DB0-8FC0-B3A3F94765C3}.AppStore|Any CPU.ActiveCfg = Release|Any CPU
		{3EBCA017-A91A-4DB0-8FC0-B3A3F94765C3}.AppStore|Any CPU.Build.0 = Release|Any CPU
		{3EBCA017-A91A-4DB0-8FC0-B3A3F94765C3}.AppStore|Any CPU.Deploy.0 = Release|Any CPU
		{3EBCA017-A91A-4DB0-8FC0-B3A3F94765C3}.AppStore|ARM.ActiveCfg = Release|ARM
		{3EBCA017-A91A-4DB0-8FC0-B3A3F94765C3}.AppStore|ARM.Build.0 = Release|ARM
		{3EBCA017-A91A-4DB0-8FC0-B3A3F94765C3}.AppStore|ARM.Deploy.0 = Release|ARM
		{3EBCA017-A91A-4DB0-8FC0-B3A3F94765C3}.AppStore|iPhone.ActiveCfg = Release|Any CPU
		{3EBCA017-A91A-4DB0-8FC0-B3A3F94765C3}.AppStore|iPhoneSimulator.ActiveCfg = Release|Any CPU
		{3EBCA017-A91A-4DB0-8FC0-B3A3F94765C3}.AppStore|Mixed Platforms.ActiveCfg = Release|x86
		{3EBCA017-A91A-4DB0-8FC0-B3A3F94765C3}.AppStore|Mixed Platforms.Build.0 = Release|x86
		{3EBCA017-A91A-4DB0-8FC0-B3A3F94765C3}.AppStore|Mixed Platforms.Deploy.0 = Release|x86
		{3EBCA017-A91A-4DB0-8FC0-B3A3F94765C3}.AppStore|x86.ActiveCfg = Release|x86
		{3EBCA017-A91A-4DB0-8FC0-B3A3F94765C3}.AppStore|x86.Build.0 = Release|x86
		{3EBCA017-A91A-4DB0-8FC0-B3A3F94765C3}.AppStore|x86.Deploy.0 = Release|x86
		{3EBCA017-A91A-4DB0-8FC0-B3A3F94765C3}.Debug|Any CPU.ActiveCfg = Debug|Any CPU
		{3EBCA017-A91A-4DB0-8FC0-B3A3F94765C3}.Debug|Any CPU.Build.0 = Debug|Any CPU
		{3EBCA017-A91A-4DB0-8FC0-B3A3F94765C3}.Debug|Any CPU.Deploy.0 = Debug|Any CPU
		{3EBCA017-A91A-4DB0-8FC0-B3A3F94765C3}.Debug|ARM.ActiveCfg = Debug|ARM
		{3EBCA017-A91A-4DB0-8FC0-B3A3F94765C3}.Debug|ARM.Build.0 = Debug|ARM
		{3EBCA017-A91A-4DB0-8FC0-B3A3F94765C3}.Debug|ARM.Deploy.0 = Debug|ARM
		{3EBCA017-A91A-4DB0-8FC0-B3A3F94765C3}.Debug|iPhone.ActiveCfg = Debug|Any CPU
		{3EBCA017-A91A-4DB0-8FC0-B3A3F94765C3}.Debug|iPhoneSimulator.ActiveCfg = Debug|Any CPU
		{3EBCA017-A91A-4DB0-8FC0-B3A3F94765C3}.Debug|Mixed Platforms.ActiveCfg = Debug|x86
		{3EBCA017-A91A-4DB0-8FC0-B3A3F94765C3}.Debug|Mixed Platforms.Build.0 = Debug|x86
		{3EBCA017-A91A-4DB0-8FC0-B3A3F94765C3}.Debug|Mixed Platforms.Deploy.0 = Debug|x86
		{3EBCA017-A91A-4DB0-8FC0-B3A3F94765C3}.Debug|x86.ActiveCfg = Debug|x86
		{3EBCA017-A91A-4DB0-8FC0-B3A3F94765C3}.Debug|x86.Build.0 = Debug|x86
		{3EBCA017-A91A-4DB0-8FC0-B3A3F94765C3}.Debug|x86.Deploy.0 = Debug|x86
		{3EBCA017-A91A-4DB0-8FC0-B3A3F94765C3}.Release|Any CPU.ActiveCfg = Release|Any CPU
		{3EBCA017-A91A-4DB0-8FC0-B3A3F94765C3}.Release|Any CPU.Build.0 = Release|Any CPU
		{3EBCA017-A91A-4DB0-8FC0-B3A3F94765C3}.Release|Any CPU.Deploy.0 = Release|Any CPU
		{3EBCA017-A91A-4DB0-8FC0-B3A3F94765C3}.Release|ARM.ActiveCfg = Release|ARM
		{3EBCA017-A91A-4DB0-8FC0-B3A3F94765C3}.Release|ARM.Build.0 = Release|ARM
		{3EBCA017-A91A-4DB0-8FC0-B3A3F94765C3}.Release|ARM.Deploy.0 = Release|ARM
		{3EBCA017-A91A-4DB0-8FC0-B3A3F94765C3}.Release|iPhone.ActiveCfg = Release|Any CPU
		{3EBCA017-A91A-4DB0-8FC0-B3A3F94765C3}.Release|iPhoneSimulator.ActiveCfg = Release|Any CPU
		{3EBCA017-A91A-4DB0-8FC0-B3A3F94765C3}.Release|Mixed Platforms.ActiveCfg = Release|x86
		{3EBCA017-A91A-4DB0-8FC0-B3A3F94765C3}.Release|Mixed Platforms.Build.0 = Release|x86
		{3EBCA017-A91A-4DB0-8FC0-B3A3F94765C3}.Release|Mixed Platforms.Deploy.0 = Release|x86
		{3EBCA017-A91A-4DB0-8FC0-B3A3F94765C3}.Release|x86.ActiveCfg = Release|x86
		{3EBCA017-A91A-4DB0-8FC0-B3A3F94765C3}.Release|x86.Build.0 = Release|x86
		{3EBCA017-A91A-4DB0-8FC0-B3A3F94765C3}.Release|x86.Deploy.0 = Release|x86
		{3EBCA017-A91A-4DB0-8FC0-B3A3F94765C3}.WinPhoneRelease|Any CPU.ActiveCfg = Release|Any CPU
		{3EBCA017-A91A-4DB0-8FC0-B3A3F94765C3}.WinPhoneRelease|Any CPU.Build.0 = Release|Any CPU
		{3EBCA017-A91A-4DB0-8FC0-B3A3F94765C3}.WinPhoneRelease|Any CPU.Deploy.0 = Release|Any CPU
		{3EBCA017-A91A-4DB0-8FC0-B3A3F94765C3}.WinPhoneRelease|ARM.ActiveCfg = Release|ARM
		{3EBCA017-A91A-4DB0-8FC0-B3A3F94765C3}.WinPhoneRelease|ARM.Build.0 = Release|ARM
		{3EBCA017-A91A-4DB0-8FC0-B3A3F94765C3}.WinPhoneRelease|ARM.Deploy.0 = Release|ARM
		{3EBCA017-A91A-4DB0-8FC0-B3A3F94765C3}.WinPhoneRelease|iPhone.ActiveCfg = Release|Any CPU
		{3EBCA017-A91A-4DB0-8FC0-B3A3F94765C3}.WinPhoneRelease|iPhoneSimulator.ActiveCfg = Release|Any CPU
		{3EBCA017-A91A-4DB0-8FC0-B3A3F94765C3}.WinPhoneRelease|Mixed Platforms.ActiveCfg = Release|x86
		{3EBCA017-A91A-4DB0-8FC0-B3A3F94765C3}.WinPhoneRelease|Mixed Platforms.Build.0 = Release|x86
		{3EBCA017-A91A-4DB0-8FC0-B3A3F94765C3}.WinPhoneRelease|Mixed Platforms.Deploy.0 = Release|x86
		{3EBCA017-A91A-4DB0-8FC0-B3A3F94765C3}.WinPhoneRelease|x86.ActiveCfg = Release|x86
		{3EBCA017-A91A-4DB0-8FC0-B3A3F94765C3}.WinPhoneRelease|x86.Build.0 = Release|x86
		{3EBCA017-A91A-4DB0-8FC0-B3A3F94765C3}.WinPhoneRelease|x86.Deploy.0 = Release|x86
	EndGlobalSection
	GlobalSection(SolutionProperties) = preSolution
		HideSolutionNode = FALSE
	EndGlobalSection
	GlobalSection(NestedProjects) = preSolution
		{BAF5D170-F47D-42E3-88B3-B043831D33DD} = {69D62C9F-0FC1-47BA-80B1-92628ECD3622}
		{7BC87649-283D-4568-994B-C40A7B29A10B} = {69D62C9F-0FC1-47BA-80B1-92628ECD3622}
		{20D07D6D-4E21-4FB4-9EFE-1C5C55F9C5A7} = {69D62C9F-0FC1-47BA-80B1-92628ECD3622}
		{3EBCA017-A91A-4DB0-8FC0-B3A3F94765C3} = {69D62C9F-0FC1-47BA-80B1-92628ECD3622}
	EndGlobalSection
EndGlobal
