
Microsoft Visual Studio Solution File, Format Version 12.00
# Visual Studio 2013
VisualStudioVersion = 12.0.31101.0
MinimumVisualStudioVersion = 10.0.40219.1
Project("{FAE04EC0-301F-11D3-BF4B-00C04F79EFBC}") = "PluginSampleApp", "PluginSampleApp\PluginSampleApp\PluginSampleApp.csproj", "{FB7259F4-6B54-46BC-83F7-821E1618AED0}"
EndProject
Project("{FAE04EC0-301F-11D3-BF4B-00C04F79EFBC}") = "PluginSampleApp.iOS", "PluginSampleApp\PluginSampleApp.iOS\PluginSampleApp.iOS.csproj", "{041B7161-E761-4807-B9CB-A0099AFDE714}"
EndProject
Project("{FAE04EC0-301F-11D3-BF4B-00C04F79EFBC}") = "PluginSampleApp.Droid", "PluginSampleApp\PluginSampleApp.Droid\PluginSampleApp.Droid.csproj", "{B55BB088-6790-4C86-800B-2433FFA46060}"
EndProject
Project("{FAE04EC0-301F-11D3-BF4B-00C04F79EFBC}") = "PluginSampleApp.WinPhone", "PluginSampleApp\PluginSampleApp.WinPhone\PluginSampleApp.WinPhone.csproj", "{78EE1534-88EA-4B2A-85A1-E1D68782406F}"
EndProject
Global
	GlobalSection(SolutionConfigurationPlatforms) = preSolution
		Ad-Hoc|Any CPU = Ad-Hoc|Any CPU
		Ad-Hoc|ARM = Ad-Hoc|ARM
		Ad-Hoc|iPhone = Ad-Hoc|iPhone
		Ad-Hoc|iPhoneSimulator = Ad-Hoc|iPhoneSimulator
		Ad-Hoc|Mixed Platforms = Ad-Hoc|Mixed Platforms
		Ad-Hoc|x86 = Ad-Hoc|x86
		AppStore|Any CPU = AppStore|Any CPU
		AppStore|ARM = AppStore|ARM
		AppStore|iPhone = AppStore|iPhone
		AppStore|iPhoneSimulator = AppStore|iPhoneSimulator
		AppStore|Mixed Platforms = AppStore|Mixed Platforms
		AppStore|x86 = AppStore|x86
		Debug|Any CPU = Debug|Any CPU
		Debug|ARM = Debug|ARM
		Debug|iPhone = Debug|iPhone
		Debug|iPhoneSimulator = Debug|iPhoneSimulator
		Debug|Mixed Platforms = Debug|Mixed Platforms
		Debug|x86 = Debug|x86
		Release|Any CPU = Release|Any CPU
		Release|ARM = Release|ARM
		Release|iPhone = Release|iPhone
		Release|iPhoneSimulator = Release|iPhoneSimulator
		Release|Mixed Platforms = Release|Mixed Platforms
		Release|x86 = Release|x86
	EndGlobalSection
	GlobalSection(ProjectConfigurationPlatforms) = postSolution
		{FB7259F4-6B54-46BC-83F7-821E1618AED0}.Ad-Hoc|Any CPU.ActiveCfg = Release|Any CPU
		{FB7259F4-6B54-46BC-83F7-821E1618AED0}.Ad-Hoc|Any CPU.Build.0 = Release|Any CPU
		{FB7259F4-6B54-46BC-83F7-821E1618AED0}.Ad-Hoc|ARM.ActiveCfg = Debug|Any CPU
		{FB7259F4-6B54-46BC-83F7-821E1618AED0}.Ad-Hoc|iPhone.ActiveCfg = Release|Any CPU
		{FB7259F4-6B54-46BC-83F7-821E1618AED0}.Ad-Hoc|iPhoneSimulator.ActiveCfg = Release|Any CPU
		{FB7259F4-6B54-46BC-83F7-821E1618AED0}.Ad-Hoc|Mixed Platforms.ActiveCfg = Release|Any CPU
		{FB7259F4-6B54-46BC-83F7-821E1618AED0}.Ad-Hoc|Mixed Platforms.Build.0 = Release|Any CPU
		{FB7259F4-6B54-46BC-83F7-821E1618AED0}.Ad-Hoc|x86.ActiveCfg = Debug|Any CPU
		{FB7259F4-6B54-46BC-83F7-821E1618AED0}.AppStore|Any CPU.ActiveCfg = Release|Any CPU
		{FB7259F4-6B54-46BC-83F7-821E1618AED0}.AppStore|Any CPU.Build.0 = Release|Any CPU
		{FB7259F4-6B54-46BC-83F7-821E1618AED0}.AppStore|ARM.ActiveCfg = Debug|Any CPU
		{FB7259F4-6B54-46BC-83F7-821E1618AED0}.AppStore|iPhone.ActiveCfg = Release|Any CPU
		{FB7259F4-6B54-46BC-83F7-821E1618AED0}.AppStore|iPhoneSimulator.ActiveCfg = Release|Any CPU
		{FB7259F4-6B54-46BC-83F7-821E1618AED0}.AppStore|Mixed Platforms.ActiveCfg = Release|Any CPU
		{FB7259F4-6B54-46BC-83F7-821E1618AED0}.AppStore|Mixed Platforms.Build.0 = Release|Any CPU
		{FB7259F4-6B54-46BC-83F7-821E1618AED0}.AppStore|x86.ActiveCfg = Debug|Any CPU
		{FB7259F4-6B54-46BC-83F7-821E1618AED0}.Debug|Any CPU.ActiveCfg = Debug|Any CPU
		{FB7259F4-6B54-46BC-83F7-821E1618AED0}.Debug|Any CPU.Build.0 = Debug|Any CPU
		{FB7259F4-6B54-46BC-83F7-821E1618AED0}.Debug|ARM.ActiveCfg = Debug|Any CPU
		{FB7259F4-6B54-46BC-83F7-821E1618AED0}.Debug|iPhone.ActiveCfg = Debug|Any CPU
		{FB7259F4-6B54-46BC-83F7-821E1618AED0}.Debug|iPhoneSimulator.ActiveCfg = Debug|Any CPU
		{FB7259F4-6B54-46BC-83F7-821E1618AED0}.Debug|Mixed Platforms.ActiveCfg = Debug|Any CPU
		{FB7259F4-6B54-46BC-83F7-821E1618AED0}.Debug|Mixed Platforms.Build.0 = Debug|Any CPU
		{FB7259F4-6B54-46BC-83F7-821E1618AED0}.Debug|x86.ActiveCfg = Debug|Any CPU
		{FB7259F4-6B54-46BC-83F7-821E1618AED0}.Release|Any CPU.ActiveCfg = Release|Any CPU
		{FB7259F4-6B54-46BC-83F7-821E1618AED0}.Release|Any CPU.Build.0 = Release|Any CPU
		{FB7259F4-6B54-46BC-83F7-821E1618AED0}.Release|ARM.ActiveCfg = Release|Any CPU
		{FB7259F4-6B54-46BC-83F7-821E1618AED0}.Release|iPhone.ActiveCfg = Release|Any CPU
		{FB7259F4-6B54-46BC-83F7-821E1618AED0}.Release|iPhoneSimulator.ActiveCfg = Release|Any CPU
		{FB7259F4-6B54-46BC-83F7-821E1618AED0}.Release|Mixed Platforms.ActiveCfg = Release|Any CPU
		{FB7259F4-6B54-46BC-83F7-821E1618AED0}.Release|Mixed Platforms.Build.0 = Release|Any CPU
		{FB7259F4-6B54-46BC-83F7-821E1618AED0}.Release|x86.ActiveCfg = Release|Any CPU
		{041B7161-E761-4807-B9CB-A0099AFDE714}.Ad-Hoc|Any CPU.ActiveCfg = Ad-Hoc|iPhone
		{041B7161-E761-4807-B9CB-A0099AFDE714}.Ad-Hoc|ARM.ActiveCfg = Ad-Hoc|iPhoneSimulator
		{041B7161-E761-4807-B9CB-A0099AFDE714}.Ad-Hoc|iPhone.ActiveCfg = Ad-Hoc|iPhone
		{041B7161-E761-4807-B9CB-A0099AFDE714}.Ad-Hoc|iPhone.Build.0 = Ad-Hoc|iPhone
		{041B7161-E761-4807-B9CB-A0099AFDE714}.Ad-Hoc|iPhoneSimulator.ActiveCfg = Ad-Hoc|iPhoneSimulator
		{041B7161-E761-4807-B9CB-A0099AFDE714}.Ad-Hoc|iPhoneSimulator.Build.0 = Ad-Hoc|iPhoneSimulator
		{041B7161-E761-4807-B9CB-A0099AFDE714}.Ad-Hoc|Mixed Platforms.ActiveCfg = Ad-Hoc|iPhone
		{041B7161-E761-4807-B9CB-A0099AFDE714}.Ad-Hoc|Mixed Platforms.Build.0 = Ad-Hoc|iPhone
		{041B7161-E761-4807-B9CB-A0099AFDE714}.Ad-Hoc|x86.ActiveCfg = Ad-Hoc|iPhoneSimulator
		{041B7161-E761-4807-B9CB-A0099AFDE714}.AppStore|Any CPU.ActiveCfg = AppStore|iPhone
		{041B7161-E761-4807-B9CB-A0099AFDE714}.AppStore|ARM.ActiveCfg = AppStore|iPhoneSimulator
		{041B7161-E761-4807-B9CB-A0099AFDE714}.AppStore|iPhone.ActiveCfg = AppStore|iPhone
		{041B7161-E761-4807-B9CB-A0099AFDE714}.AppStore|iPhone.Build.0 = AppStore|iPhone
		{041B7161-E761-4807-B9CB-A0099AFDE714}.AppStore|iPhoneSimulator.ActiveCfg = AppStore|iPhoneSimulator
		{041B7161-E761-4807-B9CB-A0099AFDE714}.AppStore|iPhoneSimulator.Build.0 = AppStore|iPhoneSimulator
		{041B7161-E761-4807-B9CB-A0099AFDE714}.AppStore|Mixed Platforms.ActiveCfg = AppStore|iPhone
		{041B7161-E761-4807-B9CB-A0099AFDE714}.AppStore|Mixed Platforms.Build.0 = AppStore|iPhone
		{041B7161-E761-4807-B9CB-A0099AFDE714}.AppStore|x86.ActiveCfg = AppStore|iPhoneSimulator
		{041B7161-E761-4807-B9CB-A0099AFDE714}.Debug|Any CPU.ActiveCfg = Debug|iPhone
		{041B7161-E761-4807-B9CB-A0099AFDE714}.Debug|ARM.ActiveCfg = Debug|iPhoneSimulator
		{041B7161-E761-4807-B9CB-A0099AFDE714}.Debug|iPhone.ActiveCfg = Debug|iPhone
		{041B7161-E761-4807-B9CB-A0099AFDE714}.Debug|iPhone.Build.0 = Debug|iPhone
		{041B7161-E761-4807-B9CB-A0099AFDE714}.Debug|iPhoneSimulator.ActiveCfg = Debug|iPhoneSimulator
		{041B7161-E761-4807-B9CB-A0099AFDE714}.Debug|iPhoneSimulator.Build.0 = Debug|iPhoneSimulator
		{041B7161-E761-4807-B9CB-A0099AFDE714}.Debug|Mixed Platforms.ActiveCfg = Debug|iPhone
		{041B7161-E761-4807-B9CB-A0099AFDE714}.Debug|Mixed Platforms.Build.0 = Debug|iPhone
		{041B7161-E761-4807-B9CB-A0099AFDE714}.Debug|x86.ActiveCfg = Debug|iPhoneSimulator
		{041B7161-E761-4807-B9CB-A0099AFDE714}.Release|Any CPU.ActiveCfg = Release|iPhone
		{041B7161-E761-4807-B9CB-A0099AFDE714}.Release|ARM.ActiveCfg = Release|iPhoneSimulator
		{041B7161-E761-4807-B9CB-A0099AFDE714}.Release|iPhone.ActiveCfg = Release|iPhone
		{041B7161-E761-4807-B9CB-A0099AFDE714}.Release|iPhone.Build.0 = Release|iPhone
		{041B7161-E761-4807-B9CB-A0099AFDE714}.Release|iPhoneSimulator.ActiveCfg = Release|iPhoneSimulator
		{041B7161-E761-4807-B9CB-A0099AFDE714}.Release|iPhoneSimulator.Build.0 = Release|iPhoneSimulator
		{041B7161-E761-4807-B9CB-A0099AFDE714}.Release|Mixed Platforms.ActiveCfg = Release|iPhone
		{041B7161-E761-4807-B9CB-A0099AFDE714}.Release|Mixed Platforms.Build.0 = Release|iPhone
		{041B7161-E761-4807-B9CB-A0099AFDE714}.Release|x86.ActiveCfg = Release|iPhoneSimulator
		{B55BB088-6790-4C86-800B-2433FFA46060}.Ad-Hoc|Any CPU.ActiveCfg = Release|Any CPU
		{B55BB088-6790-4C86-800B-2433FFA46060}.Ad-Hoc|Any CPU.Build.0 = Release|Any CPU
		{B55BB088-6790-4C86-800B-2433FFA46060}.Ad-Hoc|Any CPU.Deploy.0 = Release|Any CPU
		{B55BB088-6790-4C86-800B-2433FFA46060}.Ad-Hoc|ARM.ActiveCfg = Debug|Any CPU
		{B55BB088-6790-4C86-800B-2433FFA46060}.Ad-Hoc|iPhone.ActiveCfg = Release|Any CPU
		{B55BB088-6790-4C86-800B-2433FFA46060}.Ad-Hoc|iPhoneSimulator.ActiveCfg = Release|Any CPU
		{B55BB088-6790-4C86-800B-2433FFA46060}.Ad-Hoc|Mixed Platforms.ActiveCfg = Release|Any CPU
		{B55BB088-6790-4C86-800B-2433FFA46060}.Ad-Hoc|Mixed Platforms.Build.0 = Release|Any CPU
		{B55BB088-6790-4C86-800B-2433FFA46060}.Ad-Hoc|Mixed Platforms.Deploy.0 = Release|Any CPU
		{B55BB088-6790-4C86-800B-2433FFA46060}.Ad-Hoc|x86.ActiveCfg = Debug|Any CPU
		{B55BB088-6790-4C86-800B-2433FFA46060}.AppStore|Any CPU.ActiveCfg = Release|Any CPU
		{B55BB088-6790-4C86-800B-2433FFA46060}.AppStore|Any CPU.Build.0 = Release|Any CPU
		{B55BB088-6790-4C86-800B-2433FFA46060}.AppStore|Any CPU.Deploy.0 = Release|Any CPU
		{B55BB088-6790-4C86-800B-2433FFA46060}.AppStore|ARM.ActiveCfg = Debug|Any CPU
		{B55BB088-6790-4C86-800B-2433FFA46060}.AppStore|iPhone.ActiveCfg = Release|Any CPU
		{B55BB088-6790-4C86-800B-2433FFA46060}.AppStore|iPhoneSimulator.ActiveCfg = Release|Any CPU
		{B55BB088-6790-4C86-800B-2433FFA46060}.AppStore|Mixed Platforms.ActiveCfg = Release|Any CPU
		{B55BB088-6790-4C86-800B-2433FFA46060}.AppStore|Mixed Platforms.Build.0 = Release|Any CPU
		{B55BB088-6790-4C86-800B-2433FFA46060}.AppStore|Mixed Platforms.Deploy.0 = Release|Any CPU
		{B55BB088-6790-4C86-800B-2433FFA46060}.AppStore|x86.ActiveCfg = Debug|Any CPU
		{B55BB088-6790-4C86-800B-2433FFA46060}.Debug|Any CPU.ActiveCfg = Debug|Any CPU
		{B55BB088-6790-4C86-800B-2433FFA46060}.Debug|Any CPU.Build.0 = Debug|Any CPU
		{B55BB088-6790-4C86-800B-2433FFA46060}.Debug|Any CPU.Deploy.0 = Debug|Any CPU
		{B55BB088-6790-4C86-800B-2433FFA46060}.Debug|ARM.ActiveCfg = Debug|Any CPU
		{B55BB088-6790-4C86-800B-2433FFA46060}.Debug|iPhone.ActiveCfg = Debug|Any CPU
		{B55BB088-6790-4C86-800B-2433FFA46060}.Debug|iPhoneSimulator.ActiveCfg = Debug|Any CPU
		{B55BB088-6790-4C86-800B-2433FFA46060}.Debug|Mixed Platforms.ActiveCfg = Debug|Any CPU
		{B55BB088-6790-4C86-800B-2433FFA46060}.Debug|Mixed Platforms.Build.0 = Debug|Any CPU
		{B55BB088-6790-4C86-800B-2433FFA46060}.Debug|Mixed Platforms.Deploy.0 = Debug|Any CPU
		{B55BB088-6790-4C86-800B-2433FFA46060}.Debug|x86.ActiveCfg = Debug|Any CPU
		{B55BB088-6790-4C86-800B-2433FFA46060}.Release|Any CPU.ActiveCfg = Release|Any CPU
		{B55BB088-6790-4C86-800B-2433FFA46060}.Release|Any CPU.Build.0 = Release|Any CPU
		{B55BB088-6790-4C86-800B-2433FFA46060}.Release|Any CPU.Deploy.0 = Release|Any CPU
		{B55BB088-6790-4C86-800B-2433FFA46060}.Release|ARM.ActiveCfg = Release|Any CPU
		{B55BB088-6790-4C86-800B-2433FFA46060}.Release|iPhone.ActiveCfg = Release|Any CPU
		{B55BB088-6790-4C86-800B-2433FFA46060}.Release|iPhoneSimulator.ActiveCfg = Release|Any CPU
		{B55BB088-6790-4C86-800B-2433FFA46060}.Release|Mixed Platforms.ActiveCfg = Release|Any CPU
		{B55BB088-6790-4C86-800B-2433FFA46060}.Release|Mixed Platforms.Build.0 = Release|Any CPU
		{B55BB088-6790-4C86-800B-2433FFA46060}.Release|Mixed Platforms.Deploy.0 = Release|Any CPU
		{B55BB088-6790-4C86-800B-2433FFA46060}.Release|x86.ActiveCfg = Release|Any CPU
		{78EE1534-88EA-4B2A-85A1-E1D68782406F}.Ad-Hoc|Any CPU.ActiveCfg = Release|Any CPU
		{78EE1534-88EA-4B2A-85A1-E1D68782406F}.Ad-Hoc|Any CPU.Build.0 = Release|Any CPU
		{78EE1534-88EA-4B2A-85A1-E1D68782406F}.Ad-Hoc|Any CPU.Deploy.0 = Release|Any CPU
		{78EE1534-88EA-4B2A-85A1-E1D68782406F}.Ad-Hoc|ARM.ActiveCfg = Release|ARM
		{78EE1534-88EA-4B2A-85A1-E1D68782406F}.Ad-Hoc|ARM.Build.0 = Release|ARM
		{78EE1534-88EA-4B2A-85A1-E1D68782406F}.Ad-Hoc|ARM.Deploy.0 = Release|ARM
		{78EE1534-88EA-4B2A-85A1-E1D68782406F}.Ad-Hoc|iPhone.ActiveCfg = Release|Any CPU
		{78EE1534-88EA-4B2A-85A1-E1D68782406F}.Ad-Hoc|iPhoneSimulator.ActiveCfg = Release|Any CPU
		{78EE1534-88EA-4B2A-85A1-E1D68782406F}.Ad-Hoc|Mixed Platforms.ActiveCfg = Release|x86
		{78EE1534-88EA-4B2A-85A1-E1D68782406F}.Ad-Hoc|Mixed Platforms.Build.0 = Release|x86
		{78EE1534-88EA-4B2A-85A1-E1D68782406F}.Ad-Hoc|Mixed Platforms.Deploy.0 = Release|x86
		{78EE1534-88EA-4B2A-85A1-E1D68782406F}.Ad-Hoc|x86.ActiveCfg = Release|x86
		{78EE1534-88EA-4B2A-85A1-E1D68782406F}.Ad-Hoc|x86.Build.0 = Release|x86
		{78EE1534-88EA-4B2A-85A1-E1D68782406F}.Ad-Hoc|x86.Deploy.0 = Release|x86
		{78EE1534-88EA-4B2A-85A1-E1D68782406F}.AppStore|Any CPU.ActiveCfg = Release|Any CPU
		{78EE1534-88EA-4B2A-85A1-E1D68782406F}.AppStore|Any CPU.Build.0 = Release|Any CPU
		{78EE1534-88EA-4B2A-85A1-E1D68782406F}.AppStore|Any CPU.Deploy.0 = Release|Any CPU
		{78EE1534-88EA-4B2A-85A1-E1D68782406F}.AppStore|ARM.ActiveCfg = Release|ARM
		{78EE1534-88EA-4B2A-85A1-E1D68782406F}.AppStore|ARM.Build.0 = Release|ARM
		{78EE1534-88EA-4B2A-85A1-E1D68782406F}.AppStore|ARM.Deploy.0 = Release|ARM
		{78EE1534-88EA-4B2A-85A1-E1D68782406F}.AppStore|iPhone.ActiveCfg = Release|Any CPU
		{78EE1534-88EA-4B2A-85A1-E1D68782406F}.AppStore|iPhoneSimulator.ActiveCfg = Release|Any CPU
		{78EE1534-88EA-4B2A-85A1-E1D68782406F}.AppStore|Mixed Platforms.ActiveCfg = Release|x86
		{78EE1534-88EA-4B2A-85A1-E1D68782406F}.AppStore|Mixed Platforms.Build.0 = Release|x86
		{78EE1534-88EA-4B2A-85A1-E1D68782406F}.AppStore|Mixed Platforms.Deploy.0 = Release|x86
		{78EE1534-88EA-4B2A-85A1-E1D68782406F}.AppStore|x86.ActiveCfg = Release|x86
		{78EE1534-88EA-4B2A-85A1-E1D68782406F}.AppStore|x86.Build.0 = Release|x86
		{78EE1534-88EA-4B2A-85A1-E1D68782406F}.AppStore|x86.Deploy.0 = Release|x86
		{78EE1534-88EA-4B2A-85A1-E1D68782406F}.Debug|Any CPU.ActiveCfg = Debug|Any CPU
		{78EE1534-88EA-4B2A-85A1-E1D68782406F}.Debug|Any CPU.Build.0 = Debug|Any CPU
		{78EE1534-88EA-4B2A-85A1-E1D68782406F}.Debug|Any CPU.Deploy.0 = Debug|Any CPU
		{78EE1534-88EA-4B2A-85A1-E1D68782406F}.Debug|ARM.ActiveCfg = Debug|ARM
		{78EE1534-88EA-4B2A-85A1-E1D68782406F}.Debug|ARM.Build.0 = Debug|ARM
		{78EE1534-88EA-4B2A-85A1-E1D68782406F}.Debug|ARM.Deploy.0 = Debug|ARM
		{78EE1534-88EA-4B2A-85A1-E1D68782406F}.Debug|iPhone.ActiveCfg = Debug|Any CPU
		{78EE1534-88EA-4B2A-85A1-E1D68782406F}.Debug|iPhoneSimulator.ActiveCfg = Debug|Any CPU
		{78EE1534-88EA-4B2A-85A1-E1D68782406F}.Debug|Mixed Platforms.ActiveCfg = Debug|x86
		{78EE1534-88EA-4B2A-85A1-E1D68782406F}.Debug|Mixed Platforms.Build.0 = Debug|x86
		{78EE1534-88EA-4B2A-85A1-E1D68782406F}.Debug|Mixed Platforms.Deploy.0 = Debug|x86
		{78EE1534-88EA-4B2A-85A1-E1D68782406F}.Debug|x86.ActiveCfg = Debug|x86
		{78EE1534-88EA-4B2A-85A1-E1D68782406F}.Debug|x86.Build.0 = Debug|x86
		{78EE1534-88EA-4B2A-85A1-E1D68782406F}.Debug|x86.Deploy.0 = Debug|x86
		{78EE1534-88EA-4B2A-85A1-E1D68782406F}.Release|Any CPU.ActiveCfg = Release|Any CPU
		{78EE1534-88EA-4B2A-85A1-E1D68782406F}.Release|Any CPU.Build.0 = Release|Any CPU
		{78EE1534-88EA-4B2A-85A1-E1D68782406F}.Release|Any CPU.Deploy.0 = Release|Any CPU
		{78EE1534-88EA-4B2A-85A1-E1D68782406F}.Release|ARM.ActiveCfg = Release|ARM
		{78EE1534-88EA-4B2A-85A1-E1D68782406F}.Release|ARM.Build.0 = Release|ARM
		{78EE1534-88EA-4B2A-85A1-E1D68782406F}.Release|ARM.Deploy.0 = Release|ARM
		{78EE1534-88EA-4B2A-85A1-E1D68782406F}.Release|iPhone.ActiveCfg = Release|Any CPU
		{78EE1534-88EA-4B2A-85A1-E1D68782406F}.Release|iPhoneSimulator.ActiveCfg = Release|Any CPU
		{78EE1534-88EA-4B2A-85A1-E1D68782406F}.Release|Mixed Platforms.ActiveCfg = Release|x86
		{78EE1534-88EA-4B2A-85A1-E1D68782406F}.Release|Mixed Platforms.Build.0 = Release|x86
		{78EE1534-88EA-4B2A-85A1-E1D68782406F}.Release|Mixed Platforms.Deploy.0 = Release|x86
		{78EE1534-88EA-4B2A-85A1-E1D68782406F}.Release|x86.ActiveCfg = Release|x86
		{78EE1534-88EA-4B2A-85A1-E1D68782406F}.Release|x86.Build.0 = Release|x86
		{78EE1534-88EA-4B2A-85A1-E1D68782406F}.Release|x86.Deploy.0 = Release|x86
	EndGlobalSection
	GlobalSection(SolutionProperties) = preSolution
		HideSolutionNode = FALSE
	EndGlobalSection
EndGlobal
