
Microsoft Visual Studio Solution File, Format Version 12.00
# Visual Studio 2013
VisualStudioVersion = 12.0.31101.0
MinimumVisualStudioVersion = 10.0.40219.1
Project("{FAE04EC0-301F-11D3-BF4B-00C04F79EFBC}") = "PluginSampleApp", "PluginSampleApp\PluginSampleApp\PluginSampleApp.csproj", "{FB7259F4-6B54-46BC-83F7-821E1618AED0}"
EndProject
Project("{FAE04EC0-301F-11D3-BF4B-00C04F79EFBC}") = "PluginSampleApp.iOS", "PluginSampleApp\PluginSampleApp.iOS\PluginSampleApp.iOS.csproj", "{041B7161-E761-4807-B9CB-A0099AFDE714}"
EndProject
Project("{FAE04EC0-301F-11D3-BF4B-00C04F79EFBC}") = "PluginSampleApp.Droid", "PluginSampleApp\PluginSampleApp.Droid\PluginSampleApp.Droid.csproj", "{B55BB088-6790-4C86-800B-2433FFA46060}"
EndProject
Project("{FAE04EC0-301F-11D3-BF4B-00C04F79EFBC}") = "PluginSampleApp.WinPhone", "PluginSampleApp\PluginSampleApp.WinPhone\PluginSampleApp.WinPhone.csproj", "{78EE1534-88EA-4B2A-85A1-E1D68782406F}"
EndProject
Project("{2150E333-8FDC-42A3-9474-1A3956D46DE8}") = "Tests", "Tests", "{E0B779C3-A103-4D16-A0B3-1B069766EC66}"
EndProject
Project("{FAE04EC0-301F-11D3-BF4B-00C04F79EFBC}") = "UiTests", "Tests\UiTests\UiTests.csproj", "{D1A8E2E3-14B6-4238-A38A-D622427A3A80}"
EndProject
Global
	GlobalSection(SolutionConfigurationPlatforms) = preSolution
		Ad-Hoc|Android = Ad-Hoc|Android
		Ad-Hoc|iPhone = Ad-Hoc|iPhone
		Ad-Hoc|iPhoneSimulator = Ad-Hoc|iPhoneSimulator
		Ad-Hoc|WinPhone = Ad-Hoc|WinPhone
		AppStore|Android = AppStore|Android
		AppStore|iPhone = AppStore|iPhone
		AppStore|iPhoneSimulator = AppStore|iPhoneSimulator
		AppStore|WinPhone = AppStore|WinPhone
		Debug|Android = Debug|Android
		Debug|iPhone = Debug|iPhone
		Debug|iPhoneSimulator = Debug|iPhoneSimulator
		Debug|WinPhone = Debug|WinPhone
		Release|Android = Release|Android
		Release|iPhone = Release|iPhone
		Release|iPhoneSimulator = Release|iPhoneSimulator
		Release|WinPhone = Release|WinPhone
	EndGlobalSection
	GlobalSection(ProjectConfigurationPlatforms) = postSolution
		{FB7259F4-6B54-46BC-83F7-821E1618AED0}.Ad-Hoc|Android.ActiveCfg = Debug|Any CPU
		{FB7259F4-6B54-46BC-83F7-821E1618AED0}.Ad-Hoc|iPhone.ActiveCfg = Release|Any CPU
		{FB7259F4-6B54-46BC-83F7-821E1618AED0}.Ad-Hoc|iPhoneSimulator.ActiveCfg = Release|Any CPU
		{FB7259F4-6B54-46BC-83F7-821E1618AED0}.Ad-Hoc|WinPhone.ActiveCfg = Release|Any CPU
		{FB7259F4-6B54-46BC-83F7-821E1618AED0}.Ad-Hoc|WinPhone.Build.0 = Release|Any CPU
		{FB7259F4-6B54-46BC-83F7-821E1618AED0}.AppStore|Android.ActiveCfg = Debug|Any CPU
		{FB7259F4-6B54-46BC-83F7-821E1618AED0}.AppStore|iPhone.ActiveCfg = Release|Any CPU
		{FB7259F4-6B54-46BC-83F7-821E1618AED0}.AppStore|iPhoneSimulator.ActiveCfg = Release|Any CPU
		{FB7259F4-6B54-46BC-83F7-821E1618AED0}.AppStore|WinPhone.ActiveCfg = Release|Any CPU
		{FB7259F4-6B54-46BC-83F7-821E1618AED0}.AppStore|WinPhone.Build.0 = Release|Any CPU
		{FB7259F4-6B54-46BC-83F7-821E1618AED0}.Debug|Android.ActiveCfg = Debug|Any CPU
		{FB7259F4-6B54-46BC-83F7-821E1618AED0}.Debug|Android.Build.0 = Debug|Any CPU
		{FB7259F4-6B54-46BC-83F7-821E1618AED0}.Debug|iPhone.ActiveCfg = Debug|Any CPU
		{FB7259F4-6B54-46BC-83F7-821E1618AED0}.Debug|iPhone.Build.0 = Debug|Any CPU
		{FB7259F4-6B54-46BC-83F7-821E1618AED0}.Debug|iPhoneSimulator.ActiveCfg = Debug|Any CPU
		{FB7259F4-6B54-46BC-83F7-821E1618AED0}.Debug|iPhoneSimulator.Build.0 = Debug|Any CPU
		{FB7259F4-6B54-46BC-83F7-821E1618AED0}.Debug|WinPhone.ActiveCfg = Debug|Any CPU
		{FB7259F4-6B54-46BC-83F7-821E1618AED0}.Debug|WinPhone.Build.0 = Debug|Any CPU
		{FB7259F4-6B54-46BC-83F7-821E1618AED0}.Release|Android.ActiveCfg = Release|Any CPU
		{FB7259F4-6B54-46BC-83F7-821E1618AED0}.Release|iPhone.ActiveCfg = Release|Any CPU
		{FB7259F4-6B54-46BC-83F7-821E1618AED0}.Release|iPhoneSimulator.ActiveCfg = Release|Any CPU
		{FB7259F4-6B54-46BC-83F7-821E1618AED0}.Release|WinPhone.ActiveCfg = Release|Any CPU
		{FB7259F4-6B54-46BC-83F7-821E1618AED0}.Release|WinPhone.Build.0 = Release|Any CPU
		{041B7161-E761-4807-B9CB-A0099AFDE714}.Ad-Hoc|Android.ActiveCfg = Ad-Hoc|iPhoneSimulator
		{041B7161-E761-4807-B9CB-A0099AFDE714}.Ad-Hoc|iPhone.ActiveCfg = Ad-Hoc|iPhone
		{041B7161-E761-4807-B9CB-A0099AFDE714}.Ad-Hoc|iPhone.Build.0 = Ad-Hoc|iPhone
		{041B7161-E761-4807-B9CB-A0099AFDE714}.Ad-Hoc|iPhoneSimulator.ActiveCfg = Ad-Hoc|iPhoneSimulator
		{041B7161-E761-4807-B9CB-A0099AFDE714}.Ad-Hoc|iPhoneSimulator.Build.0 = Ad-Hoc|iPhoneSimulator
		{041B7161-E761-4807-B9CB-A0099AFDE714}.Ad-Hoc|WinPhone.ActiveCfg = Ad-Hoc|iPhone
		{041B7161-E761-4807-B9CB-A0099AFDE714}.AppStore|Android.ActiveCfg = AppStore|iPhoneSimulator
		{041B7161-E761-4807-B9CB-A0099AFDE714}.AppStore|iPhone.ActiveCfg = AppStore|iPhone
		{041B7161-E761-4807-B9CB-A0099AFDE714}.AppStore|iPhone.Build.0 = AppStore|iPhone
		{041B7161-E761-4807-B9CB-A0099AFDE714}.AppStore|iPhoneSimulator.ActiveCfg = AppStore|iPhoneSimulator
		{041B7161-E761-4807-B9CB-A0099AFDE714}.AppStore|iPhoneSimulator.Build.0 = AppStore|iPhoneSimulator
		{041B7161-E761-4807-B9CB-A0099AFDE714}.AppStore|WinPhone.ActiveCfg = AppStore|iPhone
		{041B7161-E761-4807-B9CB-A0099AFDE714}.Debug|Android.ActiveCfg = Debug|iPhoneSimulator
		{041B7161-E761-4807-B9CB-A0099AFDE714}.Debug|iPhone.ActiveCfg = Debug|iPhone
		{041B7161-E761-4807-B9CB-A0099AFDE714}.Debug|iPhone.Build.0 = Debug|iPhone
		{041B7161-E761-4807-B9CB-A0099AFDE714}.Debug|iPhoneSimulator.ActiveCfg = Debug|iPhoneSimulator
		{041B7161-E761-4807-B9CB-A0099AFDE714}.Debug|iPhoneSimulator.Build.0 = Debug|iPhoneSimulator
		{041B7161-E761-4807-B9CB-A0099AFDE714}.Debug|WinPhone.ActiveCfg = Debug|iPhone
		{041B7161-E761-4807-B9CB-A0099AFDE714}.Release|Android.ActiveCfg = Release|iPhoneSimulator
		{041B7161-E761-4807-B9CB-A0099AFDE714}.Release|iPhone.ActiveCfg = Release|iPhone
		{041B7161-E761-4807-B9CB-A0099AFDE714}.Release|iPhone.Build.0 = Release|iPhone
		{041B7161-E761-4807-B9CB-A0099AFDE714}.Release|iPhoneSimulator.ActiveCfg = Release|iPhoneSimulator
		{041B7161-E761-4807-B9CB-A0099AFDE714}.Release|iPhoneSimulator.Build.0 = Release|iPhoneSimulator
		{041B7161-E761-4807-B9CB-A0099AFDE714}.Release|WinPhone.ActiveCfg = Release|iPhone
		{B55BB088-6790-4C86-800B-2433FFA46060}.Ad-Hoc|Android.ActiveCfg = Debug|Any CPU
		{B55BB088-6790-4C86-800B-2433FFA46060}.Ad-Hoc|Android.Build.0 = Debug|Any CPU
		{B55BB088-6790-4C86-800B-2433FFA46060}.Ad-Hoc|Android.Deploy.0 = Debug|Any CPU
		{B55BB088-6790-4C86-800B-2433FFA46060}.Ad-Hoc|iPhone.ActiveCfg = Release|Any CPU
		{B55BB088-6790-4C86-800B-2433FFA46060}.Ad-Hoc|iPhoneSimulator.ActiveCfg = Release|Any CPU
		{B55BB088-6790-4C86-800B-2433FFA46060}.Ad-Hoc|WinPhone.ActiveCfg = Release|Any CPU
		{B55BB088-6790-4C86-800B-2433FFA46060}.Ad-Hoc|WinPhone.Build.0 = Release|Any CPU
		{B55BB088-6790-4C86-800B-2433FFA46060}.Ad-Hoc|WinPhone.Deploy.0 = Release|Any CPU
		{B55BB088-6790-4C86-800B-2433FFA46060}.AppStore|Android.ActiveCfg = Debug|Any CPU
		{B55BB088-6790-4C86-800B-2433FFA46060}.AppStore|iPhone.ActiveCfg = Release|Any CPU
		{B55BB088-6790-4C86-800B-2433FFA46060}.AppStore|iPhoneSimulator.ActiveCfg = Release|Any CPU
		{B55BB088-6790-4C86-800B-2433FFA46060}.AppStore|WinPhone.ActiveCfg = Release|Any CPU
		{B55BB088-6790-4C86-800B-2433FFA46060}.AppStore|WinPhone.Build.0 = Release|Any CPU
		{B55BB088-6790-4C86-800B-2433FFA46060}.AppStore|WinPhone.Deploy.0 = Release|Any CPU
		{B55BB088-6790-4C86-800B-2433FFA46060}.Debug|Android.ActiveCfg = Debug|Any CPU
		{B55BB088-6790-4C86-800B-2433FFA46060}.Debug|Android.Build.0 = Debug|Any CPU
		{B55BB088-6790-4C86-800B-2433FFA46060}.Debug|Android.Deploy.0 = Debug|Any CPU
		{B55BB088-6790-4C86-800B-2433FFA46060}.Debug|iPhone.ActiveCfg = Debug|Any CPU
		{B55BB088-6790-4C86-800B-2433FFA46060}.Debug|iPhoneSimulator.ActiveCfg = Debug|Any CPU
		{B55BB088-6790-4C86-800B-2433FFA46060}.Debug|WinPhone.ActiveCfg = Debug|Any CPU
		{B55BB088-6790-4C86-800B-2433FFA46060}.Release|Android.ActiveCfg = Release|Any CPU
		{B55BB088-6790-4C86-800B-2433FFA46060}.Release|iPhone.ActiveCfg = Release|Any CPU
		{B55BB088-6790-4C86-800B-2433FFA46060}.Release|iPhoneSimulator.ActiveCfg = Release|Any CPU
		{B55BB088-6790-4C86-800B-2433FFA46060}.Release|WinPhone.ActiveCfg = Release|Any CPU
		{B55BB088-6790-4C86-800B-2433FFA46060}.Release|WinPhone.Build.0 = Release|Any CPU
		{B55BB088-6790-4C86-800B-2433FFA46060}.Release|WinPhone.Deploy.0 = Release|Any CPU
		{78EE1534-88EA-4B2A-85A1-E1D68782406F}.Ad-Hoc|Android.ActiveCfg = Release|ARM
		{78EE1534-88EA-4B2A-85A1-E1D68782406F}.Ad-Hoc|iPhone.ActiveCfg = Release|Any CPU
		{78EE1534-88EA-4B2A-85A1-E1D68782406F}.Ad-Hoc|iPhoneSimulator.ActiveCfg = Release|Any CPU
		{78EE1534-88EA-4B2A-85A1-E1D68782406F}.Ad-Hoc|WinPhone.ActiveCfg = Release|Any CPU
		{78EE1534-88EA-4B2A-85A1-E1D68782406F}.Ad-Hoc|WinPhone.Build.0 = Release|Any CPU
		{78EE1534-88EA-4B2A-85A1-E1D68782406F}.Ad-Hoc|WinPhone.Deploy.0 = Release|Any CPU
		{78EE1534-88EA-4B2A-85A1-E1D68782406F}.AppStore|Android.ActiveCfg = Release|ARM
		{78EE1534-88EA-4B2A-85A1-E1D68782406F}.AppStore|Android.Build.0 = Release|ARM
		{78EE1534-88EA-4B2A-85A1-E1D68782406F}.AppStore|Android.Deploy.0 = Release|ARM
		{78EE1534-88EA-4B2A-85A1-E1D68782406F}.AppStore|iPhone.ActiveCfg = Release|Any CPU
		{78EE1534-88EA-4B2A-85A1-E1D68782406F}.AppStore|iPhoneSimulator.ActiveCfg = Release|Any CPU
		{78EE1534-88EA-4B2A-85A1-E1D68782406F}.AppStore|WinPhone.ActiveCfg = Release|Any CPU
		{78EE1534-88EA-4B2A-85A1-E1D68782406F}.AppStore|WinPhone.Build.0 = Release|Any CPU
		{78EE1534-88EA-4B2A-85A1-E1D68782406F}.AppStore|WinPhone.Deploy.0 = Release|Any CPU
		{78EE1534-88EA-4B2A-85A1-E1D68782406F}.Debug|Android.ActiveCfg = Debug|ARM
		{78EE1534-88EA-4B2A-85A1-E1D68782406F}.Debug|iPhone.ActiveCfg = Debug|Any CPU
		{78EE1534-88EA-4B2A-85A1-E1D68782406F}.Debug|iPhoneSimulator.ActiveCfg = Debug|Any CPU
		{78EE1534-88EA-4B2A-85A1-E1D68782406F}.Debug|WinPhone.ActiveCfg = Debug|Any CPU
		{78EE1534-88EA-4B2A-85A1-E1D68782406F}.Debug|WinPhone.Build.0 = Debug|Any CPU
		{78EE1534-88EA-4B2A-85A1-E1D68782406F}.Debug|WinPhone.Deploy.0 = Debug|Any CPU
		{78EE1534-88EA-4B2A-85A1-E1D68782406F}.Release|Android.ActiveCfg = Release|ARM
		{78EE1534-88EA-4B2A-85A1-E1D68782406F}.Release|Android.Build.0 = Release|ARM
		{78EE1534-88EA-4B2A-85A1-E1D68782406F}.Release|Android.Deploy.0 = Release|ARM
		{78EE1534-88EA-4B2A-85A1-E1D68782406F}.Release|iPhone.ActiveCfg = Release|Any CPU
		{78EE1534-88EA-4B2A-85A1-E1D68782406F}.Release|iPhoneSimulator.ActiveCfg = Release|Any CPU
		{78EE1534-88EA-4B2A-85A1-E1D68782406F}.Release|WinPhone.ActiveCfg = Release|Any CPU
		{78EE1534-88EA-4B2A-85A1-E1D68782406F}.Release|WinPhone.Build.0 = Release|Any CPU
		{78EE1534-88EA-4B2A-85A1-E1D68782406F}.Release|WinPhone.Deploy.0 = Release|Any CPU
		{D1A8E2E3-14B6-4238-A38A-D622427A3A80}.Ad-Hoc|Android.ActiveCfg = Debug|Any CPU
		{D1A8E2E3-14B6-4238-A38A-D622427A3A80}.Ad-Hoc|Android.Build.0 = Debug|Any CPU
		{D1A8E2E3-14B6-4238-A38A-D622427A3A80}.Ad-Hoc|iPhone.ActiveCfg = Release|Any CPU
		{D1A8E2E3-14B6-4238-A38A-D622427A3A80}.Ad-Hoc|iPhone.Build.0 = Release|Any CPU
		{D1A8E2E3-14B6-4238-A38A-D622427A3A80}.Ad-Hoc|iPhoneSimulator.ActiveCfg = Release|Any CPU
		{D1A8E2E3-14B6-4238-A38A-D622427A3A80}.Ad-Hoc|iPhoneSimulator.Build.0 = Release|Any CPU
		{D1A8E2E3-14B6-4238-A38A-D622427A3A80}.Ad-Hoc|WinPhone.ActiveCfg = Release|Any CPU
		{D1A8E2E3-14B6-4238-A38A-D622427A3A80}.Ad-Hoc|WinPhone.Build.0 = Release|Any CPU
		{D1A8E2E3-14B6-4238-A38A-D622427A3A80}.AppStore|Android.ActiveCfg = Debug|Any CPU
		{D1A8E2E3-14B6-4238-A38A-D622427A3A80}.AppStore|Android.Build.0 = Debug|Any CPU
		{D1A8E2E3-14B6-4238-A38A-D622427A3A80}.AppStore|iPhone.ActiveCfg = Release|Any CPU
		{D1A8E2E3-14B6-4238-A38A-D622427A3A80}.AppStore|iPhone.Build.0 = Release|Any CPU
		{D1A8E2E3-14B6-4238-A38A-D622427A3A80}.AppStore|iPhoneSimulator.ActiveCfg = Release|Any CPU
		{D1A8E2E3-14B6-4238-A38A-D622427A3A80}.AppStore|iPhoneSimulator.Build.0 = Release|Any CPU
		{D1A8E2E3-14B6-4238-A38A-D622427A3A80}.AppStore|WinPhone.ActiveCfg = Release|Any CPU
		{D1A8E2E3-14B6-4238-A38A-D622427A3A80}.AppStore|WinPhone.Build.0 = Release|Any CPU
		{D1A8E2E3-14B6-4238-A38A-D622427A3A80}.Debug|Android.ActiveCfg = Debug|Any CPU
		{D1A8E2E3-14B6-4238-A38A-D622427A3A80}.Debug|iPhone.ActiveCfg = Debug|Any CPU
		{D1A8E2E3-14B6-4238-A38A-D622427A3A80}.Debug|iPhone.Build.0 = Debug|Any CPU
		{D1A8E2E3-14B6-4238-A38A-D622427A3A80}.Debug|iPhoneSimulator.ActiveCfg = Debug|Any CPU
		{D1A8E2E3-14B6-4238-A38A-D622427A3A80}.Debug|iPhoneSimulator.Build.0 = Debug|Any CPU
		{D1A8E2E3-14B6-4238-A38A-D622427A3A80}.Debug|WinPhone.ActiveCfg = Debug|Any CPU
		{D1A8E2E3-14B6-4238-A38A-D622427A3A80}.Release|Android.ActiveCfg = Release|Any CPU
		{D1A8E2E3-14B6-4238-A38A-D622427A3A80}.Release|Android.Build.0 = Release|Any CPU
		{D1A8E2E3-14B6-4238-A38A-D622427A3A80}.Release|iPhone.ActiveCfg = Release|Any CPU
		{D1A8E2E3-14B6-4238-A38A-D622427A3A80}.Release|iPhone.Build.0 = Release|Any CPU
		{D1A8E2E3-14B6-4238-A38A-D622427A3A80}.Release|iPhoneSimulator.ActiveCfg = Release|Any CPU
		{D1A8E2E3-14B6-4238-A38A-D622427A3A80}.Release|iPhoneSimulator.Build.0 = Release|Any CPU
		{D1A8E2E3-14B6-4238-A38A-D622427A3A80}.Release|WinPhone.ActiveCfg = Release|Any CPU
		{D1A8E2E3-14B6-4238-A38A-D622427A3A80}.Release|WinPhone.Build.0 = Release|Any CPU
	EndGlobalSection
	GlobalSection(SolutionProperties) = preSolution
		HideSolutionNode = FALSE
	EndGlobalSection
	GlobalSection(NestedProjects) = preSolution
		{D1A8E2E3-14B6-4238-A38A-D622427A3A80} = {E0B779C3-A103-4D16-A0B3-1B069766EC66}
	EndGlobalSection
EndGlobal
