
Microsoft Visual Studio Solution File, Format Version 12.00
# Visual Studio 2012
VisualStudioVersion = 12.0.31101.0
MinimumVisualStudioVersion = 10.0.40219.1
Project("{2150E333-8FDC-42A3-9474-1A3956D46DE8}") = "SampleApp", "SampleApp", "{2E2B5E6A-9F78-4998-A487-069629AFB786}"
EndProject
Project("{FAE04EC0-301F-11D3-BF4B-00C04F79EFBC}") = "SampleApp", "SampleApp\SampleApp\SampleApp.csproj", "{EBD9C7E2-C5C5-47E3-A7F0-6A6BC41FCC12}"
EndProject
Project("{FAE04EC0-301F-11D3-BF4B-00C04F79EFBC}") = "SampleApp.iOS", "SampleApp\SampleApp.iOS\SampleApp.iOS.csproj", "{63BFB494-492C-42D1-A66C-68FAED7EB5C6}"
EndProject
Project("{FAE04EC0-301F-11D3-BF4B-00C04F79EFBC}") = "KeyboardOverlap.Forms.Plugin.iOSUnified", "KeyboardOverlap\KeyboardOverlap.Forms.Plugin.iOSUnified\KeyboardOverlap.Forms.Plugin.iOSUnified.csproj", "{BB864987-FD1A-4303-A4FC-B1F7E120E78D}"
EndProject
Global
	GlobalSection(SolutionConfigurationPlatforms) = preSolution
		Ad-Hoc|Android = Ad-Hoc|Android
		Ad-Hoc|iPhone = Ad-Hoc|iPhone
		Ad-Hoc|iPhoneSimulator = Ad-Hoc|iPhoneSimulator
		Ad-Hoc|Nuget = Ad-Hoc|Nuget
		Ad-Hoc|WinPhone = Ad-Hoc|WinPhone
		AppStore|Android = AppStore|Android
		AppStore|iPhone = AppStore|iPhone
		AppStore|iPhoneSimulator = AppStore|iPhoneSimulator
		AppStore|Nuget = AppStore|Nuget
		AppStore|WinPhone = AppStore|WinPhone
		Debug Win|Android = Debug Win|Android
		Debug Win|iPhone = Debug Win|iPhone
		Debug Win|iPhoneSimulator = Debug Win|iPhoneSimulator
		Debug Win|Nuget = Debug Win|Nuget
		Debug Win|WinPhone = Debug Win|WinPhone
		Debug|Android = Debug|Android
		Debug|iPhone = Debug|iPhone
		Debug|iPhoneSimulator = Debug|iPhoneSimulator
		Debug|Nuget = Debug|Nuget
		Debug|WinPhone = Debug|WinPhone
		Release|Android = Release|Android
		Release|iPhone = Release|iPhone
		Release|iPhoneSimulator = Release|iPhoneSimulator
		Release|Nuget = Release|Nuget
		Release|WinPhone = Release|WinPhone
		WinPhoneRelease|Android = WinPhoneRelease|Android
		WinPhoneRelease|iPhone = WinPhoneRelease|iPhone
		WinPhoneRelease|iPhoneSimulator = WinPhoneRelease|iPhoneSimulator
		WinPhoneRelease|Nuget = WinPhoneRelease|Nuget
		WinPhoneRelease|WinPhone = WinPhoneRelease|WinPhone
	EndGlobalSection
	GlobalSection(ProjectConfigurationPlatforms) = postSolution
		{63BFB494-492C-42D1-A66C-68FAED7EB5C6}.Ad-Hoc|Android.ActiveCfg = Ad-Hoc|x64
		{63BFB494-492C-42D1-A66C-68FAED7EB5C6}.Ad-Hoc|iPhone.ActiveCfg = Ad-Hoc|iPhone
		{63BFB494-492C-42D1-A66C-68FAED7EB5C6}.Ad-Hoc|iPhone.Build.0 = Ad-Hoc|iPhone
		{63BFB494-492C-42D1-A66C-68FAED7EB5C6}.Ad-Hoc|iPhoneSimulator.ActiveCfg = Ad-Hoc|iPhoneSimulator
		{63BFB494-492C-42D1-A66C-68FAED7EB5C6}.Ad-Hoc|iPhoneSimulator.Build.0 = Ad-Hoc|iPhoneSimulator
		{63BFB494-492C-42D1-A66C-68FAED7EB5C6}.Ad-Hoc|Nuget.ActiveCfg = Ad-Hoc|x64
		{63BFB494-492C-42D1-A66C-68FAED7EB5C6}.Ad-Hoc|WinPhone.ActiveCfg = Ad-Hoc|x64
		{63BFB494-492C-42D1-A66C-68FAED7EB5C6}.AppStore|Android.ActiveCfg = AppStore|x64
		{63BFB494-492C-42D1-A66C-68FAED7EB5C6}.AppStore|iPhone.ActiveCfg = AppStore|iPhone
		{63BFB494-492C-42D1-A66C-68FAED7EB5C6}.AppStore|iPhone.Build.0 = AppStore|iPhone
		{63BFB494-492C-42D1-A66C-68FAED7EB5C6}.AppStore|iPhoneSimulator.ActiveCfg = AppStore|iPhoneSimulator
		{63BFB494-492C-42D1-A66C-68FAED7EB5C6}.AppStore|iPhoneSimulator.Build.0 = AppStore|iPhoneSimulator
		{63BFB494-492C-42D1-A66C-68FAED7EB5C6}.AppStore|Nuget.ActiveCfg = AppStore|x64
		{63BFB494-492C-42D1-A66C-68FAED7EB5C6}.AppStore|WinPhone.ActiveCfg = AppStore|x64
		{63BFB494-492C-42D1-A66C-68FAED7EB5C6}.Debug Win|Android.ActiveCfg = Debug Win|x64
		{63BFB494-492C-42D1-A66C-68FAED7EB5C6}.Debug Win|iPhone.ActiveCfg = Debug|iPhone
		{63BFB494-492C-42D1-A66C-68FAED7EB5C6}.Debug Win|iPhone.Build.0 = Debug|iPhone
		{63BFB494-492C-42D1-A66C-68FAED7EB5C6}.Debug Win|iPhoneSimulator.ActiveCfg = Debug Win|iPhoneSimulator
		{63BFB494-492C-42D1-A66C-68FAED7EB5C6}.Debug Win|iPhoneSimulator.Build.0 = Debug Win|iPhoneSimulator
		{63BFB494-492C-42D1-A66C-68FAED7EB5C6}.Debug Win|Nuget.ActiveCfg = Debug Win|x64
		{63BFB494-492C-42D1-A66C-68FAED7EB5C6}.Debug Win|WinPhone.ActiveCfg = Debug Win|x64
		{63BFB494-492C-42D1-A66C-68FAED7EB5C6}.Debug|Android.ActiveCfg = Debug|x64
		{63BFB494-492C-42D1-A66C-68FAED7EB5C6}.Debug|iPhone.ActiveCfg = Debug|iPhone
		{63BFB494-492C-42D1-A66C-68FAED7EB5C6}.Debug|iPhone.Build.0 = Debug|iPhone
		{63BFB494-492C-42D1-A66C-68FAED7EB5C6}.Debug|iPhoneSimulator.ActiveCfg = Debug|iPhoneSimulator
		{63BFB494-492C-42D1-A66C-68FAED7EB5C6}.Debug|iPhoneSimulator.Build.0 = Debug|iPhoneSimulator
		{63BFB494-492C-42D1-A66C-68FAED7EB5C6}.Debug|Nuget.ActiveCfg = Debug|x64
		{63BFB494-492C-42D1-A66C-68FAED7EB5C6}.Debug|WinPhone.ActiveCfg = Debug|x64
		{63BFB494-492C-42D1-A66C-68FAED7EB5C6}.Release|Android.ActiveCfg = Release|x64
		{63BFB494-492C-42D1-A66C-68FAED7EB5C6}.Release|iPhone.ActiveCfg = Release|iPhone
		{63BFB494-492C-42D1-A66C-68FAED7EB5C6}.Release|iPhone.Build.0 = Release|iPhone
		{63BFB494-492C-42D1-A66C-68FAED7EB5C6}.Release|iPhoneSimulator.ActiveCfg = Release|iPhoneSimulator
		{63BFB494-492C-42D1-A66C-68FAED7EB5C6}.Release|iPhoneSimulator.Build.0 = Release|iPhoneSimulator
		{63BFB494-492C-42D1-A66C-68FAED7EB5C6}.Release|Nuget.ActiveCfg = Release|x64
		{63BFB494-492C-42D1-A66C-68FAED7EB5C6}.Release|WinPhone.ActiveCfg = Release|x64
		{63BFB494-492C-42D1-A66C-68FAED7EB5C6}.WinPhoneRelease|Android.ActiveCfg = WinPhoneRelease|x64
		{63BFB494-492C-42D1-A66C-68FAED7EB5C6}.WinPhoneRelease|iPhone.ActiveCfg = WinPhoneRelease|iPhone
		{63BFB494-492C-42D1-A66C-68FAED7EB5C6}.WinPhoneRelease|iPhone.Build.0 = WinPhoneRelease|iPhone
		{63BFB494-492C-42D1-A66C-68FAED7EB5C6}.WinPhoneRelease|iPhoneSimulator.ActiveCfg = WinPhoneRelease|iPhoneSimulator
		{63BFB494-492C-42D1-A66C-68FAED7EB5C6}.WinPhoneRelease|iPhoneSimulator.Build.0 = WinPhoneRelease|iPhoneSimulator
		{63BFB494-492C-42D1-A66C-68FAED7EB5C6}.WinPhoneRelease|Nuget.ActiveCfg = WinPhoneRelease|x64
		{63BFB494-492C-42D1-A66C-68FAED7EB5C6}.WinPhoneRelease|WinPhone.ActiveCfg = WinPhoneRelease|x64
		{BB864987-FD1A-4303-A4FC-B1F7E120E78D}.Ad-Hoc|Android.ActiveCfg = Release|Any CPU
		{BB864987-FD1A-4303-A4FC-B1F7E120E78D}.Ad-Hoc|Android.Build.0 = Release|Any CPU
		{BB864987-FD1A-4303-A4FC-B1F7E120E78D}.Ad-Hoc|iPhone.ActiveCfg = Release|Any CPU
		{BB864987-FD1A-4303-A4FC-B1F7E120E78D}.Ad-Hoc|iPhone.Build.0 = Release|Any CPU
		{BB864987-FD1A-4303-A4FC-B1F7E120E78D}.Ad-Hoc|iPhoneSimulator.ActiveCfg = Release|Any CPU
		{BB864987-FD1A-4303-A4FC-B1F7E120E78D}.Ad-Hoc|iPhoneSimulator.Build.0 = Release|Any CPU
		{BB864987-FD1A-4303-A4FC-B1F7E120E78D}.Ad-Hoc|Nuget.ActiveCfg = Release|Any CPU
		{BB864987-FD1A-4303-A4FC-B1F7E120E78D}.Ad-Hoc|Nuget.Build.0 = Release|Any CPU
		{BB864987-FD1A-4303-A4FC-B1F7E120E78D}.Ad-Hoc|WinPhone.ActiveCfg = Release|Any CPU
		{BB864987-FD1A-4303-A4FC-B1F7E120E78D}.Ad-Hoc|WinPhone.Build.0 = Release|Any CPU
		{BB864987-FD1A-4303-A4FC-B1F7E120E78D}.AppStore|Android.ActiveCfg = Release|Any CPU
		{BB864987-FD1A-4303-A4FC-B1F7E120E78D}.AppStore|Android.Build.0 = Release|Any CPU
		{BB864987-FD1A-4303-A4FC-B1F7E120E78D}.AppStore|iPhone.ActiveCfg = Release|Any CPU
		{BB864987-FD1A-4303-A4FC-B1F7E120E78D}.AppStore|iPhone.Build.0 = Release|Any CPU
		{BB864987-FD1A-4303-A4FC-B1F7E120E78D}.AppStore|iPhoneSimulator.ActiveCfg = Release|Any CPU
		{BB864987-FD1A-4303-A4FC-B1F7E120E78D}.AppStore|iPhoneSimulator.Build.0 = Release|Any CPU
		{BB864987-FD1A-4303-A4FC-B1F7E120E78D}.AppStore|Nuget.ActiveCfg = Release|Any CPU
		{BB864987-FD1A-4303-A4FC-B1F7E120E78D}.AppStore|Nuget.Build.0 = Release|Any CPU
		{BB864987-FD1A-4303-A4FC-B1F7E120E78D}.AppStore|WinPhone.ActiveCfg = Release|Any CPU
		{BB864987-FD1A-4303-A4FC-B1F7E120E78D}.AppStore|WinPhone.Build.0 = Release|Any CPU
		{BB864987-FD1A-4303-A4FC-B1F7E120E78D}.Debug Win|Android.ActiveCfg = Debug|Any CPU
		{BB864987-FD1A-4303-A4FC-B1F7E120E78D}.Debug Win|Android.Build.0 = Debug|Any CPU
		{BB864987-FD1A-4303-A4FC-B1F7E120E78D}.Debug Win|iPhone.ActiveCfg = Debug|Any CPU
		{BB864987-FD1A-4303-A4FC-B1F7E120E78D}.Debug Win|iPhone.Build.0 = Debug|Any CPU
		{BB864987-FD1A-4303-A4FC-B1F7E120E78D}.Debug Win|iPhoneSimulator.ActiveCfg = Debug|Any CPU
		{BB864987-FD1A-4303-A4FC-B1F7E120E78D}.Debug Win|iPhoneSimulator.Build.0 = Debug|Any CPU
		{BB864987-FD1A-4303-A4FC-B1F7E120E78D}.Debug Win|Nuget.ActiveCfg = Debug|Any CPU
		{BB864987-FD1A-4303-A4FC-B1F7E120E78D}.Debug Win|Nuget.Build.0 = Debug|Any CPU
		{BB864987-FD1A-4303-A4FC-B1F7E120E78D}.Debug Win|WinPhone.ActiveCfg = Debug|Any CPU
		{BB864987-FD1A-4303-A4FC-B1F7E120E78D}.Debug Win|WinPhone.Build.0 = Debug|Any CPU
		{BB864987-FD1A-4303-A4FC-B1F7E120E78D}.Debug|Android.ActiveCfg = Debug|Any CPU
		{BB864987-FD1A-4303-A4FC-B1F7E120E78D}.Debug|Android.Build.0 = Debug|Any CPU
		{BB864987-FD1A-4303-A4FC-B1F7E120E78D}.Debug|iPhone.ActiveCfg = Debug|Any CPU
		{BB864987-FD1A-4303-A4FC-B1F7E120E78D}.Debug|iPhone.Build.0 = Debug|Any CPU
		{BB864987-FD1A-4303-A4FC-B1F7E120E78D}.Debug|iPhoneSimulator.ActiveCfg = Debug|Any CPU
		{BB864987-FD1A-4303-A4FC-B1F7E120E78D}.Debug|iPhoneSimulator.Build.0 = Debug|Any CPU
		{BB864987-FD1A-4303-A4FC-B1F7E120E78D}.Debug|Nuget.ActiveCfg = Debug|Any CPU
		{BB864987-FD1A-4303-A4FC-B1F7E120E78D}.Debug|Nuget.Build.0 = Debug|Any CPU
		{BB864987-FD1A-4303-A4FC-B1F7E120E78D}.Debug|WinPhone.ActiveCfg = Debug|Any CPU
		{BB864987-FD1A-4303-A4FC-B1F7E120E78D}.Debug|WinPhone.Build.0 = Debug|Any CPU
		{BB864987-FD1A-4303-A4FC-B1F7E120E78D}.Release|Android.ActiveCfg = Release|Any CPU
		{BB864987-FD1A-4303-A4FC-B1F7E120E78D}.Release|Android.Build.0 = Release|Any CPU
		{BB864987-FD1A-4303-A4FC-B1F7E120E78D}.Release|iPhone.ActiveCfg = Release|Any CPU
		{BB864987-FD1A-4303-A4FC-B1F7E120E78D}.Release|iPhone.Build.0 = Release|Any CPU
		{BB864987-FD1A-4303-A4FC-B1F7E120E78D}.Release|iPhoneSimulator.ActiveCfg = Release|Any CPU
		{BB864987-FD1A-4303-A4FC-B1F7E120E78D}.Release|iPhoneSimulator.Build.0 = Release|Any CPU
		{BB864987-FD1A-4303-A4FC-B1F7E120E78D}.Release|Nuget.ActiveCfg = Release|Any CPU
		{BB864987-FD1A-4303-A4FC-B1F7E120E78D}.Release|Nuget.Build.0 = Release|Any CPU
		{BB864987-FD1A-4303-A4FC-B1F7E120E78D}.Release|WinPhone.ActiveCfg = Release|Any CPU
		{BB864987-FD1A-4303-A4FC-B1F7E120E78D}.Release|WinPhone.Build.0 = Release|Any CPU
		{BB864987-FD1A-4303-A4FC-B1F7E120E78D}.WinPhoneRelease|Android.ActiveCfg = Release|Any CPU
		{BB864987-FD1A-4303-A4FC-B1F7E120E78D}.WinPhoneRelease|Android.Build.0 = Release|Any CPU
		{BB864987-FD1A-4303-A4FC-B1F7E120E78D}.WinPhoneRelease|iPhone.ActiveCfg = Release|Any CPU
		{BB864987-FD1A-4303-A4FC-B1F7E120E78D}.WinPhoneRelease|iPhone.Build.0 = Release|Any CPU
		{BB864987-FD1A-4303-A4FC-B1F7E120E78D}.WinPhoneRelease|iPhoneSimulator.ActiveCfg = Release|Any CPU
		{BB864987-FD1A-4303-A4FC-B1F7E120E78D}.WinPhoneRelease|iPhoneSimulator.Build.0 = Release|Any CPU
		{BB864987-FD1A-4303-A4FC-B1F7E120E78D}.WinPhoneRelease|Nuget.ActiveCfg = Release|Any CPU
		{BB864987-FD1A-4303-A4FC-B1F7E120E78D}.WinPhoneRelease|Nuget.Build.0 = Release|Any CPU
		{BB864987-FD1A-4303-A4FC-B1F7E120E78D}.WinPhoneRelease|WinPhone.ActiveCfg = Release|Any CPU
		{BB864987-FD1A-4303-A4FC-B1F7E120E78D}.WinPhoneRelease|WinPhone.Build.0 = Release|Any CPU
		{EBD9C7E2-C5C5-47E3-A7F0-6A6BC41FCC12}.Ad-Hoc|Android.ActiveCfg = Debug Win|Any CPU
		{EBD9C7E2-C5C5-47E3-A7F0-6A6BC41FCC12}.Ad-Hoc|Android.Build.0 = Debug Win|Any CPU
		{EBD9C7E2-C5C5-47E3-A7F0-6A6BC41FCC12}.Ad-Hoc|iPhone.ActiveCfg = Debug Win|Any CPU
		{EBD9C7E2-C5C5-47E3-A7F0-6A6BC41FCC12}.Ad-Hoc|iPhoneSimulator.ActiveCfg = Debug Win|Any CPU
		{EBD9C7E2-C5C5-47E3-A7F0-6A6BC41FCC12}.Ad-Hoc|Nuget.ActiveCfg = Debug Win|Any CPU
		{EBD9C7E2-C5C5-47E3-A7F0-6A6BC41FCC12}.Ad-Hoc|WinPhone.ActiveCfg = Debug Win|Any CPU
		{EBD9C7E2-C5C5-47E3-A7F0-6A6BC41FCC12}.AppStore|Android.ActiveCfg = Debug Win|Any CPU
		{EBD9C7E2-C5C5-47E3-A7F0-6A6BC41FCC12}.AppStore|Android.Build.0 = Debug Win|Any CPU
		{EBD9C7E2-C5C5-47E3-A7F0-6A6BC41FCC12}.AppStore|iPhone.ActiveCfg = Debug Win|Any CPU
		{EBD9C7E2-C5C5-47E3-A7F0-6A6BC41FCC12}.AppStore|iPhoneSimulator.ActiveCfg = Debug Win|Any CPU
		{EBD9C7E2-C5C5-47E3-A7F0-6A6BC41FCC12}.AppStore|Nuget.ActiveCfg = Debug Win|Any CPU
		{EBD9C7E2-C5C5-47E3-A7F0-6A6BC41FCC12}.AppStore|WinPhone.ActiveCfg = Debug Win|Any CPU
		{EBD9C7E2-C5C5-47E3-A7F0-6A6BC41FCC12}.Debug Win|Android.ActiveCfg = Debug Win|Any CPU
		{EBD9C7E2-C5C5-47E3-A7F0-6A6BC41FCC12}.Debug Win|Android.Build.0 = Debug Win|Any CPU
		{EBD9C7E2-C5C5-47E3-A7F0-6A6BC41FCC12}.Debug Win|iPhone.ActiveCfg = Debug|Any CPU
		{EBD9C7E2-C5C5-47E3-A7F0-6A6BC41FCC12}.Debug Win|iPhone.Build.0 = Debug|Any CPU
		{EBD9C7E2-C5C5-47E3-A7F0-6A6BC41FCC12}.Debug Win|iPhoneSimulator.ActiveCfg = Debug Win|Any CPU
		{EBD9C7E2-C5C5-47E3-A7F0-6A6BC41FCC12}.Debug Win|Nuget.ActiveCfg = Debug Win|Any CPU
		{EBD9C7E2-C5C5-47E3-A7F0-6A6BC41FCC12}.Debug Win|WinPhone.ActiveCfg = Debug Win|Any CPU
		{EBD9C7E2-C5C5-47E3-A7F0-6A6BC41FCC12}.Debug|Android.ActiveCfg = Debug|Any CPU
		{EBD9C7E2-C5C5-47E3-A7F0-6A6BC41FCC12}.Debug|Android.Build.0 = Debug|Any CPU
		{EBD9C7E2-C5C5-47E3-A7F0-6A6BC41FCC12}.Debug|iPhone.ActiveCfg = Debug|Any CPU
		{EBD9C7E2-C5C5-47E3-A7F0-6A6BC41FCC12}.Debug|iPhone.Build.0 = Debug|Any CPU
		{EBD9C7E2-C5C5-47E3-A7F0-6A6BC41FCC12}.Debug|iPhoneSimulator.ActiveCfg = Debug|Any CPU
		{EBD9C7E2-C5C5-47E3-A7F0-6A6BC41FCC12}.Debug|iPhoneSimulator.Build.0 = Debug|Any CPU
		{EBD9C7E2-C5C5-47E3-A7F0-6A6BC41FCC12}.Debug|Nuget.ActiveCfg = Debug|Any CPU
		{EBD9C7E2-C5C5-47E3-A7F0-6A6BC41FCC12}.Debug|WinPhone.ActiveCfg = Debug|Any CPU
		{EBD9C7E2-C5C5-47E3-A7F0-6A6BC41FCC12}.Debug|WinPhone.Build.0 = Debug|Any CPU
		{EBD9C7E2-C5C5-47E3-A7F0-6A6BC41FCC12}.Release|Android.ActiveCfg = Release|Any CPU
		{EBD9C7E2-C5C5-47E3-A7F0-6A6BC41FCC12}.Release|Android.Build.0 = Release|Any CPU
		{EBD9C7E2-C5C5-47E3-A7F0-6A6BC41FCC12}.Release|iPhone.ActiveCfg = Release|Any CPU
		{EBD9C7E2-C5C5-47E3-A7F0-6A6BC41FCC12}.Release|iPhoneSimulator.ActiveCfg = Release|Any CPU
		{EBD9C7E2-C5C5-47E3-A7F0-6A6BC41FCC12}.Release|Nuget.ActiveCfg = Release|Any CPU
		{EBD9C7E2-C5C5-47E3-A7F0-6A6BC41FCC12}.Release|WinPhone.ActiveCfg = Release|Any CPU
		{EBD9C7E2-C5C5-47E3-A7F0-6A6BC41FCC12}.Release|WinPhone.Build.0 = Release|Any CPU
		{EBD9C7E2-C5C5-47E3-A7F0-6A6BC41FCC12}.WinPhoneRelease|Android.ActiveCfg = WinPhoneRelease|Any CPU
		{EBD9C7E2-C5C5-47E3-A7F0-6A6BC41FCC12}.WinPhoneRelease|Android.Build.0 = WinPhoneRelease|Any CPU
		{EBD9C7E2-C5C5-47E3-A7F0-6A6BC41FCC12}.WinPhoneRelease|iPhone.ActiveCfg = WinPhoneRelease|Any CPU
		{EBD9C7E2-C5C5-47E3-A7F0-6A6BC41FCC12}.WinPhoneRelease|iPhoneSimulator.ActiveCfg = WinPhoneRelease|Any CPU
		{EBD9C7E2-C5C5-47E3-A7F0-6A6BC41FCC12}.WinPhoneRelease|Nuget.ActiveCfg = WinPhoneRelease|Any CPU
		{EBD9C7E2-C5C5-47E3-A7F0-6A6BC41FCC12}.WinPhoneRelease|WinPhone.ActiveCfg = WinPhoneRelease|Any CPU
	EndGlobalSection
	GlobalSection(NestedProjects) = preSolution
		{EBD9C7E2-C5C5-47E3-A7F0-6A6BC41FCC12} = {2E2B5E6A-9F78-4998-A487-069629AFB786}
		{63BFB494-492C-42D1-A66C-68FAED7EB5C6} = {2E2B5E6A-9F78-4998-A487-069629AFB786}
	EndGlobalSection
	GlobalSection(SolutionProperties) = preSolution
		HideSolutionNode = FALSE
	EndGlobalSection
EndGlobal
