
Microsoft Visual Studio Solution File, Format Version 12.00
# Visual Studio 2012
VisualStudioVersion = 12.0.31101.0
MinimumVisualStudioVersion = 10.0.40219.1
Project("{2150E333-8FDC-42A3-9474-1A3956D46DE8}") = "SampleApps", "SampleApps", "{69D62C9F-0FC1-47BA-80B1-92628ECD3622}"
EndProject
Project("{FAE04EC0-301F-11D3-BF4B-00C04F79EFBC}") = "SampleApp", "SampleApp\SampleApp\SampleApp.csproj", "{EBD9C7E2-C5C5-47E3-A7F0-6A6BC41FCC12}"
EndProject
Project("{FAE04EC0-301F-11D3-BF4B-00C04F79EFBC}") = "SampleApp.iOS", "SampleApp\SampleApp.iOS\SampleApp.iOS.csproj", "{63BFB494-492C-42D1-A66C-68FAED7EB5C6}"
EndProject
Project("{FAE04EC0-301F-11D3-BF4B-00C04F79EFBC}") = "SampleApp.Droid", "SampleApp\SampleApp.Droid\SampleApp.Droid.csproj", "{937453F4-4FEC-45C9-8964-38971D0F3726}"
EndProject
Project("{FAE04EC0-301F-11D3-BF4B-00C04F79EFBC}") = "SampleApp.WinPhone", "SampleApp\SampleApp.WinPhone\SampleApp.WinPhone.csproj", "{90C968B7-E0B3-448F-89BD-49DA7BB2D3DA}"
EndProject
Project("{FAE04EC0-301F-11D3-BF4B-00C04F79EFBC}") = "ExtendedCells.Forms.Plugin.Abstractions", "ExtendedCells\ExtendedCells.Forms.Plugin.Abstractions\ExtendedCells.Forms.Plugin.Abstractions.csproj", "{14C534B6-1984-41A9-A384-D3A5508588E3}"
EndProject
Project("{FAE04EC0-301F-11D3-BF4B-00C04F79EFBC}") = "ExtendedCells.Forms.Plugin.Android", "ExtendedCells\ExtendedCells.Forms.Plugin.Android\ExtendedCells.Forms.Plugin.Android.csproj", "{AD2D2DB4-E781-4CF1-9B62-3AAD264F196D}"
EndProject
Project("{FAE04EC0-301F-11D3-BF4B-00C04F79EFBC}") = "ExtendedCells.Forms.Plugin.WindowsPhone", "ExtendedCells\ExtendedCells.Forms.Plugin.WindowsPhone\ExtendedCells.Forms.Plugin.WindowsPhone.csproj", "{983B7EFF-7E75-4A87-890A-744A0B4C5232}"
EndProject
Project("{FAE04EC0-301F-11D3-BF4B-00C04F79EFBC}") = "ExtendedCells.Forms.Plugin.iOSUnified", "ExtendedCells\ExtendedCells.Forms.Plugin.iOSUnified\ExtendedCells.Forms.Plugin.iOSUnified.csproj", "{D525F236-6A2D-4010-B1CC-4A4B8581C90B}"
EndProject
Global
	GlobalSection(SolutionConfigurationPlatforms) = preSolution
		Ad-Hoc|Any CPU = Ad-Hoc|Any CPU
		Ad-Hoc|ARM = Ad-Hoc|ARM
		Ad-Hoc|iPhone = Ad-Hoc|iPhone
		Ad-Hoc|iPhoneSimulator = Ad-Hoc|iPhoneSimulator
		Ad-Hoc|Mixed Platforms = Ad-Hoc|Mixed Platforms
		Ad-Hoc|x86 = Ad-Hoc|x86
		AppStore|Any CPU = AppStore|Any CPU
		AppStore|ARM = AppStore|ARM
		AppStore|iPhone = AppStore|iPhone
		AppStore|iPhoneSimulator = AppStore|iPhoneSimulator
		AppStore|Mixed Platforms = AppStore|Mixed Platforms
		AppStore|x86 = AppStore|x86
		Debug|Any CPU = Debug|Any CPU
		Debug|ARM = Debug|ARM
		Debug|iPhone = Debug|iPhone
		Debug|iPhoneSimulator = Debug|iPhoneSimulator
		Debug|Mixed Platforms = Debug|Mixed Platforms
		Debug|x86 = Debug|x86
		Release|Any CPU = Release|Any CPU
		Release|ARM = Release|ARM
		Release|iPhone = Release|iPhone
		Release|iPhoneSimulator = Release|iPhoneSimulator
		Release|Mixed Platforms = Release|Mixed Platforms
		Release|x86 = Release|x86
		WinPhoneRelease|Any CPU = WinPhoneRelease|Any CPU
		WinPhoneRelease|ARM = WinPhoneRelease|ARM
		WinPhoneRelease|iPhone = WinPhoneRelease|iPhone
		WinPhoneRelease|iPhoneSimulator = WinPhoneRelease|iPhoneSimulator
		WinPhoneRelease|Mixed Platforms = WinPhoneRelease|Mixed Platforms
		WinPhoneRelease|x86 = WinPhoneRelease|x86
	EndGlobalSection
	GlobalSection(ProjectConfigurationPlatforms) = postSolution
		{14C534B6-1984-41A9-A384-D3A5508588E3}.Ad-Hoc|Any CPU.ActiveCfg = Release|Any CPU
		{14C534B6-1984-41A9-A384-D3A5508588E3}.Ad-Hoc|Any CPU.Build.0 = Release|Any CPU
		{14C534B6-1984-41A9-A384-D3A5508588E3}.Ad-Hoc|ARM.ActiveCfg = Release|Any CPU
		{14C534B6-1984-41A9-A384-D3A5508588E3}.Ad-Hoc|iPhone.ActiveCfg = Release|Any CPU
		{14C534B6-1984-41A9-A384-D3A5508588E3}.Ad-Hoc|iPhoneSimulator.ActiveCfg = Release|Any CPU
		{14C534B6-1984-41A9-A384-D3A5508588E3}.Ad-Hoc|Mixed Platforms.ActiveCfg = Release|Any CPU
		{14C534B6-1984-41A9-A384-D3A5508588E3}.Ad-Hoc|Mixed Platforms.Build.0 = Release|Any CPU
		{14C534B6-1984-41A9-A384-D3A5508588E3}.Ad-Hoc|x86.ActiveCfg = Release|Any CPU
		{14C534B6-1984-41A9-A384-D3A5508588E3}.AppStore|Any CPU.ActiveCfg = Release|Any CPU
		{14C534B6-1984-41A9-A384-D3A5508588E3}.AppStore|Any CPU.Build.0 = Release|Any CPU
		{14C534B6-1984-41A9-A384-D3A5508588E3}.AppStore|ARM.ActiveCfg = Release|Any CPU
		{14C534B6-1984-41A9-A384-D3A5508588E3}.AppStore|iPhone.ActiveCfg = Release|Any CPU
		{14C534B6-1984-41A9-A384-D3A5508588E3}.AppStore|iPhoneSimulator.ActiveCfg = Release|Any CPU
		{14C534B6-1984-41A9-A384-D3A5508588E3}.AppStore|Mixed Platforms.ActiveCfg = Release|Any CPU
		{14C534B6-1984-41A9-A384-D3A5508588E3}.AppStore|Mixed Platforms.Build.0 = Release|Any CPU
		{14C534B6-1984-41A9-A384-D3A5508588E3}.AppStore|x86.ActiveCfg = Release|Any CPU
		{14C534B6-1984-41A9-A384-D3A5508588E3}.Debug|Any CPU.ActiveCfg = Debug|Any CPU
		{14C534B6-1984-41A9-A384-D3A5508588E3}.Debug|Any CPU.Build.0 = Debug|Any CPU
		{14C534B6-1984-41A9-A384-D3A5508588E3}.Debug|ARM.ActiveCfg = Debug|Any CPU
		{14C534B6-1984-41A9-A384-D3A5508588E3}.Debug|iPhone.ActiveCfg = Debug|Any CPU
		{14C534B6-1984-41A9-A384-D3A5508588E3}.Debug|iPhone.Build.0 = Debug|Any CPU
		{14C534B6-1984-41A9-A384-D3A5508588E3}.Debug|iPhoneSimulator.ActiveCfg = Debug|Any CPU
		{14C534B6-1984-41A9-A384-D3A5508588E3}.Debug|iPhoneSimulator.Build.0 = Debug|Any CPU
		{14C534B6-1984-41A9-A384-D3A5508588E3}.Debug|Mixed Platforms.ActiveCfg = Debug|Any CPU
		{14C534B6-1984-41A9-A384-D3A5508588E3}.Debug|Mixed Platforms.Build.0 = Debug|Any CPU
		{14C534B6-1984-41A9-A384-D3A5508588E3}.Debug|x86.ActiveCfg = Debug|Any CPU
		{14C534B6-1984-41A9-A384-D3A5508588E3}.Release|Any CPU.ActiveCfg = Release|Any CPU
		{14C534B6-1984-41A9-A384-D3A5508588E3}.Release|Any CPU.Build.0 = Release|Any CPU
		{14C534B6-1984-41A9-A384-D3A5508588E3}.Release|ARM.ActiveCfg = Release|Any CPU
		{14C534B6-1984-41A9-A384-D3A5508588E3}.Release|iPhone.ActiveCfg = Release|Any CPU
		{14C534B6-1984-41A9-A384-D3A5508588E3}.Release|iPhone.Build.0 = Release|Any CPU
		{14C534B6-1984-41A9-A384-D3A5508588E3}.Release|iPhoneSimulator.ActiveCfg = Release|Any CPU
		{14C534B6-1984-41A9-A384-D3A5508588E3}.Release|iPhoneSimulator.Build.0 = Release|Any CPU
		{14C534B6-1984-41A9-A384-D3A5508588E3}.Release|Mixed Platforms.ActiveCfg = Release|Any CPU
		{14C534B6-1984-41A9-A384-D3A5508588E3}.Release|Mixed Platforms.Build.0 = Release|Any CPU
		{14C534B6-1984-41A9-A384-D3A5508588E3}.Release|x86.ActiveCfg = Release|Any CPU
		{14C534B6-1984-41A9-A384-D3A5508588E3}.WinPhoneRelease|Any CPU.ActiveCfg = WinPhoneRelease|Any CPU
		{14C534B6-1984-41A9-A384-D3A5508588E3}.WinPhoneRelease|Any CPU.Build.0 = WinPhoneRelease|Any CPU
		{14C534B6-1984-41A9-A384-D3A5508588E3}.WinPhoneRelease|ARM.ActiveCfg = WinPhoneRelease|Any CPU
		{14C534B6-1984-41A9-A384-D3A5508588E3}.WinPhoneRelease|iPhone.ActiveCfg = WinPhoneRelease|Any CPU
		{14C534B6-1984-41A9-A384-D3A5508588E3}.WinPhoneRelease|iPhoneSimulator.ActiveCfg = WinPhoneRelease|Any CPU
		{14C534B6-1984-41A9-A384-D3A5508588E3}.WinPhoneRelease|Mixed Platforms.ActiveCfg = WinPhoneRelease|Any CPU
		{14C534B6-1984-41A9-A384-D3A5508588E3}.WinPhoneRelease|Mixed Platforms.Build.0 = WinPhoneRelease|Any CPU
		{14C534B6-1984-41A9-A384-D3A5508588E3}.WinPhoneRelease|x86.ActiveCfg = WinPhoneRelease|Any CPU
		{63BFB494-492C-42D1-A66C-68FAED7EB5C6}.Ad-Hoc|Any CPU.ActiveCfg = Ad-Hoc|iPhone
		{63BFB494-492C-42D1-A66C-68FAED7EB5C6}.Ad-Hoc|ARM.ActiveCfg = Ad-Hoc|iPhone
		{63BFB494-492C-42D1-A66C-68FAED7EB5C6}.Ad-Hoc|iPhone.ActiveCfg = Ad-Hoc|iPhone
		{63BFB494-492C-42D1-A66C-68FAED7EB5C6}.Ad-Hoc|iPhone.Build.0 = Ad-Hoc|iPhone
		{63BFB494-492C-42D1-A66C-68FAED7EB5C6}.Ad-Hoc|iPhoneSimulator.ActiveCfg = Ad-Hoc|iPhoneSimulator
		{63BFB494-492C-42D1-A66C-68FAED7EB5C6}.Ad-Hoc|iPhoneSimulator.Build.0 = Ad-Hoc|iPhoneSimulator
		{63BFB494-492C-42D1-A66C-68FAED7EB5C6}.Ad-Hoc|Mixed Platforms.ActiveCfg = Ad-Hoc|iPhone
		{63BFB494-492C-42D1-A66C-68FAED7EB5C6}.Ad-Hoc|Mixed Platforms.Build.0 = Ad-Hoc|iPhone
		{63BFB494-492C-42D1-A66C-68FAED7EB5C6}.Ad-Hoc|x86.ActiveCfg = Ad-Hoc|iPhone
		{63BFB494-492C-42D1-A66C-68FAED7EB5C6}.AppStore|Any CPU.ActiveCfg = AppStore|iPhone
		{63BFB494-492C-42D1-A66C-68FAED7EB5C6}.AppStore|ARM.ActiveCfg = AppStore|iPhone
		{63BFB494-492C-42D1-A66C-68FAED7EB5C6}.AppStore|iPhone.ActiveCfg = AppStore|iPhone
		{63BFB494-492C-42D1-A66C-68FAED7EB5C6}.AppStore|iPhone.Build.0 = AppStore|iPhone
		{63BFB494-492C-42D1-A66C-68FAED7EB5C6}.AppStore|iPhoneSimulator.ActiveCfg = AppStore|iPhoneSimulator
		{63BFB494-492C-42D1-A66C-68FAED7EB5C6}.AppStore|iPhoneSimulator.Build.0 = AppStore|iPhoneSimulator
		{63BFB494-492C-42D1-A66C-68FAED7EB5C6}.AppStore|Mixed Platforms.ActiveCfg = AppStore|iPhone
		{63BFB494-492C-42D1-A66C-68FAED7EB5C6}.AppStore|Mixed Platforms.Build.0 = AppStore|iPhone
		{63BFB494-492C-42D1-A66C-68FAED7EB5C6}.AppStore|x86.ActiveCfg = AppStore|iPhone
		{63BFB494-492C-42D1-A66C-68FAED7EB5C6}.Debug|Any CPU.ActiveCfg = Debug|iPhone
		{63BFB494-492C-42D1-A66C-68FAED7EB5C6}.Debug|ARM.ActiveCfg = Debug|iPhone
		{63BFB494-492C-42D1-A66C-68FAED7EB5C6}.Debug|iPhone.ActiveCfg = Debug|iPhone
		{63BFB494-492C-42D1-A66C-68FAED7EB5C6}.Debug|iPhone.Build.0 = Debug|iPhone
		{63BFB494-492C-42D1-A66C-68FAED7EB5C6}.Debug|iPhoneSimulator.ActiveCfg = Debug|iPhoneSimulator
		{63BFB494-492C-42D1-A66C-68FAED7EB5C6}.Debug|iPhoneSimulator.Build.0 = Debug|iPhoneSimulator
		{63BFB494-492C-42D1-A66C-68FAED7EB5C6}.Debug|Mixed Platforms.ActiveCfg = Debug|iPhone
		{63BFB494-492C-42D1-A66C-68FAED7EB5C6}.Debug|Mixed Platforms.Build.0 = Debug|iPhone
		{63BFB494-492C-42D1-A66C-68FAED7EB5C6}.Debug|x86.ActiveCfg = Debug|iPhone
		{63BFB494-492C-42D1-A66C-68FAED7EB5C6}.Release|Any CPU.ActiveCfg = Release|iPhone
		{63BFB494-492C-42D1-A66C-68FAED7EB5C6}.Release|Any CPU.Build.0 = Release|iPhone
		{63BFB494-492C-42D1-A66C-68FAED7EB5C6}.Release|ARM.ActiveCfg = Release|iPhone
		{63BFB494-492C-42D1-A66C-68FAED7EB5C6}.Release|iPhone.ActiveCfg = Release|iPhone
		{63BFB494-492C-42D1-A66C-68FAED7EB5C6}.Release|iPhone.Build.0 = Release|iPhone
		{63BFB494-492C-42D1-A66C-68FAED7EB5C6}.Release|iPhoneSimulator.ActiveCfg = Release|iPhoneSimulator
		{63BFB494-492C-42D1-A66C-68FAED7EB5C6}.Release|iPhoneSimulator.Build.0 = Release|iPhoneSimulator
		{63BFB494-492C-42D1-A66C-68FAED7EB5C6}.Release|Mixed Platforms.ActiveCfg = Release|iPhone
		{63BFB494-492C-42D1-A66C-68FAED7EB5C6}.Release|Mixed Platforms.Build.0 = Release|iPhone
		{63BFB494-492C-42D1-A66C-68FAED7EB5C6}.Release|x86.ActiveCfg = Release|iPhone
		{63BFB494-492C-42D1-A66C-68FAED7EB5C6}.WinPhoneRelease|Any CPU.ActiveCfg = WinPhoneRelease|iPhone
		{63BFB494-492C-42D1-A66C-68FAED7EB5C6}.WinPhoneRelease|ARM.ActiveCfg = WinPhoneRelease|iPhone
		{63BFB494-492C-42D1-A66C-68FAED7EB5C6}.WinPhoneRelease|iPhone.ActiveCfg = WinPhoneRelease|iPhone
		{63BFB494-492C-42D1-A66C-68FAED7EB5C6}.WinPhoneRelease|iPhone.Build.0 = WinPhoneRelease|iPhone
		{63BFB494-492C-42D1-A66C-68FAED7EB5C6}.WinPhoneRelease|iPhoneSimulator.ActiveCfg = WinPhoneRelease|iPhoneSimulator
		{63BFB494-492C-42D1-A66C-68FAED7EB5C6}.WinPhoneRelease|iPhoneSimulator.Build.0 = WinPhoneRelease|iPhoneSimulator
		{63BFB494-492C-42D1-A66C-68FAED7EB5C6}.WinPhoneRelease|Mixed Platforms.ActiveCfg = WinPhoneRelease|iPhone
		{63BFB494-492C-42D1-A66C-68FAED7EB5C6}.WinPhoneRelease|x86.ActiveCfg = WinPhoneRelease|iPhone
		{90C968B7-E0B3-448F-89BD-49DA7BB2D3DA}.Ad-Hoc|Any CPU.ActiveCfg = Release|Any CPU
		{90C968B7-E0B3-448F-89BD-49DA7BB2D3DA}.Ad-Hoc|Any CPU.Build.0 = Release|Any CPU
		{90C968B7-E0B3-448F-89BD-49DA7BB2D3DA}.Ad-Hoc|Any CPU.Deploy.0 = Release|Any CPU
		{90C968B7-E0B3-448F-89BD-49DA7BB2D3DA}.Ad-Hoc|ARM.ActiveCfg = Release|ARM
		{90C968B7-E0B3-448F-89BD-49DA7BB2D3DA}.Ad-Hoc|ARM.Build.0 = Release|ARM
		{90C968B7-E0B3-448F-89BD-49DA7BB2D3DA}.Ad-Hoc|ARM.Deploy.0 = Release|ARM
		{90C968B7-E0B3-448F-89BD-49DA7BB2D3DA}.Ad-Hoc|iPhone.ActiveCfg = Release|Any CPU
		{90C968B7-E0B3-448F-89BD-49DA7BB2D3DA}.Ad-Hoc|iPhone.Build.0 = Release|Any CPU
		{90C968B7-E0B3-448F-89BD-49DA7BB2D3DA}.Ad-Hoc|iPhone.Deploy.0 = Release|Any CPU
		{90C968B7-E0B3-448F-89BD-49DA7BB2D3DA}.Ad-Hoc|iPhoneSimulator.ActiveCfg = Release|Any CPU
		{90C968B7-E0B3-448F-89BD-49DA7BB2D3DA}.Ad-Hoc|iPhoneSimulator.Build.0 = Release|Any CPU
		{90C968B7-E0B3-448F-89BD-49DA7BB2D3DA}.Ad-Hoc|iPhoneSimulator.Deploy.0 = Release|Any CPU
		{90C968B7-E0B3-448F-89BD-49DA7BB2D3DA}.Ad-Hoc|Mixed Platforms.ActiveCfg = Release|x86
		{90C968B7-E0B3-448F-89BD-49DA7BB2D3DA}.Ad-Hoc|Mixed Platforms.Build.0 = Release|x86
		{90C968B7-E0B3-448F-89BD-49DA7BB2D3DA}.Ad-Hoc|Mixed Platforms.Deploy.0 = Release|x86
		{90C968B7-E0B3-448F-89BD-49DA7BB2D3DA}.Ad-Hoc|x86.ActiveCfg = Release|x86
		{90C968B7-E0B3-448F-89BD-49DA7BB2D3DA}.Ad-Hoc|x86.Build.0 = Release|x86
		{90C968B7-E0B3-448F-89BD-49DA7BB2D3DA}.Ad-Hoc|x86.Deploy.0 = Release|x86
		{90C968B7-E0B3-448F-89BD-49DA7BB2D3DA}.AppStore|Any CPU.ActiveCfg = Release|Any CPU
		{90C968B7-E0B3-448F-89BD-49DA7BB2D3DA}.AppStore|Any CPU.Build.0 = Release|Any CPU
		{90C968B7-E0B3-448F-89BD-49DA7BB2D3DA}.AppStore|Any CPU.Deploy.0 = Release|Any CPU
		{90C968B7-E0B3-448F-89BD-49DA7BB2D3DA}.AppStore|ARM.ActiveCfg = Release|ARM
		{90C968B7-E0B3-448F-89BD-49DA7BB2D3DA}.AppStore|ARM.Build.0 = Release|ARM
		{90C968B7-E0B3-448F-89BD-49DA7BB2D3DA}.AppStore|ARM.Deploy.0 = Release|ARM
		{90C968B7-E0B3-448F-89BD-49DA7BB2D3DA}.AppStore|iPhone.ActiveCfg = Release|Any CPU
		{90C968B7-E0B3-448F-89BD-49DA7BB2D3DA}.AppStore|iPhone.Build.0 = Release|Any CPU
		{90C968B7-E0B3-448F-89BD-49DA7BB2D3DA}.AppStore|iPhone.Deploy.0 = Release|Any CPU
		{90C968B7-E0B3-448F-89BD-49DA7BB2D3DA}.AppStore|iPhoneSimulator.ActiveCfg = Release|Any CPU
		{90C968B7-E0B3-448F-89BD-49DA7BB2D3DA}.AppStore|iPhoneSimulator.Build.0 = Release|Any CPU
		{90C968B7-E0B3-448F-89BD-49DA7BB2D3DA}.AppStore|iPhoneSimulator.Deploy.0 = Release|Any CPU
		{90C968B7-E0B3-448F-89BD-49DA7BB2D3DA}.AppStore|Mixed Platforms.ActiveCfg = Release|x86
		{90C968B7-E0B3-448F-89BD-49DA7BB2D3DA}.AppStore|Mixed Platforms.Build.0 = Release|x86
		{90C968B7-E0B3-448F-89BD-49DA7BB2D3DA}.AppStore|Mixed Platforms.Deploy.0 = Release|x86
		{90C968B7-E0B3-448F-89BD-49DA7BB2D3DA}.AppStore|x86.ActiveCfg = Release|x86
		{90C968B7-E0B3-448F-89BD-49DA7BB2D3DA}.AppStore|x86.Build.0 = Release|x86
		{90C968B7-E0B3-448F-89BD-49DA7BB2D3DA}.AppStore|x86.Deploy.0 = Release|x86
		{90C968B7-E0B3-448F-89BD-49DA7BB2D3DA}.Debug|Any CPU.ActiveCfg = Debug|Any CPU
		{90C968B7-E0B3-448F-89BD-49DA7BB2D3DA}.Debug|Any CPU.Build.0 = Debug|Any CPU
		{90C968B7-E0B3-448F-89BD-49DA7BB2D3DA}.Debug|Any CPU.Deploy.0 = Debug|Any CPU
		{90C968B7-E0B3-448F-89BD-49DA7BB2D3DA}.Debug|ARM.ActiveCfg = Debug|ARM
		{90C968B7-E0B3-448F-89BD-49DA7BB2D3DA}.Debug|ARM.Build.0 = Debug|ARM
		{90C968B7-E0B3-448F-89BD-49DA7BB2D3DA}.Debug|ARM.Deploy.0 = Debug|ARM
		{90C968B7-E0B3-448F-89BD-49DA7BB2D3DA}.Debug|iPhone.ActiveCfg = Debug|Any CPU
		{90C968B7-E0B3-448F-89BD-49DA7BB2D3DA}.Debug|iPhone.Build.0 = Debug|Any CPU
		{90C968B7-E0B3-448F-89BD-49DA7BB2D3DA}.Debug|iPhone.Deploy.0 = Debug|Any CPU
		{90C968B7-E0B3-448F-89BD-49DA7BB2D3DA}.Debug|iPhoneSimulator.ActiveCfg = Debug|Any CPU
		{90C968B7-E0B3-448F-89BD-49DA7BB2D3DA}.Debug|iPhoneSimulator.Build.0 = Debug|Any CPU
		{90C968B7-E0B3-448F-89BD-49DA7BB2D3DA}.Debug|iPhoneSimulator.Deploy.0 = Debug|Any CPU
		{90C968B7-E0B3-448F-89BD-49DA7BB2D3DA}.Debug|Mixed Platforms.ActiveCfg = Debug|Any CPU
		{90C968B7-E0B3-448F-89BD-49DA7BB2D3DA}.Debug|Mixed Platforms.Build.0 = Debug|Any CPU
		{90C968B7-E0B3-448F-89BD-49DA7BB2D3DA}.Debug|Mixed Platforms.Deploy.0 = Debug|Any CPU
		{90C968B7-E0B3-448F-89BD-49DA7BB2D3DA}.Debug|x86.ActiveCfg = Debug|x86
		{90C968B7-E0B3-448F-89BD-49DA7BB2D3DA}.Debug|x86.Build.0 = Debug|x86
		{90C968B7-E0B3-448F-89BD-49DA7BB2D3DA}.Debug|x86.Deploy.0 = Debug|x86
		{90C968B7-E0B3-448F-89BD-49DA7BB2D3DA}.Release|Any CPU.ActiveCfg = Release|Any CPU
		{90C968B7-E0B3-448F-89BD-49DA7BB2D3DA}.Release|Any CPU.Build.0 = Release|Any CPU
		{90C968B7-E0B3-448F-89BD-49DA7BB2D3DA}.Release|Any CPU.Deploy.0 = Release|Any CPU
		{90C968B7-E0B3-448F-89BD-49DA7BB2D3DA}.Release|ARM.ActiveCfg = Release|ARM
		{90C968B7-E0B3-448F-89BD-49DA7BB2D3DA}.Release|ARM.Build.0 = Release|ARM
		{90C968B7-E0B3-448F-89BD-49DA7BB2D3DA}.Release|ARM.Deploy.0 = Release|ARM
		{90C968B7-E0B3-448F-89BD-49DA7BB2D3DA}.Release|iPhone.ActiveCfg = Release|Any CPU
		{90C968B7-E0B3-448F-89BD-49DA7BB2D3DA}.Release|iPhone.Build.0 = Release|Any CPU
		{90C968B7-E0B3-448F-89BD-49DA7BB2D3DA}.Release|iPhone.Deploy.0 = Release|Any CPU
		{90C968B7-E0B3-448F-89BD-49DA7BB2D3DA}.Release|iPhoneSimulator.ActiveCfg = Release|Any CPU
		{90C968B7-E0B3-448F-89BD-49DA7BB2D3DA}.Release|iPhoneSimulator.Build.0 = Release|Any CPU
		{90C968B7-E0B3-448F-89BD-49DA7BB2D3DA}.Release|iPhoneSimulator.Deploy.0 = Release|Any CPU
		{90C968B7-E0B3-448F-89BD-49DA7BB2D3DA}.Release|Mixed Platforms.ActiveCfg = Release|Any CPU
		{90C968B7-E0B3-448F-89BD-49DA7BB2D3DA}.Release|Mixed Platforms.Build.0 = Release|Any CPU
		{90C968B7-E0B3-448F-89BD-49DA7BB2D3DA}.Release|Mixed Platforms.Deploy.0 = Release|Any CPU
		{90C968B7-E0B3-448F-89BD-49DA7BB2D3DA}.Release|x86.ActiveCfg = Release|x86
		{90C968B7-E0B3-448F-89BD-49DA7BB2D3DA}.Release|x86.Build.0 = Release|x86
		{90C968B7-E0B3-448F-89BD-49DA7BB2D3DA}.Release|x86.Deploy.0 = Release|x86
		{90C968B7-E0B3-448F-89BD-49DA7BB2D3DA}.WinPhoneRelease|Any CPU.ActiveCfg = WinPhoneRelease|Any CPU
		{90C968B7-E0B3-448F-89BD-49DA7BB2D3DA}.WinPhoneRelease|Any CPU.Build.0 = WinPhoneRelease|Any CPU
		{90C968B7-E0B3-448F-89BD-49DA7BB2D3DA}.WinPhoneRelease|Any CPU.Deploy.0 = WinPhoneRelease|Any CPU
		{90C968B7-E0B3-448F-89BD-49DA7BB2D3DA}.WinPhoneRelease|ARM.ActiveCfg = WinPhoneRelease|ARM
		{90C968B7-E0B3-448F-89BD-49DA7BB2D3DA}.WinPhoneRelease|ARM.Build.0 = WinPhoneRelease|ARM
		{90C968B7-E0B3-448F-89BD-49DA7BB2D3DA}.WinPhoneRelease|ARM.Deploy.0 = WinPhoneRelease|ARM
		{90C968B7-E0B3-448F-89BD-49DA7BB2D3DA}.WinPhoneRelease|iPhone.ActiveCfg = WinPhoneRelease|Any CPU
		{90C968B7-E0B3-448F-89BD-49DA7BB2D3DA}.WinPhoneRelease|iPhoneSimulator.ActiveCfg = WinPhoneRelease|Any CPU
		{90C968B7-E0B3-448F-89BD-49DA7BB2D3DA}.WinPhoneRelease|Mixed Platforms.ActiveCfg = WinPhoneRelease|Any CPU
		{90C968B7-E0B3-448F-89BD-49DA7BB2D3DA}.WinPhoneRelease|Mixed Platforms.Build.0 = WinPhoneRelease|Any CPU
		{90C968B7-E0B3-448F-89BD-49DA7BB2D3DA}.WinPhoneRelease|Mixed Platforms.Deploy.0 = WinPhoneRelease|Any CPU
		{90C968B7-E0B3-448F-89BD-49DA7BB2D3DA}.WinPhoneRelease|x86.ActiveCfg = WinPhoneRelease|x86
		{90C968B7-E0B3-448F-89BD-49DA7BB2D3DA}.WinPhoneRelease|x86.Build.0 = WinPhoneRelease|x86
		{90C968B7-E0B3-448F-89BD-49DA7BB2D3DA}.WinPhoneRelease|x86.Deploy.0 = WinPhoneRelease|x86
		{937453F4-4FEC-45C9-8964-38971D0F3726}.Ad-Hoc|Any CPU.ActiveCfg = Release|Any CPU
		{937453F4-4FEC-45C9-8964-38971D0F3726}.Ad-Hoc|Any CPU.Build.0 = Release|Any CPU
		{937453F4-4FEC-45C9-8964-38971D0F3726}.Ad-Hoc|Any CPU.Deploy.0 = Release|Any CPU
		{937453F4-4FEC-45C9-8964-38971D0F3726}.Ad-Hoc|ARM.ActiveCfg = Release|Any CPU
		{937453F4-4FEC-45C9-8964-38971D0F3726}.Ad-Hoc|ARM.Build.0 = Release|Any CPU
		{937453F4-4FEC-45C9-8964-38971D0F3726}.Ad-Hoc|ARM.Deploy.0 = Release|Any CPU
		{937453F4-4FEC-45C9-8964-38971D0F3726}.Ad-Hoc|iPhone.ActiveCfg = Release|Any CPU
		{937453F4-4FEC-45C9-8964-38971D0F3726}.Ad-Hoc|iPhone.Build.0 = Release|Any CPU
		{937453F4-4FEC-45C9-8964-38971D0F3726}.Ad-Hoc|iPhone.Deploy.0 = Release|Any CPU
		{937453F4-4FEC-45C9-8964-38971D0F3726}.Ad-Hoc|iPhoneSimulator.ActiveCfg = Release|Any CPU
		{937453F4-4FEC-45C9-8964-38971D0F3726}.Ad-Hoc|iPhoneSimulator.Build.0 = Release|Any CPU
		{937453F4-4FEC-45C9-8964-38971D0F3726}.Ad-Hoc|iPhoneSimulator.Deploy.0 = Release|Any CPU
		{937453F4-4FEC-45C9-8964-38971D0F3726}.Ad-Hoc|Mixed Platforms.ActiveCfg = Release|Any CPU
		{937453F4-4FEC-45C9-8964-38971D0F3726}.Ad-Hoc|Mixed Platforms.Build.0 = Release|Any CPU
		{937453F4-4FEC-45C9-8964-38971D0F3726}.Ad-Hoc|Mixed Platforms.Deploy.0 = Release|Any CPU
		{937453F4-4FEC-45C9-8964-38971D0F3726}.Ad-Hoc|x86.ActiveCfg = Release|Any CPU
		{937453F4-4FEC-45C9-8964-38971D0F3726}.Ad-Hoc|x86.Build.0 = Release|Any CPU
		{937453F4-4FEC-45C9-8964-38971D0F3726}.Ad-Hoc|x86.Deploy.0 = Release|Any CPU
		{937453F4-4FEC-45C9-8964-38971D0F3726}.AppStore|Any CPU.ActiveCfg = Release|Any CPU
		{937453F4-4FEC-45C9-8964-38971D0F3726}.AppStore|Any CPU.Build.0 = Release|Any CPU
		{937453F4-4FEC-45C9-8964-38971D0F3726}.AppStore|Any CPU.Deploy.0 = Release|Any CPU
		{937453F4-4FEC-45C9-8964-38971D0F3726}.AppStore|ARM.ActiveCfg = Release|Any CPU
		{937453F4-4FEC-45C9-8964-38971D0F3726}.AppStore|ARM.Build.0 = Release|Any CPU
		{937453F4-4FEC-45C9-8964-38971D0F3726}.AppStore|ARM.Deploy.0 = Release|Any CPU
		{937453F4-4FEC-45C9-8964-38971D0F3726}.AppStore|iPhone.ActiveCfg = Release|Any CPU
		{937453F4-4FEC-45C9-8964-38971D0F3726}.AppStore|iPhone.Build.0 = Release|Any CPU
		{937453F4-4FEC-45C9-8964-38971D0F3726}.AppStore|iPhone.Deploy.0 = Release|Any CPU
		{937453F4-4FEC-45C9-8964-38971D0F3726}.AppStore|iPhoneSimulator.ActiveCfg = Release|Any CPU
		{937453F4-4FEC-45C9-8964-38971D0F3726}.AppStore|iPhoneSimulator.Build.0 = Release|Any CPU
		{937453F4-4FEC-45C9-8964-38971D0F3726}.AppStore|iPhoneSimulator.Deploy.0 = Release|Any CPU
		{937453F4-4FEC-45C9-8964-38971D0F3726}.AppStore|Mixed Platforms.ActiveCfg = Release|Any CPU
		{937453F4-4FEC-45C9-8964-38971D0F3726}.AppStore|Mixed Platforms.Build.0 = Release|Any CPU
		{937453F4-4FEC-45C9-8964-38971D0F3726}.AppStore|Mixed Platforms.Deploy.0 = Release|Any CPU
		{937453F4-4FEC-45C9-8964-38971D0F3726}.AppStore|x86.ActiveCfg = Release|Any CPU
		{937453F4-4FEC-45C9-8964-38971D0F3726}.AppStore|x86.Build.0 = Release|Any CPU
		{937453F4-4FEC-45C9-8964-38971D0F3726}.AppStore|x86.Deploy.0 = Release|Any CPU
		{937453F4-4FEC-45C9-8964-38971D0F3726}.Debug|Any CPU.ActiveCfg = Debug|Any CPU
		{937453F4-4FEC-45C9-8964-38971D0F3726}.Debug|Any CPU.Build.0 = Debug|Any CPU
		{937453F4-4FEC-45C9-8964-38971D0F3726}.Debug|Any CPU.Deploy.0 = Debug|Any CPU
		{937453F4-4FEC-45C9-8964-38971D0F3726}.Debug|ARM.ActiveCfg = Debug|Any CPU
		{937453F4-4FEC-45C9-8964-38971D0F3726}.Debug|ARM.Build.0 = Debug|Any CPU
		{937453F4-4FEC-45C9-8964-38971D0F3726}.Debug|ARM.Deploy.0 = Debug|Any CPU
		{937453F4-4FEC-45C9-8964-38971D0F3726}.Debug|iPhone.ActiveCfg = Debug|Any CPU
		{937453F4-4FEC-45C9-8964-38971D0F3726}.Debug|iPhone.Build.0 = Debug|Any CPU
		{937453F4-4FEC-45C9-8964-38971D0F3726}.Debug|iPhone.Deploy.0 = Debug|Any CPU
		{937453F4-4FEC-45C9-8964-38971D0F3726}.Debug|iPhoneSimulator.ActiveCfg = Debug|Any CPU
		{937453F4-4FEC-45C9-8964-38971D0F3726}.Debug|iPhoneSimulator.Build.0 = Debug|Any CPU
		{937453F4-4FEC-45C9-8964-38971D0F3726}.Debug|iPhoneSimulator.Deploy.0 = Debug|Any CPU
		{937453F4-4FEC-45C9-8964-38971D0F3726}.Debug|Mixed Platforms.ActiveCfg = Debug|Any CPU
		{937453F4-4FEC-45C9-8964-38971D0F3726}.Debug|Mixed Platforms.Build.0 = Debug|Any CPU
		{937453F4-4FEC-45C9-8964-38971D0F3726}.Debug|Mixed Platforms.Deploy.0 = Debug|Any CPU
		{937453F4-4FEC-45C9-8964-38971D0F3726}.Debug|x86.ActiveCfg = Debug|Any CPU
		{937453F4-4FEC-45C9-8964-38971D0F3726}.Debug|x86.Build.0 = Debug|Any CPU
		{937453F4-4FEC-45C9-8964-38971D0F3726}.Debug|x86.Deploy.0 = Debug|Any CPU
		{937453F4-4FEC-45C9-8964-38971D0F3726}.Release|Any CPU.ActiveCfg = Release|Any CPU
		{937453F4-4FEC-45C9-8964-38971D0F3726}.Release|Any CPU.Build.0 = Release|Any CPU
		{937453F4-4FEC-45C9-8964-38971D0F3726}.Release|Any CPU.Deploy.0 = Release|Any CPU
		{937453F4-4FEC-45C9-8964-38971D0F3726}.Release|ARM.ActiveCfg = Release|Any CPU
		{937453F4-4FEC-45C9-8964-38971D0F3726}.Release|ARM.Build.0 = Release|Any CPU
		{937453F4-4FEC-45C9-8964-38971D0F3726}.Release|ARM.Deploy.0 = Release|Any CPU
		{937453F4-4FEC-45C9-8964-38971D0F3726}.Release|iPhone.ActiveCfg = Release|Any CPU
		{937453F4-4FEC-45C9-8964-38971D0F3726}.Release|iPhone.Build.0 = Release|Any CPU
		{937453F4-4FEC-45C9-8964-38971D0F3726}.Release|iPhone.Deploy.0 = Release|Any CPU
		{937453F4-4FEC-45C9-8964-38971D0F3726}.Release|iPhoneSimulator.ActiveCfg = Release|Any CPU
		{937453F4-4FEC-45C9-8964-38971D0F3726}.Release|iPhoneSimulator.Build.0 = Release|Any CPU
		{937453F4-4FEC-45C9-8964-38971D0F3726}.Release|iPhoneSimulator.Deploy.0 = Release|Any CPU
		{937453F4-4FEC-45C9-8964-38971D0F3726}.Release|Mixed Platforms.ActiveCfg = Release|Any CPU
		{937453F4-4FEC-45C9-8964-38971D0F3726}.Release|Mixed Platforms.Build.0 = Release|Any CPU
		{937453F4-4FEC-45C9-8964-38971D0F3726}.Release|Mixed Platforms.Deploy.0 = Release|Any CPU
		{937453F4-4FEC-45C9-8964-38971D0F3726}.Release|x86.ActiveCfg = Release|Any CPU
		{937453F4-4FEC-45C9-8964-38971D0F3726}.Release|x86.Build.0 = Release|Any CPU
		{937453F4-4FEC-45C9-8964-38971D0F3726}.Release|x86.Deploy.0 = Release|Any CPU
		{937453F4-4FEC-45C9-8964-38971D0F3726}.WinPhoneRelease|Any CPU.ActiveCfg = WinPhoneRelease|Any CPU
		{937453F4-4FEC-45C9-8964-38971D0F3726}.WinPhoneRelease|Any CPU.Build.0 = WinPhoneRelease|Any CPU
		{937453F4-4FEC-45C9-8964-38971D0F3726}.WinPhoneRelease|Any CPU.Deploy.0 = WinPhoneRelease|Any CPU
		{937453F4-4FEC-45C9-8964-38971D0F3726}.WinPhoneRelease|ARM.ActiveCfg = WinPhoneRelease|Any CPU
		{937453F4-4FEC-45C9-8964-38971D0F3726}.WinPhoneRelease|iPhone.ActiveCfg = WinPhoneRelease|Any CPU
		{937453F4-4FEC-45C9-8964-38971D0F3726}.WinPhoneRelease|iPhoneSimulator.ActiveCfg = WinPhoneRelease|Any CPU
		{937453F4-4FEC-45C9-8964-38971D0F3726}.WinPhoneRelease|Mixed Platforms.ActiveCfg = WinPhoneRelease|Any CPU
		{937453F4-4FEC-45C9-8964-38971D0F3726}.WinPhoneRelease|x86.ActiveCfg = WinPhoneRelease|Any CPU
		{983B7EFF-7E75-4A87-890A-744A0B4C5232}.Ad-Hoc|Any CPU.ActiveCfg = Release|Any CPU
		{983B7EFF-7E75-4A87-890A-744A0B4C5232}.Ad-Hoc|Any CPU.Build.0 = Release|Any CPU
		{983B7EFF-7E75-4A87-890A-744A0B4C5232}.Ad-Hoc|ARM.ActiveCfg = Release|ARM
		{983B7EFF-7E75-4A87-890A-744A0B4C5232}.Ad-Hoc|ARM.Build.0 = Release|ARM
		{983B7EFF-7E75-4A87-890A-744A0B4C5232}.Ad-Hoc|iPhone.ActiveCfg = Release|Any CPU
		{983B7EFF-7E75-4A87-890A-744A0B4C5232}.Ad-Hoc|iPhoneSimulator.ActiveCfg = Release|Any CPU
		{983B7EFF-7E75-4A87-890A-744A0B4C5232}.Ad-Hoc|Mixed Platforms.ActiveCfg = Release|x86
		{983B7EFF-7E75-4A87-890A-744A0B4C5232}.Ad-Hoc|Mixed Platforms.Build.0 = Release|x86
		{983B7EFF-7E75-4A87-890A-744A0B4C5232}.Ad-Hoc|x86.ActiveCfg = Release|x86
		{983B7EFF-7E75-4A87-890A-744A0B4C5232}.Ad-Hoc|x86.Build.0 = Release|x86
		{983B7EFF-7E75-4A87-890A-744A0B4C5232}.AppStore|Any CPU.ActiveCfg = Release|Any CPU
		{983B7EFF-7E75-4A87-890A-744A0B4C5232}.AppStore|Any CPU.Build.0 = Release|Any CPU
		{983B7EFF-7E75-4A87-890A-744A0B4C5232}.AppStore|ARM.ActiveCfg = Release|ARM
		{983B7EFF-7E75-4A87-890A-744A0B4C5232}.AppStore|ARM.Build.0 = Release|ARM
		{983B7EFF-7E75-4A87-890A-744A0B4C5232}.AppStore|iPhone.ActiveCfg = Release|Any CPU
		{983B7EFF-7E75-4A87-890A-744A0B4C5232}.AppStore|iPhoneSimulator.ActiveCfg = Release|Any CPU
		{983B7EFF-7E75-4A87-890A-744A0B4C5232}.AppStore|Mixed Platforms.ActiveCfg = Release|x86
		{983B7EFF-7E75-4A87-890A-744A0B4C5232}.AppStore|Mixed Platforms.Build.0 = Release|x86
		{983B7EFF-7E75-4A87-890A-744A0B4C5232}.AppStore|x86.ActiveCfg = Release|x86
		{983B7EFF-7E75-4A87-890A-744A0B4C5232}.AppStore|x86.Build.0 = Release|x86
		{983B7EFF-7E75-4A87-890A-744A0B4C5232}.Debug|Any CPU.ActiveCfg = Debug|Any CPU
		{983B7EFF-7E75-4A87-890A-744A0B4C5232}.Debug|Any CPU.Build.0 = Debug|Any CPU
		{983B7EFF-7E75-4A87-890A-744A0B4C5232}.Debug|ARM.ActiveCfg = Debug|ARM
		{983B7EFF-7E75-4A87-890A-744A0B4C5232}.Debug|ARM.Build.0 = Debug|ARM
		{983B7EFF-7E75-4A87-890A-744A0B4C5232}.Debug|iPhone.ActiveCfg = Debug|Any CPU
		{983B7EFF-7E75-4A87-890A-744A0B4C5232}.Debug|iPhoneSimulator.ActiveCfg = Debug|Any CPU
		{983B7EFF-7E75-4A87-890A-744A0B4C5232}.Debug|Mixed Platforms.ActiveCfg = Debug|Any CPU
		{983B7EFF-7E75-4A87-890A-744A0B4C5232}.Debug|Mixed Platforms.Build.0 = Debug|Any CPU
		{983B7EFF-7E75-4A87-890A-744A0B4C5232}.Debug|x86.ActiveCfg = Debug|x86
		{983B7EFF-7E75-4A87-890A-744A0B4C5232}.Debug|x86.Build.0 = Debug|x86
		{983B7EFF-7E75-4A87-890A-744A0B4C5232}.Release|Any CPU.ActiveCfg = Release|Any CPU
		{983B7EFF-7E75-4A87-890A-744A0B4C5232}.Release|Any CPU.Build.0 = Release|Any CPU
		{983B7EFF-7E75-4A87-890A-744A0B4C5232}.Release|ARM.ActiveCfg = Release|ARM
		{983B7EFF-7E75-4A87-890A-744A0B4C5232}.Release|ARM.Build.0 = Release|ARM
		{983B7EFF-7E75-4A87-890A-744A0B4C5232}.Release|iPhone.ActiveCfg = Release|Any CPU
		{983B7EFF-7E75-4A87-890A-744A0B4C5232}.Release|iPhoneSimulator.ActiveCfg = Release|Any CPU
		{983B7EFF-7E75-4A87-890A-744A0B4C5232}.Release|Mixed Platforms.ActiveCfg = Release|Any CPU
		{983B7EFF-7E75-4A87-890A-744A0B4C5232}.Release|Mixed Platforms.Build.0 = Release|Any CPU
		{983B7EFF-7E75-4A87-890A-744A0B4C5232}.Release|x86.ActiveCfg = Release|x86
		{983B7EFF-7E75-4A87-890A-744A0B4C5232}.Release|x86.Build.0 = Release|x86
		{983B7EFF-7E75-4A87-890A-744A0B4C5232}.WinPhoneRelease|Any CPU.ActiveCfg = WinPhoneRelease|Any CPU
		{983B7EFF-7E75-4A87-890A-744A0B4C5232}.WinPhoneRelease|Any CPU.Build.0 = WinPhoneRelease|Any CPU
		{983B7EFF-7E75-4A87-890A-744A0B4C5232}.WinPhoneRelease|ARM.ActiveCfg = WinPhoneRelease|ARM
		{983B7EFF-7E75-4A87-890A-744A0B4C5232}.WinPhoneRelease|ARM.Build.0 = WinPhoneRelease|ARM
		{983B7EFF-7E75-4A87-890A-744A0B4C5232}.WinPhoneRelease|iPhone.ActiveCfg = WinPhoneRelease|Any CPU
		{983B7EFF-7E75-4A87-890A-744A0B4C5232}.WinPhoneRelease|iPhoneSimulator.ActiveCfg = WinPhoneRelease|Any CPU
		{983B7EFF-7E75-4A87-890A-744A0B4C5232}.WinPhoneRelease|Mixed Platforms.ActiveCfg = WinPhoneRelease|Any CPU
		{983B7EFF-7E75-4A87-890A-744A0B4C5232}.WinPhoneRelease|Mixed Platforms.Build.0 = WinPhoneRelease|Any CPU
		{983B7EFF-7E75-4A87-890A-744A0B4C5232}.WinPhoneRelease|x86.ActiveCfg = WinPhoneRelease|x86
		{983B7EFF-7E75-4A87-890A-744A0B4C5232}.WinPhoneRelease|x86.Build.0 = WinPhoneRelease|x86
		{AD2D2DB4-E781-4CF1-9B62-3AAD264F196D}.Ad-Hoc|Any CPU.ActiveCfg = Release|Any CPU
		{AD2D2DB4-E781-4CF1-9B62-3AAD264F196D}.Ad-Hoc|Any CPU.Build.0 = Release|Any CPU
		{AD2D2DB4-E781-4CF1-9B62-3AAD264F196D}.Ad-Hoc|ARM.ActiveCfg = Release|Any CPU
		{AD2D2DB4-E781-4CF1-9B62-3AAD264F196D}.Ad-Hoc|iPhone.ActiveCfg = Release|Any CPU
		{AD2D2DB4-E781-4CF1-9B62-3AAD264F196D}.Ad-Hoc|iPhoneSimulator.ActiveCfg = Release|Any CPU
		{AD2D2DB4-E781-4CF1-9B62-3AAD264F196D}.Ad-Hoc|Mixed Platforms.ActiveCfg = Release|Any CPU
		{AD2D2DB4-E781-4CF1-9B62-3AAD264F196D}.Ad-Hoc|Mixed Platforms.Build.0 = Release|Any CPU
		{AD2D2DB4-E781-4CF1-9B62-3AAD264F196D}.Ad-Hoc|x86.ActiveCfg = Release|Any CPU
		{AD2D2DB4-E781-4CF1-9B62-3AAD264F196D}.AppStore|Any CPU.ActiveCfg = Release|Any CPU
		{AD2D2DB4-E781-4CF1-9B62-3AAD264F196D}.AppStore|Any CPU.Build.0 = Release|Any CPU
		{AD2D2DB4-E781-4CF1-9B62-3AAD264F196D}.AppStore|ARM.ActiveCfg = Release|Any CPU
		{AD2D2DB4-E781-4CF1-9B62-3AAD264F196D}.AppStore|iPhone.ActiveCfg = Release|Any CPU
		{AD2D2DB4-E781-4CF1-9B62-3AAD264F196D}.AppStore|iPhoneSimulator.ActiveCfg = Release|Any CPU
		{AD2D2DB4-E781-4CF1-9B62-3AAD264F196D}.AppStore|Mixed Platforms.ActiveCfg = Release|Any CPU
		{AD2D2DB4-E781-4CF1-9B62-3AAD264F196D}.AppStore|Mixed Platforms.Build.0 = Release|Any CPU
		{AD2D2DB4-E781-4CF1-9B62-3AAD264F196D}.AppStore|x86.ActiveCfg = Release|Any CPU
		{AD2D2DB4-E781-4CF1-9B62-3AAD264F196D}.Debug|Any CPU.ActiveCfg = Debug|Any CPU
		{AD2D2DB4-E781-4CF1-9B62-3AAD264F196D}.Debug|Any CPU.Build.0 = Debug|Any CPU
		{AD2D2DB4-E781-4CF1-9B62-3AAD264F196D}.Debug|ARM.ActiveCfg = Debug|Any CPU
		{AD2D2DB4-E781-4CF1-9B62-3AAD264F196D}.Debug|iPhone.ActiveCfg = Debug|Any CPU
		{AD2D2DB4-E781-4CF1-9B62-3AAD264F196D}.Debug|iPhoneSimulator.ActiveCfg = Debug|Any CPU
		{AD2D2DB4-E781-4CF1-9B62-3AAD264F196D}.Debug|Mixed Platforms.ActiveCfg = Debug|Any CPU
		{AD2D2DB4-E781-4CF1-9B62-3AAD264F196D}.Debug|Mixed Platforms.Build.0 = Debug|Any CPU
		{AD2D2DB4-E781-4CF1-9B62-3AAD264F196D}.Debug|x86.ActiveCfg = Debug|Any CPU
		{AD2D2DB4-E781-4CF1-9B62-3AAD264F196D}.Release|Any CPU.ActiveCfg = Release|Any CPU
		{AD2D2DB4-E781-4CF1-9B62-3AAD264F196D}.Release|Any CPU.Build.0 = Release|Any CPU
		{AD2D2DB4-E781-4CF1-9B62-3AAD264F196D}.Release|ARM.ActiveCfg = Release|Any CPU
		{AD2D2DB4-E781-4CF1-9B62-3AAD264F196D}.Release|iPhone.ActiveCfg = Release|Any CPU
		{AD2D2DB4-E781-4CF1-9B62-3AAD264F196D}.Release|iPhoneSimulator.ActiveCfg = Release|Any CPU
		{AD2D2DB4-E781-4CF1-9B62-3AAD264F196D}.Release|Mixed Platforms.ActiveCfg = Release|Any CPU
		{AD2D2DB4-E781-4CF1-9B62-3AAD264F196D}.Release|Mixed Platforms.Build.0 = Release|Any CPU
		{AD2D2DB4-E781-4CF1-9B62-3AAD264F196D}.Release|x86.ActiveCfg = Release|Any CPU
		{AD2D2DB4-E781-4CF1-9B62-3AAD264F196D}.WinPhoneRelease|Any CPU.ActiveCfg = WinPhoneRelease|Any CPU
		{AD2D2DB4-E781-4CF1-9B62-3AAD264F196D}.WinPhoneRelease|Any CPU.Build.0 = WinPhoneRelease|Any CPU
		{AD2D2DB4-E781-4CF1-9B62-3AAD264F196D}.WinPhoneRelease|ARM.ActiveCfg = WinPhoneRelease|Any CPU
		{AD2D2DB4-E781-4CF1-9B62-3AAD264F196D}.WinPhoneRelease|iPhone.ActiveCfg = WinPhoneRelease|Any CPU
		{AD2D2DB4-E781-4CF1-9B62-3AAD264F196D}.WinPhoneRelease|iPhoneSimulator.ActiveCfg = WinPhoneRelease|Any CPU
		{AD2D2DB4-E781-4CF1-9B62-3AAD264F196D}.WinPhoneRelease|Mixed Platforms.ActiveCfg = WinPhoneRelease|Any CPU
		{AD2D2DB4-E781-4CF1-9B62-3AAD264F196D}.WinPhoneRelease|x86.ActiveCfg = WinPhoneRelease|Any CPU
		{D525F236-6A2D-4010-B1CC-4A4B8581C90B}.Ad-Hoc|Any CPU.ActiveCfg = Release|Any CPU
		{D525F236-6A2D-4010-B1CC-4A4B8581C90B}.Ad-Hoc|Any CPU.Build.0 = Release|Any CPU
		{D525F236-6A2D-4010-B1CC-4A4B8581C90B}.Ad-Hoc|ARM.ActiveCfg = Release|Any CPU
		{D525F236-6A2D-4010-B1CC-4A4B8581C90B}.Ad-Hoc|ARM.Build.0 = Release|Any CPU
		{D525F236-6A2D-4010-B1CC-4A4B8581C90B}.Ad-Hoc|iPhone.ActiveCfg = Release|Any CPU
		{D525F236-6A2D-4010-B1CC-4A4B8581C90B}.Ad-Hoc|iPhone.Build.0 = Release|Any CPU
		{D525F236-6A2D-4010-B1CC-4A4B8581C90B}.Ad-Hoc|iPhoneSimulator.ActiveCfg = Release|Any CPU
		{D525F236-6A2D-4010-B1CC-4A4B8581C90B}.Ad-Hoc|iPhoneSimulator.Build.0 = Release|Any CPU
		{D525F236-6A2D-4010-B1CC-4A4B8581C90B}.Ad-Hoc|Mixed Platforms.ActiveCfg = Release|Any CPU
		{D525F236-6A2D-4010-B1CC-4A4B8581C90B}.Ad-Hoc|Mixed Platforms.Build.0 = Release|Any CPU
		{D525F236-6A2D-4010-B1CC-4A4B8581C90B}.Ad-Hoc|x86.ActiveCfg = Release|Any CPU
		{D525F236-6A2D-4010-B1CC-4A4B8581C90B}.Ad-Hoc|x86.Build.0 = Release|Any CPU
		{D525F236-6A2D-4010-B1CC-4A4B8581C90B}.AppStore|Any CPU.ActiveCfg = Release|Any CPU
		{D525F236-6A2D-4010-B1CC-4A4B8581C90B}.AppStore|Any CPU.Build.0 = Release|Any CPU
		{D525F236-6A2D-4010-B1CC-4A4B8581C90B}.AppStore|ARM.ActiveCfg = Release|Any CPU
		{D525F236-6A2D-4010-B1CC-4A4B8581C90B}.AppStore|ARM.Build.0 = Release|Any CPU
		{D525F236-6A2D-4010-B1CC-4A4B8581C90B}.AppStore|iPhone.ActiveCfg = Release|Any CPU
		{D525F236-6A2D-4010-B1CC-4A4B8581C90B}.AppStore|iPhone.Build.0 = Release|Any CPU
		{D525F236-6A2D-4010-B1CC-4A4B8581C90B}.AppStore|iPhoneSimulator.ActiveCfg = Release|Any CPU
		{D525F236-6A2D-4010-B1CC-4A4B8581C90B}.AppStore|iPhoneSimulator.Build.0 = Release|Any CPU
		{D525F236-6A2D-4010-B1CC-4A4B8581C90B}.AppStore|Mixed Platforms.ActiveCfg = Release|Any CPU
		{D525F236-6A2D-4010-B1CC-4A4B8581C90B}.AppStore|Mixed Platforms.Build.0 = Release|Any CPU
		{D525F236-6A2D-4010-B1CC-4A4B8581C90B}.AppStore|x86.ActiveCfg = Release|Any CPU
		{D525F236-6A2D-4010-B1CC-4A4B8581C90B}.AppStore|x86.Build.0 = Release|Any CPU
		{D525F236-6A2D-4010-B1CC-4A4B8581C90B}.Debug|Any CPU.ActiveCfg = Debug|Any CPU
		{D525F236-6A2D-4010-B1CC-4A4B8581C90B}.Debug|Any CPU.Build.0 = Debug|Any CPU
		{D525F236-6A2D-4010-B1CC-4A4B8581C90B}.Debug|ARM.ActiveCfg = Debug|Any CPU
		{D525F236-6A2D-4010-B1CC-4A4B8581C90B}.Debug|ARM.Build.0 = Debug|Any CPU
		{D525F236-6A2D-4010-B1CC-4A4B8581C90B}.Debug|iPhone.ActiveCfg = Debug|Any CPU
		{D525F236-6A2D-4010-B1CC-4A4B8581C90B}.Debug|iPhone.Build.0 = Debug|Any CPU
		{D525F236-6A2D-4010-B1CC-4A4B8581C90B}.Debug|iPhoneSimulator.ActiveCfg = Debug|Any CPU
		{D525F236-6A2D-4010-B1CC-4A4B8581C90B}.Debug|iPhoneSimulator.Build.0 = Debug|Any CPU
		{D525F236-6A2D-4010-B1CC-4A4B8581C90B}.Debug|Mixed Platforms.ActiveCfg = Debug|Any CPU
		{D525F236-6A2D-4010-B1CC-4A4B8581C90B}.Debug|Mixed Platforms.Build.0 = Debug|Any CPU
		{D525F236-6A2D-4010-B1CC-4A4B8581C90B}.Debug|x86.ActiveCfg = Debug|Any CPU
		{D525F236-6A2D-4010-B1CC-4A4B8581C90B}.Debug|x86.Build.0 = Debug|Any CPU
		{D525F236-6A2D-4010-B1CC-4A4B8581C90B}.Release|Any CPU.ActiveCfg = Release|Any CPU
		{D525F236-6A2D-4010-B1CC-4A4B8581C90B}.Release|Any CPU.Build.0 = Release|Any CPU
		{D525F236-6A2D-4010-B1CC-4A4B8581C90B}.Release|ARM.ActiveCfg = Release|Any CPU
		{D525F236-6A2D-4010-B1CC-4A4B8581C90B}.Release|ARM.Build.0 = Release|Any CPU
		{D525F236-6A2D-4010-B1CC-4A4B8581C90B}.Release|iPhone.ActiveCfg = Release|Any CPU
		{D525F236-6A2D-4010-B1CC-4A4B8581C90B}.Release|iPhone.Build.0 = Release|Any CPU
		{D525F236-6A2D-4010-B1CC-4A4B8581C90B}.Release|iPhoneSimulator.ActiveCfg = Release|Any CPU
		{D525F236-6A2D-4010-B1CC-4A4B8581C90B}.Release|iPhoneSimulator.Build.0 = Release|Any CPU
		{D525F236-6A2D-4010-B1CC-4A4B8581C90B}.Release|Mixed Platforms.ActiveCfg = Release|Any CPU
		{D525F236-6A2D-4010-B1CC-4A4B8581C90B}.Release|Mixed Platforms.Build.0 = Release|Any CPU
		{D525F236-6A2D-4010-B1CC-4A4B8581C90B}.Release|x86.ActiveCfg = Release|Any CPU
		{D525F236-6A2D-4010-B1CC-4A4B8581C90B}.Release|x86.Build.0 = Release|Any CPU
		{D525F236-6A2D-4010-B1CC-4A4B8581C90B}.WinPhoneRelease|Any CPU.ActiveCfg = WinPhoneRelease|Any CPU
		{D525F236-6A2D-4010-B1CC-4A4B8581C90B}.WinPhoneRelease|Any CPU.Build.0 = WinPhoneRelease|Any CPU
		{D525F236-6A2D-4010-B1CC-4A4B8581C90B}.WinPhoneRelease|ARM.ActiveCfg = WinPhoneRelease|Any CPU
		{D525F236-6A2D-4010-B1CC-4A4B8581C90B}.WinPhoneRelease|ARM.Build.0 = WinPhoneRelease|Any CPU
		{D525F236-6A2D-4010-B1CC-4A4B8581C90B}.WinPhoneRelease|iPhone.ActiveCfg = WinPhoneRelease|Any CPU
		{D525F236-6A2D-4010-B1CC-4A4B8581C90B}.WinPhoneRelease|iPhone.Build.0 = WinPhoneRelease|Any CPU
		{D525F236-6A2D-4010-B1CC-4A4B8581C90B}.WinPhoneRelease|iPhoneSimulator.ActiveCfg = WinPhoneRelease|Any CPU
		{D525F236-6A2D-4010-B1CC-4A4B8581C90B}.WinPhoneRelease|iPhoneSimulator.Build.0 = WinPhoneRelease|Any CPU
		{D525F236-6A2D-4010-B1CC-4A4B8581C90B}.WinPhoneRelease|Mixed Platforms.ActiveCfg = WinPhoneRelease|Any CPU
		{D525F236-6A2D-4010-B1CC-4A4B8581C90B}.WinPhoneRelease|Mixed Platforms.Build.0 = WinPhoneRelease|Any CPU
		{D525F236-6A2D-4010-B1CC-4A4B8581C90B}.WinPhoneRelease|x86.ActiveCfg = WinPhoneRelease|Any CPU
		{D525F236-6A2D-4010-B1CC-4A4B8581C90B}.WinPhoneRelease|x86.Build.0 = WinPhoneRelease|Any CPU
		{EBD9C7E2-C5C5-47E3-A7F0-6A6BC41FCC12}.Ad-Hoc|Any CPU.ActiveCfg = Release|Any CPU
		{EBD9C7E2-C5C5-47E3-A7F0-6A6BC41FCC12}.Ad-Hoc|Any CPU.Build.0 = Release|Any CPU
		{EBD9C7E2-C5C5-47E3-A7F0-6A6BC41FCC12}.Ad-Hoc|ARM.ActiveCfg = Release|Any CPU
		{EBD9C7E2-C5C5-47E3-A7F0-6A6BC41FCC12}.Ad-Hoc|ARM.Build.0 = Release|Any CPU
		{EBD9C7E2-C5C5-47E3-A7F0-6A6BC41FCC12}.Ad-Hoc|iPhone.ActiveCfg = Release|Any CPU
		{EBD9C7E2-C5C5-47E3-A7F0-6A6BC41FCC12}.Ad-Hoc|iPhone.Build.0 = Release|Any CPU
		{EBD9C7E2-C5C5-47E3-A7F0-6A6BC41FCC12}.Ad-Hoc|iPhoneSimulator.ActiveCfg = Release|Any CPU
		{EBD9C7E2-C5C5-47E3-A7F0-6A6BC41FCC12}.Ad-Hoc|iPhoneSimulator.Build.0 = Release|Any CPU
		{EBD9C7E2-C5C5-47E3-A7F0-6A6BC41FCC12}.Ad-Hoc|Mixed Platforms.ActiveCfg = Release|Any CPU
		{EBD9C7E2-C5C5-47E3-A7F0-6A6BC41FCC12}.Ad-Hoc|Mixed Platforms.Build.0 = Release|Any CPU
		{EBD9C7E2-C5C5-47E3-A7F0-6A6BC41FCC12}.Ad-Hoc|x86.ActiveCfg = Release|Any CPU
		{EBD9C7E2-C5C5-47E3-A7F0-6A6BC41FCC12}.Ad-Hoc|x86.Build.0 = Release|Any CPU
		{EBD9C7E2-C5C5-47E3-A7F0-6A6BC41FCC12}.AppStore|Any CPU.ActiveCfg = Release|Any CPU
		{EBD9C7E2-C5C5-47E3-A7F0-6A6BC41FCC12}.AppStore|Any CPU.Build.0 = Release|Any CPU
		{EBD9C7E2-C5C5-47E3-A7F0-6A6BC41FCC12}.AppStore|ARM.ActiveCfg = Release|Any CPU
		{EBD9C7E2-C5C5-47E3-A7F0-6A6BC41FCC12}.AppStore|ARM.Build.0 = Release|Any CPU
		{EBD9C7E2-C5C5-47E3-A7F0-6A6BC41FCC12}.AppStore|iPhone.ActiveCfg = Release|Any CPU
		{EBD9C7E2-C5C5-47E3-A7F0-6A6BC41FCC12}.AppStore|iPhone.Build.0 = Release|Any CPU
		{EBD9C7E2-C5C5-47E3-A7F0-6A6BC41FCC12}.AppStore|iPhoneSimulator.ActiveCfg = Release|Any CPU
		{EBD9C7E2-C5C5-47E3-A7F0-6A6BC41FCC12}.AppStore|iPhoneSimulator.Build.0 = Release|Any CPU
		{EBD9C7E2-C5C5-47E3-A7F0-6A6BC41FCC12}.AppStore|Mixed Platforms.ActiveCfg = Release|Any CPU
		{EBD9C7E2-C5C5-47E3-A7F0-6A6BC41FCC12}.AppStore|Mixed Platforms.Build.0 = Release|Any CPU
		{EBD9C7E2-C5C5-47E3-A7F0-6A6BC41FCC12}.AppStore|x86.ActiveCfg = Release|Any CPU
		{EBD9C7E2-C5C5-47E3-A7F0-6A6BC41FCC12}.AppStore|x86.Build.0 = Release|Any CPU
		{EBD9C7E2-C5C5-47E3-A7F0-6A6BC41FCC12}.Debug|Any CPU.ActiveCfg = Debug|Any CPU
		{EBD9C7E2-C5C5-47E3-A7F0-6A6BC41FCC12}.Debug|Any CPU.Build.0 = Debug|Any CPU
		{EBD9C7E2-C5C5-47E3-A7F0-6A6BC41FCC12}.Debug|ARM.ActiveCfg = Debug|Any CPU
		{EBD9C7E2-C5C5-47E3-A7F0-6A6BC41FCC12}.Debug|ARM.Build.0 = Debug|Any CPU
		{EBD9C7E2-C5C5-47E3-A7F0-6A6BC41FCC12}.Debug|iPhone.ActiveCfg = Debug|Any CPU
		{EBD9C7E2-C5C5-47E3-A7F0-6A6BC41FCC12}.Debug|iPhone.Build.0 = Debug|Any CPU
		{EBD9C7E2-C5C5-47E3-A7F0-6A6BC41FCC12}.Debug|iPhoneSimulator.ActiveCfg = Debug|Any CPU
		{EBD9C7E2-C5C5-47E3-A7F0-6A6BC41FCC12}.Debug|iPhoneSimulator.Build.0 = Debug|Any CPU
		{EBD9C7E2-C5C5-47E3-A7F0-6A6BC41FCC12}.Debug|Mixed Platforms.ActiveCfg = Debug|Any CPU
		{EBD9C7E2-C5C5-47E3-A7F0-6A6BC41FCC12}.Debug|Mixed Platforms.Build.0 = Debug|Any CPU
		{EBD9C7E2-C5C5-47E3-A7F0-6A6BC41FCC12}.Debug|x86.ActiveCfg = Debug|Any CPU
		{EBD9C7E2-C5C5-47E3-A7F0-6A6BC41FCC12}.Debug|x86.Build.0 = Debug|Any CPU
		{EBD9C7E2-C5C5-47E3-A7F0-6A6BC41FCC12}.Release|Any CPU.ActiveCfg = Release|Any CPU
		{EBD9C7E2-C5C5-47E3-A7F0-6A6BC41FCC12}.Release|Any CPU.Build.0 = Release|Any CPU
		{EBD9C7E2-C5C5-47E3-A7F0-6A6BC41FCC12}.Release|ARM.ActiveCfg = Release|Any CPU
		{EBD9C7E2-C5C5-47E3-A7F0-6A6BC41FCC12}.Release|ARM.Build.0 = Release|Any CPU
		{EBD9C7E2-C5C5-47E3-A7F0-6A6BC41FCC12}.Release|iPhone.ActiveCfg = Release|Any CPU
		{EBD9C7E2-C5C5-47E3-A7F0-6A6BC41FCC12}.Release|iPhone.Build.0 = Release|Any CPU
		{EBD9C7E2-C5C5-47E3-A7F0-6A6BC41FCC12}.Release|iPhoneSimulator.ActiveCfg = Release|Any CPU
		{EBD9C7E2-C5C5-47E3-A7F0-6A6BC41FCC12}.Release|iPhoneSimulator.Build.0 = Release|Any CPU
		{EBD9C7E2-C5C5-47E3-A7F0-6A6BC41FCC12}.Release|Mixed Platforms.ActiveCfg = Release|Any CPU
		{EBD9C7E2-C5C5-47E3-A7F0-6A6BC41FCC12}.Release|Mixed Platforms.Build.0 = Release|Any CPU
		{EBD9C7E2-C5C5-47E3-A7F0-6A6BC41FCC12}.Release|x86.ActiveCfg = Release|Any CPU
		{EBD9C7E2-C5C5-47E3-A7F0-6A6BC41FCC12}.Release|x86.Build.0 = Release|Any CPU
		{EBD9C7E2-C5C5-47E3-A7F0-6A6BC41FCC12}.WinPhoneRelease|Any CPU.ActiveCfg = WinPhoneRelease|Any CPU
		{EBD9C7E2-C5C5-47E3-A7F0-6A6BC41FCC12}.WinPhoneRelease|Any CPU.Build.0 = WinPhoneRelease|Any CPU
		{EBD9C7E2-C5C5-47E3-A7F0-6A6BC41FCC12}.WinPhoneRelease|ARM.ActiveCfg = WinPhoneRelease|Any CPU
		{EBD9C7E2-C5C5-47E3-A7F0-6A6BC41FCC12}.WinPhoneRelease|iPhone.ActiveCfg = WinPhoneRelease|Any CPU
		{EBD9C7E2-C5C5-47E3-A7F0-6A6BC41FCC12}.WinPhoneRelease|iPhoneSimulator.ActiveCfg = WinPhoneRelease|Any CPU
		{EBD9C7E2-C5C5-47E3-A7F0-6A6BC41FCC12}.WinPhoneRelease|Mixed Platforms.ActiveCfg = WinPhoneRelease|Any CPU
		{EBD9C7E2-C5C5-47E3-A7F0-6A6BC41FCC12}.WinPhoneRelease|Mixed Platforms.Build.0 = WinPhoneRelease|Any CPU
		{EBD9C7E2-C5C5-47E3-A7F0-6A6BC41FCC12}.WinPhoneRelease|x86.ActiveCfg = WinPhoneRelease|Any CPU
	EndGlobalSection
	GlobalSection(NestedProjects) = preSolution
		{EBD9C7E2-C5C5-47E3-A7F0-6A6BC41FCC12} = {69D62C9F-0FC1-47BA-80B1-92628ECD3622}
		{63BFB494-492C-42D1-A66C-68FAED7EB5C6} = {69D62C9F-0FC1-47BA-80B1-92628ECD3622}
		{937453F4-4FEC-45C9-8964-38971D0F3726} = {69D62C9F-0FC1-47BA-80B1-92628ECD3622}
		{90C968B7-E0B3-448F-89BD-49DA7BB2D3DA} = {69D62C9F-0FC1-47BA-80B1-92628ECD3622}
	EndGlobalSection
	GlobalSection(SolutionProperties) = preSolution
		HideSolutionNode = FALSE
	EndGlobalSection
EndGlobal
