
Microsoft Visual Studio Solution File, Format Version 12.00
# Visual Studio 2013
VisualStudioVersion = 12.0.31101.0
MinimumVisualStudioVersion = 10.0.40219.1
Project("{FAE04EC0-301F-11D3-BF4B-00C04F79EFBC}") = "SampleApp", "SampleApp\SampleApp\SampleApp.csproj", "{231B1F09-D7BC-400D-8383-D5C61C2EA598}"
EndProject
Project("{2150E333-8FDC-42A3-9474-1A3956D46DE8}") = "Sample App", "Sample App", "{957817D3-287C-4580-A988-677C40137BC5}"
EndProject
Project("{FAE04EC0-301F-11D3-BF4B-00C04F79EFBC}") = "SampleApp.Droid", "SampleApp\SampleApp.Droid\SampleApp.Droid.csproj", "{3330D13F-8EA2-4DAF-B03E-E4B467A29BEB}"
EndProject
Project("{FAE04EC0-301F-11D3-BF4B-00C04F79EFBC}") = "SampleApp.iOS", "SampleApp\SampleApp.iOS\SampleApp.iOS.csproj", "{D0B6B66C-220D-4909-B801-4E7DC2ADB3AB}"
EndProject
Project("{FAE04EC0-301F-11D3-BF4B-00C04F79EFBC}") = "SampleApp.WinPhone", "SampleApp\SampleApp.WinPhone\SampleApp.WinPhone.csproj", "{4BD60983-3FBD-4B35-A3A4-60BE48F9118F}"
EndProject
Project("{FAE04EC0-301F-11D3-BF4B-00C04F79EFBC}") = "UiTests", "StyleIdGenerator\UITests\UiTests\UiTests.csproj", "{238F898B-3F70-4F9C-8E00-EE9BB16A66C6}"
EndProject
Global
	GlobalSection(SolutionConfigurationPlatforms) = preSolution
		Ad-Hoc|Any CPU = Ad-Hoc|Any CPU
		Ad-Hoc|ARM = Ad-Hoc|ARM
		Ad-Hoc|iPhone = Ad-Hoc|iPhone
		Ad-Hoc|iPhoneSimulator = Ad-Hoc|iPhoneSimulator
		Ad-Hoc|Mixed Platforms = Ad-Hoc|Mixed Platforms
		Ad-Hoc|x86 = Ad-Hoc|x86
		AppStore|Any CPU = AppStore|Any CPU
		AppStore|ARM = AppStore|ARM
		AppStore|iPhone = AppStore|iPhone
		AppStore|iPhoneSimulator = AppStore|iPhoneSimulator
		AppStore|Mixed Platforms = AppStore|Mixed Platforms
		AppStore|x86 = AppStore|x86
		Debug|Any CPU = Debug|Any CPU
		Debug|ARM = Debug|ARM
		Debug|iPhone = Debug|iPhone
		Debug|iPhoneSimulator = Debug|iPhoneSimulator
		Debug|Mixed Platforms = Debug|Mixed Platforms
		Debug|x86 = Debug|x86
		Release|Any CPU = Release|Any CPU
		Release|ARM = Release|ARM
		Release|iPhone = Release|iPhone
		Release|iPhoneSimulator = Release|iPhoneSimulator
		Release|Mixed Platforms = Release|Mixed Platforms
		Release|x86 = Release|x86
	EndGlobalSection
	GlobalSection(ProjectConfigurationPlatforms) = postSolution
		{231B1F09-D7BC-400D-8383-D5C61C2EA598}.Ad-Hoc|Any CPU.ActiveCfg = Release|Any CPU
		{231B1F09-D7BC-400D-8383-D5C61C2EA598}.Ad-Hoc|Any CPU.Build.0 = Release|Any CPU
		{231B1F09-D7BC-400D-8383-D5C61C2EA598}.Ad-Hoc|ARM.ActiveCfg = Release|Any CPU
		{231B1F09-D7BC-400D-8383-D5C61C2EA598}.Ad-Hoc|iPhone.ActiveCfg = Release|Any CPU
		{231B1F09-D7BC-400D-8383-D5C61C2EA598}.Ad-Hoc|iPhoneSimulator.ActiveCfg = Release|Any CPU
		{231B1F09-D7BC-400D-8383-D5C61C2EA598}.Ad-Hoc|Mixed Platforms.ActiveCfg = Release|Any CPU
		{231B1F09-D7BC-400D-8383-D5C61C2EA598}.Ad-Hoc|Mixed Platforms.Build.0 = Release|Any CPU
		{231B1F09-D7BC-400D-8383-D5C61C2EA598}.Ad-Hoc|x86.ActiveCfg = Release|Any CPU
		{231B1F09-D7BC-400D-8383-D5C61C2EA598}.AppStore|Any CPU.ActiveCfg = Release|Any CPU
		{231B1F09-D7BC-400D-8383-D5C61C2EA598}.AppStore|Any CPU.Build.0 = Release|Any CPU
		{231B1F09-D7BC-400D-8383-D5C61C2EA598}.AppStore|ARM.ActiveCfg = Release|Any CPU
		{231B1F09-D7BC-400D-8383-D5C61C2EA598}.AppStore|iPhone.ActiveCfg = Release|Any CPU
		{231B1F09-D7BC-400D-8383-D5C61C2EA598}.AppStore|iPhoneSimulator.ActiveCfg = Release|Any CPU
		{231B1F09-D7BC-400D-8383-D5C61C2EA598}.AppStore|Mixed Platforms.ActiveCfg = Release|Any CPU
		{231B1F09-D7BC-400D-8383-D5C61C2EA598}.AppStore|Mixed Platforms.Build.0 = Release|Any CPU
		{231B1F09-D7BC-400D-8383-D5C61C2EA598}.AppStore|x86.ActiveCfg = Release|Any CPU
		{231B1F09-D7BC-400D-8383-D5C61C2EA598}.Debug|Any CPU.ActiveCfg = Debug|Any CPU
		{231B1F09-D7BC-400D-8383-D5C61C2EA598}.Debug|Any CPU.Build.0 = Debug|Any CPU
		{231B1F09-D7BC-400D-8383-D5C61C2EA598}.Debug|ARM.ActiveCfg = Debug|Any CPU
		{231B1F09-D7BC-400D-8383-D5C61C2EA598}.Debug|iPhone.ActiveCfg = Debug|Any CPU
		{231B1F09-D7BC-400D-8383-D5C61C2EA598}.Debug|iPhoneSimulator.ActiveCfg = Debug|Any CPU
		{231B1F09-D7BC-400D-8383-D5C61C2EA598}.Debug|Mixed Platforms.ActiveCfg = Debug|Any CPU
		{231B1F09-D7BC-400D-8383-D5C61C2EA598}.Debug|Mixed Platforms.Build.0 = Debug|Any CPU
		{231B1F09-D7BC-400D-8383-D5C61C2EA598}.Debug|x86.ActiveCfg = Debug|Any CPU
		{231B1F09-D7BC-400D-8383-D5C61C2EA598}.Release|Any CPU.ActiveCfg = Release|Any CPU
		{231B1F09-D7BC-400D-8383-D5C61C2EA598}.Release|Any CPU.Build.0 = Release|Any CPU
		{231B1F09-D7BC-400D-8383-D5C61C2EA598}.Release|ARM.ActiveCfg = Release|Any CPU
		{231B1F09-D7BC-400D-8383-D5C61C2EA598}.Release|iPhone.ActiveCfg = Release|Any CPU
		{231B1F09-D7BC-400D-8383-D5C61C2EA598}.Release|iPhoneSimulator.ActiveCfg = Release|Any CPU
		{231B1F09-D7BC-400D-8383-D5C61C2EA598}.Release|Mixed Platforms.ActiveCfg = Release|Any CPU
		{231B1F09-D7BC-400D-8383-D5C61C2EA598}.Release|Mixed Platforms.Build.0 = Release|Any CPU
		{231B1F09-D7BC-400D-8383-D5C61C2EA598}.Release|x86.ActiveCfg = Release|Any CPU
		{3330D13F-8EA2-4DAF-B03E-E4B467A29BEB}.Ad-Hoc|Any CPU.ActiveCfg = Release|Any CPU
		{3330D13F-8EA2-4DAF-B03E-E4B467A29BEB}.Ad-Hoc|Any CPU.Build.0 = Release|Any CPU
		{3330D13F-8EA2-4DAF-B03E-E4B467A29BEB}.Ad-Hoc|Any CPU.Deploy.0 = Release|Any CPU
		{3330D13F-8EA2-4DAF-B03E-E4B467A29BEB}.Ad-Hoc|ARM.ActiveCfg = Release|Any CPU
		{3330D13F-8EA2-4DAF-B03E-E4B467A29BEB}.Ad-Hoc|iPhone.ActiveCfg = Release|Any CPU
		{3330D13F-8EA2-4DAF-B03E-E4B467A29BEB}.Ad-Hoc|iPhoneSimulator.ActiveCfg = Release|Any CPU
		{3330D13F-8EA2-4DAF-B03E-E4B467A29BEB}.Ad-Hoc|Mixed Platforms.ActiveCfg = Release|Any CPU
		{3330D13F-8EA2-4DAF-B03E-E4B467A29BEB}.Ad-Hoc|Mixed Platforms.Build.0 = Release|Any CPU
		{3330D13F-8EA2-4DAF-B03E-E4B467A29BEB}.Ad-Hoc|Mixed Platforms.Deploy.0 = Release|Any CPU
		{3330D13F-8EA2-4DAF-B03E-E4B467A29BEB}.Ad-Hoc|x86.ActiveCfg = Release|Any CPU
		{3330D13F-8EA2-4DAF-B03E-E4B467A29BEB}.AppStore|Any CPU.ActiveCfg = Release|Any CPU
		{3330D13F-8EA2-4DAF-B03E-E4B467A29BEB}.AppStore|Any CPU.Build.0 = Release|Any CPU
		{3330D13F-8EA2-4DAF-B03E-E4B467A29BEB}.AppStore|Any CPU.Deploy.0 = Release|Any CPU
		{3330D13F-8EA2-4DAF-B03E-E4B467A29BEB}.AppStore|ARM.ActiveCfg = Release|Any CPU
		{3330D13F-8EA2-4DAF-B03E-E4B467A29BEB}.AppStore|iPhone.ActiveCfg = Release|Any CPU
		{3330D13F-8EA2-4DAF-B03E-E4B467A29BEB}.AppStore|iPhoneSimulator.ActiveCfg = Release|Any CPU
		{3330D13F-8EA2-4DAF-B03E-E4B467A29BEB}.AppStore|Mixed Platforms.ActiveCfg = Release|Any CPU
		{3330D13F-8EA2-4DAF-B03E-E4B467A29BEB}.AppStore|Mixed Platforms.Build.0 = Release|Any CPU
		{3330D13F-8EA2-4DAF-B03E-E4B467A29BEB}.AppStore|Mixed Platforms.Deploy.0 = Release|Any CPU
		{3330D13F-8EA2-4DAF-B03E-E4B467A29BEB}.AppStore|x86.ActiveCfg = Release|Any CPU
		{3330D13F-8EA2-4DAF-B03E-E4B467A29BEB}.Debug|Any CPU.ActiveCfg = Debug|Any CPU
		{3330D13F-8EA2-4DAF-B03E-E4B467A29BEB}.Debug|Any CPU.Build.0 = Debug|Any CPU
		{3330D13F-8EA2-4DAF-B03E-E4B467A29BEB}.Debug|Any CPU.Deploy.0 = Debug|Any CPU
		{3330D13F-8EA2-4DAF-B03E-E4B467A29BEB}.Debug|ARM.ActiveCfg = Debug|Any CPU
		{3330D13F-8EA2-4DAF-B03E-E4B467A29BEB}.Debug|iPhone.ActiveCfg = Debug|Any CPU
		{3330D13F-8EA2-4DAF-B03E-E4B467A29BEB}.Debug|iPhoneSimulator.ActiveCfg = Debug|Any CPU
		{3330D13F-8EA2-4DAF-B03E-E4B467A29BEB}.Debug|Mixed Platforms.ActiveCfg = Debug|Any CPU
		{3330D13F-8EA2-4DAF-B03E-E4B467A29BEB}.Debug|Mixed Platforms.Build.0 = Debug|Any CPU
		{3330D13F-8EA2-4DAF-B03E-E4B467A29BEB}.Debug|Mixed Platforms.Deploy.0 = Debug|Any CPU
		{3330D13F-8EA2-4DAF-B03E-E4B467A29BEB}.Debug|x86.ActiveCfg = Debug|Any CPU
		{3330D13F-8EA2-4DAF-B03E-E4B467A29BEB}.Release|Any CPU.ActiveCfg = Release|Any CPU
		{3330D13F-8EA2-4DAF-B03E-E4B467A29BEB}.Release|Any CPU.Build.0 = Release|Any CPU
		{3330D13F-8EA2-4DAF-B03E-E4B467A29BEB}.Release|Any CPU.Deploy.0 = Release|Any CPU
		{3330D13F-8EA2-4DAF-B03E-E4B467A29BEB}.Release|ARM.ActiveCfg = Release|Any CPU
		{3330D13F-8EA2-4DAF-B03E-E4B467A29BEB}.Release|iPhone.ActiveCfg = Release|Any CPU
		{3330D13F-8EA2-4DAF-B03E-E4B467A29BEB}.Release|iPhoneSimulator.ActiveCfg = Release|Any CPU
		{3330D13F-8EA2-4DAF-B03E-E4B467A29BEB}.Release|Mixed Platforms.ActiveCfg = Release|Any CPU
		{3330D13F-8EA2-4DAF-B03E-E4B467A29BEB}.Release|Mixed Platforms.Build.0 = Release|Any CPU
		{3330D13F-8EA2-4DAF-B03E-E4B467A29BEB}.Release|Mixed Platforms.Deploy.0 = Release|Any CPU
		{3330D13F-8EA2-4DAF-B03E-E4B467A29BEB}.Release|x86.ActiveCfg = Release|Any CPU
		{D0B6B66C-220D-4909-B801-4E7DC2ADB3AB}.Ad-Hoc|Any CPU.ActiveCfg = Ad-Hoc|iPhone
		{D0B6B66C-220D-4909-B801-4E7DC2ADB3AB}.Ad-Hoc|ARM.ActiveCfg = Ad-Hoc|iPhone
		{D0B6B66C-220D-4909-B801-4E7DC2ADB3AB}.Ad-Hoc|iPhone.ActiveCfg = Ad-Hoc|iPhone
		{D0B6B66C-220D-4909-B801-4E7DC2ADB3AB}.Ad-Hoc|iPhone.Build.0 = Ad-Hoc|iPhone
		{D0B6B66C-220D-4909-B801-4E7DC2ADB3AB}.Ad-Hoc|iPhoneSimulator.ActiveCfg = Ad-Hoc|iPhoneSimulator
		{D0B6B66C-220D-4909-B801-4E7DC2ADB3AB}.Ad-Hoc|iPhoneSimulator.Build.0 = Ad-Hoc|iPhoneSimulator
		{D0B6B66C-220D-4909-B801-4E7DC2ADB3AB}.Ad-Hoc|Mixed Platforms.ActiveCfg = Ad-Hoc|iPhone
		{D0B6B66C-220D-4909-B801-4E7DC2ADB3AB}.Ad-Hoc|Mixed Platforms.Build.0 = Ad-Hoc|iPhone
		{D0B6B66C-220D-4909-B801-4E7DC2ADB3AB}.Ad-Hoc|x86.ActiveCfg = Ad-Hoc|iPhone
		{D0B6B66C-220D-4909-B801-4E7DC2ADB3AB}.AppStore|Any CPU.ActiveCfg = AppStore|iPhone
		{D0B6B66C-220D-4909-B801-4E7DC2ADB3AB}.AppStore|ARM.ActiveCfg = AppStore|iPhone
		{D0B6B66C-220D-4909-B801-4E7DC2ADB3AB}.AppStore|iPhone.ActiveCfg = AppStore|iPhone
		{D0B6B66C-220D-4909-B801-4E7DC2ADB3AB}.AppStore|iPhone.Build.0 = AppStore|iPhone
		{D0B6B66C-220D-4909-B801-4E7DC2ADB3AB}.AppStore|iPhoneSimulator.ActiveCfg = AppStore|iPhoneSimulator
		{D0B6B66C-220D-4909-B801-4E7DC2ADB3AB}.AppStore|iPhoneSimulator.Build.0 = AppStore|iPhoneSimulator
		{D0B6B66C-220D-4909-B801-4E7DC2ADB3AB}.AppStore|Mixed Platforms.ActiveCfg = AppStore|iPhone
		{D0B6B66C-220D-4909-B801-4E7DC2ADB3AB}.AppStore|Mixed Platforms.Build.0 = AppStore|iPhone
		{D0B6B66C-220D-4909-B801-4E7DC2ADB3AB}.AppStore|x86.ActiveCfg = AppStore|iPhone
		{D0B6B66C-220D-4909-B801-4E7DC2ADB3AB}.Debug|Any CPU.ActiveCfg = Debug|iPhone
		{D0B6B66C-220D-4909-B801-4E7DC2ADB3AB}.Debug|ARM.ActiveCfg = Debug|iPhone
		{D0B6B66C-220D-4909-B801-4E7DC2ADB3AB}.Debug|iPhone.ActiveCfg = Debug|iPhone
		{D0B6B66C-220D-4909-B801-4E7DC2ADB3AB}.Debug|iPhone.Build.0 = Debug|iPhone
		{D0B6B66C-220D-4909-B801-4E7DC2ADB3AB}.Debug|iPhoneSimulator.ActiveCfg = Debug|iPhoneSimulator
		{D0B6B66C-220D-4909-B801-4E7DC2ADB3AB}.Debug|iPhoneSimulator.Build.0 = Debug|iPhoneSimulator
		{D0B6B66C-220D-4909-B801-4E7DC2ADB3AB}.Debug|Mixed Platforms.ActiveCfg = Debug|iPhone
		{D0B6B66C-220D-4909-B801-4E7DC2ADB3AB}.Debug|Mixed Platforms.Build.0 = Debug|iPhone
		{D0B6B66C-220D-4909-B801-4E7DC2ADB3AB}.Debug|x86.ActiveCfg = Debug|iPhone
		{D0B6B66C-220D-4909-B801-4E7DC2ADB3AB}.Release|Any CPU.ActiveCfg = Release|iPhone
		{D0B6B66C-220D-4909-B801-4E7DC2ADB3AB}.Release|ARM.ActiveCfg = Release|iPhone
		{D0B6B66C-220D-4909-B801-4E7DC2ADB3AB}.Release|iPhone.ActiveCfg = Release|iPhone
		{D0B6B66C-220D-4909-B801-4E7DC2ADB3AB}.Release|iPhone.Build.0 = Release|iPhone
		{D0B6B66C-220D-4909-B801-4E7DC2ADB3AB}.Release|iPhoneSimulator.ActiveCfg = Release|iPhoneSimulator
		{D0B6B66C-220D-4909-B801-4E7DC2ADB3AB}.Release|iPhoneSimulator.Build.0 = Release|iPhoneSimulator
		{D0B6B66C-220D-4909-B801-4E7DC2ADB3AB}.Release|Mixed Platforms.ActiveCfg = Release|iPhone
		{D0B6B66C-220D-4909-B801-4E7DC2ADB3AB}.Release|Mixed Platforms.Build.0 = Release|iPhone
		{D0B6B66C-220D-4909-B801-4E7DC2ADB3AB}.Release|x86.ActiveCfg = Release|iPhone
		{4BD60983-3FBD-4B35-A3A4-60BE48F9118F}.Ad-Hoc|Any CPU.ActiveCfg = Release|Any CPU
		{4BD60983-3FBD-4B35-A3A4-60BE48F9118F}.Ad-Hoc|Any CPU.Build.0 = Release|Any CPU
		{4BD60983-3FBD-4B35-A3A4-60BE48F9118F}.Ad-Hoc|Any CPU.Deploy.0 = Release|Any CPU
		{4BD60983-3FBD-4B35-A3A4-60BE48F9118F}.Ad-Hoc|ARM.ActiveCfg = Release|ARM
		{4BD60983-3FBD-4B35-A3A4-60BE48F9118F}.Ad-Hoc|ARM.Build.0 = Release|ARM
		{4BD60983-3FBD-4B35-A3A4-60BE48F9118F}.Ad-Hoc|ARM.Deploy.0 = Release|ARM
		{4BD60983-3FBD-4B35-A3A4-60BE48F9118F}.Ad-Hoc|iPhone.ActiveCfg = Release|Any CPU
		{4BD60983-3FBD-4B35-A3A4-60BE48F9118F}.Ad-Hoc|iPhoneSimulator.ActiveCfg = Release|Any CPU
		{4BD60983-3FBD-4B35-A3A4-60BE48F9118F}.Ad-Hoc|Mixed Platforms.ActiveCfg = Release|x86
		{4BD60983-3FBD-4B35-A3A4-60BE48F9118F}.Ad-Hoc|Mixed Platforms.Build.0 = Release|x86
		{4BD60983-3FBD-4B35-A3A4-60BE48F9118F}.Ad-Hoc|Mixed Platforms.Deploy.0 = Release|x86
		{4BD60983-3FBD-4B35-A3A4-60BE48F9118F}.Ad-Hoc|x86.ActiveCfg = Release|x86
		{4BD60983-3FBD-4B35-A3A4-60BE48F9118F}.Ad-Hoc|x86.Build.0 = Release|x86
		{4BD60983-3FBD-4B35-A3A4-60BE48F9118F}.Ad-Hoc|x86.Deploy.0 = Release|x86
		{4BD60983-3FBD-4B35-A3A4-60BE48F9118F}.AppStore|Any CPU.ActiveCfg = Release|Any CPU
		{4BD60983-3FBD-4B35-A3A4-60BE48F9118F}.AppStore|Any CPU.Build.0 = Release|Any CPU
		{4BD60983-3FBD-4B35-A3A4-60BE48F9118F}.AppStore|Any CPU.Deploy.0 = Release|Any CPU
		{4BD60983-3FBD-4B35-A3A4-60BE48F9118F}.AppStore|ARM.ActiveCfg = Release|ARM
		{4BD60983-3FBD-4B35-A3A4-60BE48F9118F}.AppStore|ARM.Build.0 = Release|ARM
		{4BD60983-3FBD-4B35-A3A4-60BE48F9118F}.AppStore|ARM.Deploy.0 = Release|ARM
		{4BD60983-3FBD-4B35-A3A4-60BE48F9118F}.AppStore|iPhone.ActiveCfg = Release|Any CPU
		{4BD60983-3FBD-4B35-A3A4-60BE48F9118F}.AppStore|iPhoneSimulator.ActiveCfg = Release|Any CPU
		{4BD60983-3FBD-4B35-A3A4-60BE48F9118F}.AppStore|Mixed Platforms.ActiveCfg = Release|x86
		{4BD60983-3FBD-4B35-A3A4-60BE48F9118F}.AppStore|Mixed Platforms.Build.0 = Release|x86
		{4BD60983-3FBD-4B35-A3A4-60BE48F9118F}.AppStore|Mixed Platforms.Deploy.0 = Release|x86
		{4BD60983-3FBD-4B35-A3A4-60BE48F9118F}.AppStore|x86.ActiveCfg = Release|x86
		{4BD60983-3FBD-4B35-A3A4-60BE48F9118F}.AppStore|x86.Build.0 = Release|x86
		{4BD60983-3FBD-4B35-A3A4-60BE48F9118F}.AppStore|x86.Deploy.0 = Release|x86
		{4BD60983-3FBD-4B35-A3A4-60BE48F9118F}.Debug|Any CPU.ActiveCfg = Debug|Any CPU
		{4BD60983-3FBD-4B35-A3A4-60BE48F9118F}.Debug|Any CPU.Build.0 = Debug|Any CPU
		{4BD60983-3FBD-4B35-A3A4-60BE48F9118F}.Debug|Any CPU.Deploy.0 = Debug|Any CPU
		{4BD60983-3FBD-4B35-A3A4-60BE48F9118F}.Debug|ARM.ActiveCfg = Debug|ARM
		{4BD60983-3FBD-4B35-A3A4-60BE48F9118F}.Debug|ARM.Build.0 = Debug|ARM
		{4BD60983-3FBD-4B35-A3A4-60BE48F9118F}.Debug|ARM.Deploy.0 = Debug|ARM
		{4BD60983-3FBD-4B35-A3A4-60BE48F9118F}.Debug|iPhone.ActiveCfg = Debug|Any CPU
		{4BD60983-3FBD-4B35-A3A4-60BE48F9118F}.Debug|iPhoneSimulator.ActiveCfg = Debug|Any CPU
		{4BD60983-3FBD-4B35-A3A4-60BE48F9118F}.Debug|Mixed Platforms.ActiveCfg = Debug|x86
		{4BD60983-3FBD-4B35-A3A4-60BE48F9118F}.Debug|Mixed Platforms.Build.0 = Debug|x86
		{4BD60983-3FBD-4B35-A3A4-60BE48F9118F}.Debug|Mixed Platforms.Deploy.0 = Debug|x86
		{4BD60983-3FBD-4B35-A3A4-60BE48F9118F}.Debug|x86.ActiveCfg = Debug|x86
		{4BD60983-3FBD-4B35-A3A4-60BE48F9118F}.Debug|x86.Build.0 = Debug|x86
		{4BD60983-3FBD-4B35-A3A4-60BE48F9118F}.Debug|x86.Deploy.0 = Debug|x86
		{4BD60983-3FBD-4B35-A3A4-60BE48F9118F}.Release|Any CPU.ActiveCfg = Release|Any CPU
		{4BD60983-3FBD-4B35-A3A4-60BE48F9118F}.Release|Any CPU.Build.0 = Release|Any CPU
		{4BD60983-3FBD-4B35-A3A4-60BE48F9118F}.Release|Any CPU.Deploy.0 = Release|Any CPU
		{4BD60983-3FBD-4B35-A3A4-60BE48F9118F}.Release|ARM.ActiveCfg = Release|ARM
		{4BD60983-3FBD-4B35-A3A4-60BE48F9118F}.Release|ARM.Build.0 = Release|ARM
		{4BD60983-3FBD-4B35-A3A4-60BE48F9118F}.Release|ARM.Deploy.0 = Release|ARM
		{4BD60983-3FBD-4B35-A3A4-60BE48F9118F}.Release|iPhone.ActiveCfg = Release|Any CPU
		{4BD60983-3FBD-4B35-A3A4-60BE48F9118F}.Release|iPhoneSimulator.ActiveCfg = Release|Any CPU
		{4BD60983-3FBD-4B35-A3A4-60BE48F9118F}.Release|Mixed Platforms.ActiveCfg = Release|x86
		{4BD60983-3FBD-4B35-A3A4-60BE48F9118F}.Release|Mixed Platforms.Build.0 = Release|x86
		{4BD60983-3FBD-4B35-A3A4-60BE48F9118F}.Release|Mixed Platforms.Deploy.0 = Release|x86
		{4BD60983-3FBD-4B35-A3A4-60BE48F9118F}.Release|x86.ActiveCfg = Release|x86
		{4BD60983-3FBD-4B35-A3A4-60BE48F9118F}.Release|x86.Build.0 = Release|x86
		{4BD60983-3FBD-4B35-A3A4-60BE48F9118F}.Release|x86.Deploy.0 = Release|x86
		{238F898B-3F70-4F9C-8E00-EE9BB16A66C6}.Ad-Hoc|Any CPU.ActiveCfg = Release|Any CPU
		{238F898B-3F70-4F9C-8E00-EE9BB16A66C6}.Ad-Hoc|Any CPU.Build.0 = Release|Any CPU
		{238F898B-3F70-4F9C-8E00-EE9BB16A66C6}.Ad-Hoc|ARM.ActiveCfg = Release|Any CPU
		{238F898B-3F70-4F9C-8E00-EE9BB16A66C6}.Ad-Hoc|iPhone.ActiveCfg = Release|Any CPU
		{238F898B-3F70-4F9C-8E00-EE9BB16A66C6}.Ad-Hoc|iPhoneSimulator.ActiveCfg = Release|Any CPU
		{238F898B-3F70-4F9C-8E00-EE9BB16A66C6}.Ad-Hoc|Mixed Platforms.ActiveCfg = Release|Any CPU
		{238F898B-3F70-4F9C-8E00-EE9BB16A66C6}.Ad-Hoc|Mixed Platforms.Build.0 = Release|Any CPU
		{238F898B-3F70-4F9C-8E00-EE9BB16A66C6}.Ad-Hoc|x86.ActiveCfg = Release|Any CPU
		{238F898B-3F70-4F9C-8E00-EE9BB16A66C6}.AppStore|Any CPU.ActiveCfg = Release|Any CPU
		{238F898B-3F70-4F9C-8E00-EE9BB16A66C6}.AppStore|Any CPU.Build.0 = Release|Any CPU
		{238F898B-3F70-4F9C-8E00-EE9BB16A66C6}.AppStore|ARM.ActiveCfg = Release|Any CPU
		{238F898B-3F70-4F9C-8E00-EE9BB16A66C6}.AppStore|iPhone.ActiveCfg = Release|Any CPU
		{238F898B-3F70-4F9C-8E00-EE9BB16A66C6}.AppStore|iPhoneSimulator.ActiveCfg = Release|Any CPU
		{238F898B-3F70-4F9C-8E00-EE9BB16A66C6}.AppStore|Mixed Platforms.ActiveCfg = Release|Any CPU
		{238F898B-3F70-4F9C-8E00-EE9BB16A66C6}.AppStore|Mixed Platforms.Build.0 = Release|Any CPU
		{238F898B-3F70-4F9C-8E00-EE9BB16A66C6}.AppStore|x86.ActiveCfg = Release|Any CPU
		{238F898B-3F70-4F9C-8E00-EE9BB16A66C6}.Debug|Any CPU.ActiveCfg = Debug|Any CPU
		{238F898B-3F70-4F9C-8E00-EE9BB16A66C6}.Debug|Any CPU.Build.0 = Debug|Any CPU
		{238F898B-3F70-4F9C-8E00-EE9BB16A66C6}.Debug|ARM.ActiveCfg = Debug|Any CPU
		{238F898B-3F70-4F9C-8E00-EE9BB16A66C6}.Debug|iPhone.ActiveCfg = Debug|Any CPU
		{238F898B-3F70-4F9C-8E00-EE9BB16A66C6}.Debug|iPhoneSimulator.ActiveCfg = Debug|Any CPU
		{238F898B-3F70-4F9C-8E00-EE9BB16A66C6}.Debug|Mixed Platforms.ActiveCfg = Debug|Any CPU
		{238F898B-3F70-4F9C-8E00-EE9BB16A66C6}.Debug|Mixed Platforms.Build.0 = Debug|Any CPU
		{238F898B-3F70-4F9C-8E00-EE9BB16A66C6}.Debug|x86.ActiveCfg = Debug|Any CPU
		{238F898B-3F70-4F9C-8E00-EE9BB16A66C6}.Release|Any CPU.ActiveCfg = Release|Any CPU
		{238F898B-3F70-4F9C-8E00-EE9BB16A66C6}.Release|Any CPU.Build.0 = Release|Any CPU
		{238F898B-3F70-4F9C-8E00-EE9BB16A66C6}.Release|ARM.ActiveCfg = Release|Any CPU
		{238F898B-3F70-4F9C-8E00-EE9BB16A66C6}.Release|iPhone.ActiveCfg = Release|Any CPU
		{238F898B-3F70-4F9C-8E00-EE9BB16A66C6}.Release|iPhoneSimulator.ActiveCfg = Release|Any CPU
		{238F898B-3F70-4F9C-8E00-EE9BB16A66C6}.Release|Mixed Platforms.ActiveCfg = Release|Any CPU
		{238F898B-3F70-4F9C-8E00-EE9BB16A66C6}.Release|Mixed Platforms.Build.0 = Release|Any CPU
		{238F898B-3F70-4F9C-8E00-EE9BB16A66C6}.Release|x86.ActiveCfg = Release|Any CPU
	EndGlobalSection
	GlobalSection(SolutionProperties) = preSolution
		HideSolutionNode = FALSE
	EndGlobalSection
	GlobalSection(NestedProjects) = preSolution
		{231B1F09-D7BC-400D-8383-D5C61C2EA598} = {957817D3-287C-4580-A988-677C40137BC5}
		{3330D13F-8EA2-4DAF-B03E-E4B467A29BEB} = {957817D3-287C-4580-A988-677C40137BC5}
		{D0B6B66C-220D-4909-B801-4E7DC2ADB3AB} = {957817D3-287C-4580-A988-677C40137BC5}
		{4BD60983-3FBD-4B35-A3A4-60BE48F9118F} = {957817D3-287C-4580-A988-677C40137BC5}
	EndGlobalSection
EndGlobal
